<?xml version="1.0" encoding="UTF-8"?>
<!DOCTYPE plist PUBLIC "-//Apple//DTD PLIST 1.0//EN" "http://www.apple.com/DTDs/PropertyList-1.0.dtd">
<plist version="1.0">
<dict>
	<key>archiveVersion</key>
	<string>1</string>
	<key>classes</key>
	<dict/>
	<key>objectVersion</key>
	<string>46</string>
	<key>objects</key>
	<dict>
		<key>002C4EFC9B91BD9D6809520F</key>
		<dict>
			<key>fileRef</key>
			<string>C1D617F21CDA9A67DD1E82EE</string>
			<key>isa</key>
			<string>PBXBuildFile</string>
		</dict>
		<key>003FBDC313BF95D6E664B9E5</key>
		<dict>
			<key>fileRef</key>
			<string>F6CF091462787D60B0F0CE76</string>
			<key>isa</key>
			<string>PBXBuildFile</string>
		</dict>
		<key>05433AEE674C20FB3083A6A5</key>
		<dict>
			<key>includeInIndex</key>
			<string>1</string>
			<key>isa</key>
			<string>PBXFileReference</string>
			<key>lastKnownFileType</key>
			<string>sourcecode.swift</string>
			<key>path</key>
			<string>NNEmptyDetailInteractor.swift</string>
			<key>sourceTree</key>
			<string>&lt;group&gt;</string>
		</dict>
		<key>06EA4759A9ABE69ED7094A58</key>
		<dict>
			<key>includeInIndex</key>
			<string>1</string>
			<key>isa</key>
			<string>PBXFileReference</string>
			<key>lastKnownFileType</key>
			<string>sourcecode.swift</string>
			<key>path</key>
			<string>NNDetailInteractor.swift</string>
			<key>sourceTree</key>
			<string>&lt;group&gt;</string>
		</dict>
		<key>078266C22331F40E150285B0</key>
		<dict>
			<key>children</key>
			<array>
				<string>628EC75C2828BA3D176DE411</string>
				<string>876304B2972D1AE4F44FE1F7</string>
			</array>
			<key>isa</key>
			<string>PBXGroup</string>
			<key>path</key>
			<string>Application Logic</string>
			<key>sourceTree</key>
			<string>&lt;group&gt;</string>
		</dict>
		<key>08AD820FB5C336CBBB02F434</key>
		<dict>
			<key>children</key>
			<array>
				<string>3C08B0DAF1367F50C94EF529</string>
			</array>
			<key>isa</key>
			<string>PBXGroup</string>
			<key>path</key>
			<string>Interactor</string>
			<key>sourceTree</key>
			<string>&lt;group&gt;</string>
		</dict>
		<key>0AF8D6236A4A66FE3B410B76</key>
		<dict>
			<key>includeInIndex</key>
			<string>1</string>
			<key>isa</key>
			<string>PBXFileReference</string>
			<key>lastKnownFileType</key>
			<string>sourcecode.swift</string>
			<key>path</key>
			<string>NNSplitPresenter.swift</string>
			<key>sourceTree</key>
			<string>&lt;group&gt;</string>
		</dict>
		<key>0CEA961FF51C8613BB1B349B</key>
		<dict>
			<key>children</key>
			<array>
				<string>6077B4BA61A8D0E2F396F837</string>
				<string>B456C0727AC37E7C7C674DF4</string>
				<string>8DC67D60FF7073953FA651F4</string>
			</array>
			<key>isa</key>
			<string>PBXGroup</string>
			<key>path</key>
			<string>Detail</string>
			<key>sourceTree</key>
			<string>&lt;group&gt;</string>
		</dict>
		<key>0D5C5175A2F2795FD1E16114</key>
		<dict>
			<key>children</key>
			<array>
				<string>6432CCA6BFD0FB7B986E47AB</string>
			</array>
			<key>isa</key>
			<string>PBXGroup</string>
			<key>path</key>
			<string>Model</string>
			<key>sourceTree</key>
			<string>&lt;group&gt;</string>
		</dict>
		<key>1B0D2FCA816A1D77EABE5ADF</key>
		<dict>
			<key>children</key>
			<array>
				<string>55F45C5643C77130EBAF8904</string>
			</array>
			<key>isa</key>
			<string>PBXGroup</string>
			<key>path</key>
			<string>Model</string>
			<key>sourceTree</key>
			<string>&lt;group&gt;</string>
		</dict>
		<key>1DF2384B1CB24DB700FFEFA5</key>
		<dict>
			<key>children</key>
			<array>
				<string>1DF238561CB24DB700FFEFA5</string>
				<string>1DF2386B1CB24DB700FFEFA5</string>
				<string>1DF238761CB24DB700FFEFA5</string>
				<string>1DF238551CB24DB700FFEFA5</string>
			</array>
			<key>isa</key>
			<string>PBXGroup</string>
			<key>sourceTree</key>
			<string>&lt;group&gt;</string>
		</dict>
		<key>1DF2384C1CB24DB700FFEFA5</key>
		<dict>
			<key>attributes</key>
			<dict>
				<key>LastSwiftUpdateCheck</key>
				<string>0730</string>
				<key>LastUpgradeCheck</key>
				<string>0730</string>
				<key>ORGANIZATIONNAME</key>
				<string>NoName</string>
				<key>TargetAttributes</key>
				<dict>
					<key>1DF238531CB24DB700FFEFA5</key>
					<dict>
						<key>CreatedOnToolsVersion</key>
						<string>7.3</string>
					</dict>
					<key>1DF238671CB24DB700FFEFA5</key>
					<dict>
						<key>CreatedOnToolsVersion</key>
						<string>7.3</string>
						<key>TestTargetID</key>
						<string>1DF238531CB24DB700FFEFA5</string>
					</dict>
					<key>1DF238721CB24DB700FFEFA5</key>
					<dict>
						<key>CreatedOnToolsVersion</key>
						<string>7.3</string>
						<key>TestTargetID</key>
						<string>1DF238531CB24DB700FFEFA5</string>
					</dict>
				</dict>
			</dict>
			<key>buildConfigurationList</key>
			<string>1DF2384F1CB24DB700FFEFA5</string>
			<key>compatibilityVersion</key>
			<string>Xcode 3.2</string>
			<key>developmentRegion</key>
			<string>English</string>
			<key>hasScannedForEncodings</key>
			<string>0</string>
			<key>isa</key>
			<string>PBXProject</string>
			<key>knownRegions</key>
			<array>
				<string>en</string>
				<string>Base</string>
			</array>
			<key>mainGroup</key>
			<string>1DF2384B1CB24DB700FFEFA5</string>
			<key>productRefGroup</key>
			<string>1DF238551CB24DB700FFEFA5</string>
			<key>projectDirPath</key>
			<string></string>
			<key>projectReferences</key>
			<array/>
			<key>projectRoot</key>
			<string></string>
			<key>targets</key>
			<array>
				<string>1DF238531CB24DB700FFEFA5</string>
				<string>1DF238671CB24DB700FFEFA5</string>
				<string>1DF238721CB24DB700FFEFA5</string>
			</array>
		</dict>
		<key>1DF2384F1CB24DB700FFEFA5</key>
		<dict>
			<key>buildConfigurations</key>
			<array>
				<string>1DF2387A1CB24DB700FFEFA5</string>
				<string>1DF2387B1CB24DB700FFEFA5</string>
			</array>
			<key>defaultConfigurationIsVisible</key>
			<string>0</string>
			<key>defaultConfigurationName</key>
			<string>Release</string>
			<key>isa</key>
			<string>XCConfigurationList</string>
		</dict>
		<key>1DF238501CB24DB700FFEFA5</key>
		<dict>
			<key>buildActionMask</key>
			<string>2147483647</string>
			<key>files</key>
			<array>
				<string>1DF238581CB24DB700FFEFA5</string>
				<string>EBF86BEF8E94FB3FAE22749A</string>
				<string>1EB4638931725A6FD6D1B512</string>
				<string>591352B7C5CBA681F41F3136</string>
				<string>C581F17A637F2B3511BB0448</string>
				<string>B5067E8C305902510BF309C9</string>
				<string>A9E57799158C55467B62E0B9</string>
				<string>2F416B2BB0ADEA63C2BC46FE</string>
				<string>7CE952700AB1BD1B7D99D217</string>
				<string>8B02E18C61C6767F3B976A1D</string>
				<string>85F2BDBB97695F43C567F11D</string>
				<string>27D189D3401AA4C4E0C4D625</string>
				<string>DBF4C0F1D80DFA1E3F62970B</string>
				<string>B046AB5179556E45B0B54A26</string>
				<string>3B42E87F6BC8336FF6E57AE5</string>
				<string>DE1FA057C239CC5333F546FF</string>
				<string>7C32C0EB94A6021862BBF448</string>
				<string>5EFB1C50F235A913BD08DAB8</string>
				<string>F25126AB870974E19D6ADF36</string>
				<string>C513232EDE2F2AFC92E4A1B2</string>
				<string>2588DA3573A5BD7281A9CC45</string>
				<string>003FBDC313BF95D6E664B9E5</string>
				<string>5951C2FEE9012E8C34476AB5</string>
				<string>FC467E581459C356932AB744</string>
				<string>20D08AB9E2385E4D70B9B0B5</string>
				<string>8A4ECEBB00F86D4C02C06BEF</string>
				<string>DA5DEE0A4C4F7AFCF331AC47</string>
				<string>002C4EFC9B91BD9D6809520F</string>
				<string>B644D8F27425E18F249A71AF</string>
			</array>
			<key>isa</key>
			<string>PBXSourcesBuildPhase</string>
			<key>runOnlyForDeploymentPostprocessing</key>
			<string>0</string>
		</dict>
		<key>1DF238511CB24DB700FFEFA5</key>
		<dict>
			<key>buildActionMask</key>
			<string>2147483647</string>
			<key>files</key>
			<array/>
			<key>isa</key>
			<string>PBXFrameworksBuildPhase</string>
			<key>runOnlyForDeploymentPostprocessing</key>
			<string>0</string>
		</dict>
		<key>1DF238521CB24DB700FFEFA5</key>
		<dict>
			<key>buildActionMask</key>
			<string>2147483647</string>
			<key>files</key>
			<array>
				<string>1DF238621CB24DB700FFEFA5</string>
				<string>1DF2385F1CB24DB700FFEFA5</string>
				<string>59E5A1D5DD42357871B08229</string>
				<string>47FE500E918E71EDD6C7B84A</string>
				<string>44875217E8B8EBD2B9E76975</string>
				<string>2B0BB6EDCA182BD9D12FA6B7</string>
			</array>
			<key>isa</key>
			<string>PBXResourcesBuildPhase</string>
			<key>runOnlyForDeploymentPostprocessing</key>
			<string>0</string>
		</dict>
		<key>1DF238531CB24DB700FFEFA5</key>
		<dict>
			<key>buildConfigurationList</key>
			<string>1DF2387C1CB24DB700FFEFA5</string>
			<key>buildPhases</key>
			<array>
				<string>1DF238501CB24DB700FFEFA5</string>
				<string>1DF238511CB24DB700FFEFA5</string>
				<string>1DF238521CB24DB700FFEFA5</string>
			</array>
			<key>buildRules</key>
			<array/>
			<key>dependencies</key>
			<array/>
			<key>isa</key>
			<string>PBXNativeTarget</string>
			<key>name</key>
			<string>Sample3</string>
			<key>productName</key>
			<string>Sample3</string>
			<key>productReference</key>
			<string>1DF238541CB24DB700FFEFA5</string>
			<key>productType</key>
			<string>com.apple.product-type.application</string>
		</dict>
		<key>1DF238541CB24DB700FFEFA5</key>
		<dict>
			<key>explicitFileType</key>
			<string>wrapper.application</string>
			<key>includeInIndex</key>
			<string>0</string>
			<key>isa</key>
			<string>PBXFileReference</string>
			<key>path</key>
			<string>Sample3.app</string>
			<key>sourceTree</key>
			<string>BUILT_PRODUCTS_DIR</string>
		</dict>
		<key>1DF238551CB24DB700FFEFA5</key>
		<dict>
			<key>children</key>
			<array>
				<string>1DF238541CB24DB700FFEFA5</string>
				<string>1DF238681CB24DB700FFEFA5</string>
				<string>1DF238731CB24DB700FFEFA5</string>
			</array>
			<key>isa</key>
			<string>PBXGroup</string>
			<key>name</key>
			<string>Products</string>
			<key>sourceTree</key>
			<string>&lt;group&gt;</string>
		</dict>
		<key>1DF238561CB24DB700FFEFA5</key>
		<dict>
			<key>children</key>
			<array>
				<string>1DF238571CB24DB700FFEFA5</string>
				<string>1DF2385E1CB24DB700FFEFA5</string>
				<string>1DF238601CB24DB700FFEFA5</string>
				<string>1DF238631CB24DB700FFEFA5</string>
				<string>D3434190D3A135F1E79F8F97</string>
			</array>
			<key>isa</key>
			<string>PBXGroup</string>
			<key>path</key>
			<string>Sample3</string>
			<key>sourceTree</key>
			<string>&lt;group&gt;</string>
		</dict>
		<key>1DF238571CB24DB700FFEFA5</key>
		<dict>
			<key>isa</key>
			<string>PBXFileReference</string>
			<key>lastKnownFileType</key>
			<string>sourcecode.swift</string>
			<key>path</key>
			<string>AppDelegate.swift</string>
			<key>sourceTree</key>
			<string>&lt;group&gt;</string>
		</dict>
		<key>1DF238581CB24DB700FFEFA5</key>
		<dict>
			<key>fileRef</key>
			<string>1DF238571CB24DB700FFEFA5</string>
			<key>isa</key>
			<string>PBXBuildFile</string>
		</dict>
		<key>1DF2385E1CB24DB700FFEFA5</key>
		<dict>
			<key>isa</key>
			<string>PBXFileReference</string>
			<key>lastKnownFileType</key>
			<string>folder.assetcatalog</string>
			<key>path</key>
			<string>Assets.xcassets</string>
			<key>sourceTree</key>
			<string>&lt;group&gt;</string>
		</dict>
		<key>1DF2385F1CB24DB700FFEFA5</key>
		<dict>
			<key>fileRef</key>
			<string>1DF2385E1CB24DB700FFEFA5</string>
			<key>isa</key>
			<string>PBXBuildFile</string>
		</dict>
		<key>1DF238601CB24DB700FFEFA5</key>
		<dict>
			<key>children</key>
			<array>
				<string>1DF238611CB24DB700FFEFA5</string>
			</array>
			<key>isa</key>
			<string>PBXVariantGroup</string>
			<key>name</key>
			<string>LaunchScreen.storyboard</string>
			<key>sourceTree</key>
			<string>&lt;group&gt;</string>
		</dict>
		<key>1DF238611CB24DB700FFEFA5</key>
		<dict>
			<key>isa</key>
			<string>PBXFileReference</string>
			<key>lastKnownFileType</key>
			<string>file.storyboard</string>
			<key>name</key>
			<string>Base</string>
			<key>path</key>
			<string>Base.lproj/LaunchScreen.storyboard</string>
			<key>sourceTree</key>
			<string>&lt;group&gt;</string>
		</dict>
		<key>1DF238621CB24DB700FFEFA5</key>
		<dict>
			<key>fileRef</key>
			<string>1DF238601CB24DB700FFEFA5</string>
			<key>isa</key>
			<string>PBXBuildFile</string>
		</dict>
		<key>1DF238631CB24DB700FFEFA5</key>
		<dict>
			<key>isa</key>
			<string>PBXFileReference</string>
			<key>lastKnownFileType</key>
			<string>text.plist.xml</string>
			<key>path</key>
			<string>Info.plist</string>
			<key>sourceTree</key>
			<string>&lt;group&gt;</string>
		</dict>
		<key>1DF238641CB24DB700FFEFA5</key>
		<dict>
			<key>buildActionMask</key>
			<string>2147483647</string>
			<key>files</key>
			<array>
				<string>1DF2386D1CB24DB700FFEFA5</string>
			</array>
			<key>isa</key>
			<string>PBXSourcesBuildPhase</string>
			<key>runOnlyForDeploymentPostprocessing</key>
			<string>0</string>
		</dict>
		<key>1DF238651CB24DB700FFEFA5</key>
		<dict>
			<key>buildActionMask</key>
			<string>2147483647</string>
			<key>files</key>
			<array/>
			<key>isa</key>
			<string>PBXFrameworksBuildPhase</string>
			<key>runOnlyForDeploymentPostprocessing</key>
			<string>0</string>
		</dict>
		<key>1DF238661CB24DB700FFEFA5</key>
		<dict>
			<key>buildActionMask</key>
			<string>2147483647</string>
			<key>files</key>
			<array/>
			<key>isa</key>
			<string>PBXResourcesBuildPhase</string>
			<key>runOnlyForDeploymentPostprocessing</key>
			<string>0</string>
		</dict>
		<key>1DF238671CB24DB700FFEFA5</key>
		<dict>
			<key>buildConfigurationList</key>
			<string>1DF2387F1CB24DB700FFEFA5</string>
			<key>buildPhases</key>
			<array>
				<string>1DF238641CB24DB700FFEFA5</string>
				<string>1DF238651CB24DB700FFEFA5</string>
				<string>1DF238661CB24DB700FFEFA5</string>
			</array>
			<key>buildRules</key>
			<array/>
			<key>dependencies</key>
			<array>
				<string>1DF2386A1CB24DB700FFEFA5</string>
			</array>
			<key>isa</key>
			<string>PBXNativeTarget</string>
			<key>name</key>
			<string>Sample3Tests</string>
			<key>productName</key>
			<string>Sample3Tests</string>
			<key>productReference</key>
			<string>1DF238681CB24DB700FFEFA5</string>
			<key>productType</key>
			<string>com.apple.product-type.bundle.unit-test</string>
		</dict>
		<key>1DF238681CB24DB700FFEFA5</key>
		<dict>
			<key>explicitFileType</key>
			<string>wrapper.cfbundle</string>
			<key>includeInIndex</key>
			<string>0</string>
			<key>isa</key>
			<string>PBXFileReference</string>
			<key>path</key>
			<string>Sample3Tests.xctest</string>
			<key>sourceTree</key>
			<string>BUILT_PRODUCTS_DIR</string>
		</dict>
		<key>1DF238691CB24DB700FFEFA5</key>
		<dict>
			<key>containerPortal</key>
			<string>1DF2384C1CB24DB700FFEFA5</string>
			<key>isa</key>
			<string>PBXContainerItemProxy</string>
			<key>proxyType</key>
			<string>1</string>
			<key>remoteGlobalIDString</key>
			<string>1DF238531CB24DB700FFEFA5</string>
			<key>remoteInfo</key>
			<string>Sample3</string>
		</dict>
		<key>1DF2386A1CB24DB700FFEFA5</key>
		<dict>
			<key>isa</key>
			<string>PBXTargetDependency</string>
			<key>target</key>
			<string>1DF238531CB24DB700FFEFA5</string>
			<key>targetProxy</key>
			<string>1DF238691CB24DB700FFEFA5</string>
		</dict>
		<key>1DF2386B1CB24DB700FFEFA5</key>
		<dict>
			<key>children</key>
			<array>
				<string>1DF2386C1CB24DB700FFEFA5</string>
				<string>1DF2386E1CB24DB700FFEFA5</string>
			</array>
			<key>isa</key>
			<string>PBXGroup</string>
			<key>path</key>
			<string>Sample3Tests</string>
			<key>sourceTree</key>
			<string>&lt;group&gt;</string>
		</dict>
		<key>1DF2386C1CB24DB700FFEFA5</key>
		<dict>
			<key>isa</key>
			<string>PBXFileReference</string>
			<key>lastKnownFileType</key>
			<string>sourcecode.swift</string>
			<key>path</key>
			<string>Sample3Tests.swift</string>
			<key>sourceTree</key>
			<string>&lt;group&gt;</string>
		</dict>
		<key>1DF2386D1CB24DB700FFEFA5</key>
		<dict>
			<key>fileRef</key>
			<string>1DF2386C1CB24DB700FFEFA5</string>
			<key>isa</key>
			<string>PBXBuildFile</string>
		</dict>
		<key>1DF2386E1CB24DB700FFEFA5</key>
		<dict>
			<key>isa</key>
			<string>PBXFileReference</string>
			<key>lastKnownFileType</key>
			<string>text.plist.xml</string>
			<key>path</key>
			<string>Info.plist</string>
			<key>sourceTree</key>
			<string>&lt;group&gt;</string>
		</dict>
		<key>1DF2386F1CB24DB700FFEFA5</key>
		<dict>
			<key>buildActionMask</key>
			<string>2147483647</string>
			<key>files</key>
			<array>
				<string>1DF238781CB24DB700FFEFA5</string>
			</array>
			<key>isa</key>
			<string>PBXSourcesBuildPhase</string>
			<key>runOnlyForDeploymentPostprocessing</key>
			<string>0</string>
		</dict>
		<key>1DF238701CB24DB700FFEFA5</key>
		<dict>
			<key>buildActionMask</key>
			<string>2147483647</string>
			<key>files</key>
			<array/>
			<key>isa</key>
			<string>PBXFrameworksBuildPhase</string>
			<key>runOnlyForDeploymentPostprocessing</key>
			<string>0</string>
		</dict>
		<key>1DF238711CB24DB700FFEFA5</key>
		<dict>
			<key>buildActionMask</key>
			<string>2147483647</string>
			<key>files</key>
			<array/>
			<key>isa</key>
			<string>PBXResourcesBuildPhase</string>
			<key>runOnlyForDeploymentPostprocessing</key>
			<string>0</string>
		</dict>
		<key>1DF238721CB24DB700FFEFA5</key>
		<dict>
			<key>buildConfigurationList</key>
			<string>1DF238821CB24DB700FFEFA5</string>
			<key>buildPhases</key>
			<array>
				<string>1DF2386F1CB24DB700FFEFA5</string>
				<string>1DF238701CB24DB700FFEFA5</string>
				<string>1DF238711CB24DB700FFEFA5</string>
			</array>
			<key>buildRules</key>
			<array/>
			<key>dependencies</key>
			<array>
				<string>1DF238751CB24DB700FFEFA5</string>
			</array>
			<key>isa</key>
			<string>PBXNativeTarget</string>
			<key>name</key>
			<string>Sample3UITests</string>
			<key>productName</key>
			<string>Sample3UITests</string>
			<key>productReference</key>
			<string>1DF238731CB24DB700FFEFA5</string>
			<key>productType</key>
			<string>com.apple.product-type.bundle.ui-testing</string>
		</dict>
		<key>1DF238731CB24DB700FFEFA5</key>
		<dict>
			<key>explicitFileType</key>
			<string>wrapper.cfbundle</string>
			<key>includeInIndex</key>
			<string>0</string>
			<key>isa</key>
			<string>PBXFileReference</string>
			<key>path</key>
			<string>Sample3UITests.xctest</string>
			<key>sourceTree</key>
			<string>BUILT_PRODUCTS_DIR</string>
		</dict>
		<key>1DF238741CB24DB700FFEFA5</key>
		<dict>
			<key>containerPortal</key>
			<string>1DF2384C1CB24DB700FFEFA5</string>
			<key>isa</key>
			<string>PBXContainerItemProxy</string>
			<key>proxyType</key>
			<string>1</string>
			<key>remoteGlobalIDString</key>
			<string>1DF238531CB24DB700FFEFA5</string>
			<key>remoteInfo</key>
			<string>Sample3</string>
		</dict>
		<key>1DF238751CB24DB700FFEFA5</key>
		<dict>
			<key>isa</key>
			<string>PBXTargetDependency</string>
			<key>target</key>
			<string>1DF238531CB24DB700FFEFA5</string>
			<key>targetProxy</key>
			<string>1DF238741CB24DB700FFEFA5</string>
		</dict>
		<key>1DF238761CB24DB700FFEFA5</key>
		<dict>
			<key>children</key>
			<array>
				<string>1DF238771CB24DB700FFEFA5</string>
				<string>1DF238791CB24DB700FFEFA5</string>
			</array>
			<key>isa</key>
			<string>PBXGroup</string>
			<key>path</key>
			<string>Sample3UITests</string>
			<key>sourceTree</key>
			<string>&lt;group&gt;</string>
		</dict>
		<key>1DF238771CB24DB700FFEFA5</key>
		<dict>
			<key>isa</key>
			<string>PBXFileReference</string>
			<key>lastKnownFileType</key>
			<string>sourcecode.swift</string>
			<key>path</key>
			<string>Sample3UITests.swift</string>
			<key>sourceTree</key>
			<string>&lt;group&gt;</string>
		</dict>
		<key>1DF238781CB24DB700FFEFA5</key>
		<dict>
			<key>fileRef</key>
			<string>1DF238771CB24DB700FFEFA5</string>
			<key>isa</key>
			<string>PBXBuildFile</string>
		</dict>
		<key>1DF238791CB24DB700FFEFA5</key>
		<dict>
			<key>isa</key>
			<string>PBXFileReference</string>
			<key>lastKnownFileType</key>
			<string>text.plist.xml</string>
			<key>path</key>
			<string>Info.plist</string>
			<key>sourceTree</key>
			<string>&lt;group&gt;</string>
		</dict>
		<key>1DF2387A1CB24DB700FFEFA5</key>
		<dict>
			<key>buildSettings</key>
			<dict>
				<key>ALWAYS_SEARCH_USER_PATHS</key>
				<string>NO</string>
				<key>CLANG_ANALYZER_NONNULL</key>
				<string>YES</string>
				<key>CLANG_CXX_LANGUAGE_STANDARD</key>
				<string>gnu++0x</string>
				<key>CLANG_CXX_LIBRARY</key>
				<string>libc++</string>
				<key>CLANG_ENABLE_MODULES</key>
				<string>YES</string>
				<key>CLANG_ENABLE_OBJC_ARC</key>
				<string>YES</string>
				<key>CLANG_WARN_BOOL_CONVERSION</key>
				<string>YES</string>
				<key>CLANG_WARN_CONSTANT_CONVERSION</key>
				<string>YES</string>
				<key>CLANG_WARN_DIRECT_OBJC_ISA_USAGE</key>
				<string>YES_ERROR</string>
				<key>CLANG_WARN_EMPTY_BODY</key>
				<string>YES</string>
				<key>CLANG_WARN_ENUM_CONVERSION</key>
				<string>YES</string>
				<key>CLANG_WARN_INT_CONVERSION</key>
				<string>YES</string>
				<key>CLANG_WARN_OBJC_ROOT_CLASS</key>
				<string>YES_ERROR</string>
				<key>CLANG_WARN_UNREACHABLE_CODE</key>
				<string>YES</string>
				<key>CLANG_WARN__DUPLICATE_METHOD_MATCH</key>
				<string>YES</string>
				<key>CODE_SIGN_IDENTITY[sdk=iphoneos*]</key>
				<string>iPhone Developer</string>
				<key>COPY_PHASE_STRIP</key>
				<string>NO</string>
				<key>DEBUG_INFORMATION_FORMAT</key>
				<string>dwarf</string>
				<key>ENABLE_STRICT_OBJC_MSGSEND</key>
				<string>YES</string>
				<key>ENABLE_TESTABILITY</key>
				<string>YES</string>
				<key>GCC_C_LANGUAGE_STANDARD</key>
				<string>gnu99</string>
				<key>GCC_DYNAMIC_NO_PIC</key>
				<string>NO</string>
				<key>GCC_NO_COMMON_BLOCKS</key>
				<string>YES</string>
				<key>GCC_OPTIMIZATION_LEVEL</key>
				<string>0</string>
				<key>GCC_PREPROCESSOR_DEFINITIONS</key>
				<array>
					<string>DEBUG=1</string>
					<string>$(inherited)</string>
				</array>
				<key>GCC_WARN_64_TO_32_BIT_CONVERSION</key>
				<string>YES</string>
				<key>GCC_WARN_ABOUT_RETURN_TYPE</key>
				<string>YES_ERROR</string>
				<key>GCC_WARN_UNDECLARED_SELECTOR</key>
				<string>YES</string>
				<key>GCC_WARN_UNINITIALIZED_AUTOS</key>
				<string>YES_AGGRESSIVE</string>
				<key>GCC_WARN_UNUSED_FUNCTION</key>
				<string>YES</string>
				<key>GCC_WARN_UNUSED_VARIABLE</key>
				<string>YES</string>
				<key>IPHONEOS_DEPLOYMENT_TARGET</key>
				<string>9.3</string>
				<key>MTL_ENABLE_DEBUG_INFO</key>
				<string>YES</string>
				<key>ONLY_ACTIVE_ARCH</key>
				<string>YES</string>
				<key>SDKROOT</key>
				<string>iphoneos</string>
				<key>SWIFT_OPTIMIZATION_LEVEL</key>
				<string>-Onone</string>
				<key>TARGETED_DEVICE_FAMILY</key>
				<string>1,2</string>
			</dict>
			<key>isa</key>
			<string>XCBuildConfiguration</string>
			<key>name</key>
			<string>Debug</string>
		</dict>
		<key>1DF2387B1CB24DB700FFEFA5</key>
		<dict>
			<key>buildSettings</key>
			<dict>
				<key>ALWAYS_SEARCH_USER_PATHS</key>
				<string>NO</string>
				<key>CLANG_ANALYZER_NONNULL</key>
				<string>YES</string>
				<key>CLANG_CXX_LANGUAGE_STANDARD</key>
				<string>gnu++0x</string>
				<key>CLANG_CXX_LIBRARY</key>
				<string>libc++</string>
				<key>CLANG_ENABLE_MODULES</key>
				<string>YES</string>
				<key>CLANG_ENABLE_OBJC_ARC</key>
				<string>YES</string>
				<key>CLANG_WARN_BOOL_CONVERSION</key>
				<string>YES</string>
				<key>CLANG_WARN_CONSTANT_CONVERSION</key>
				<string>YES</string>
				<key>CLANG_WARN_DIRECT_OBJC_ISA_USAGE</key>
				<string>YES_ERROR</string>
				<key>CLANG_WARN_EMPTY_BODY</key>
				<string>YES</string>
				<key>CLANG_WARN_ENUM_CONVERSION</key>
				<string>YES</string>
				<key>CLANG_WARN_INT_CONVERSION</key>
				<string>YES</string>
				<key>CLANG_WARN_OBJC_ROOT_CLASS</key>
				<string>YES_ERROR</string>
				<key>CLANG_WARN_UNREACHABLE_CODE</key>
				<string>YES</string>
				<key>CLANG_WARN__DUPLICATE_METHOD_MATCH</key>
				<string>YES</string>
				<key>CODE_SIGN_IDENTITY[sdk=iphoneos*]</key>
				<string>iPhone Developer</string>
				<key>COPY_PHASE_STRIP</key>
				<string>NO</string>
				<key>DEBUG_INFORMATION_FORMAT</key>
				<string>dwarf-with-dsym</string>
				<key>ENABLE_NS_ASSERTIONS</key>
				<string>NO</string>
				<key>ENABLE_STRICT_OBJC_MSGSEND</key>
				<string>YES</string>
				<key>GCC_C_LANGUAGE_STANDARD</key>
				<string>gnu99</string>
				<key>GCC_NO_COMMON_BLOCKS</key>
				<string>YES</string>
				<key>GCC_WARN_64_TO_32_BIT_CONVERSION</key>
				<string>YES</string>
				<key>GCC_WARN_ABOUT_RETURN_TYPE</key>
				<string>YES_ERROR</string>
				<key>GCC_WARN_UNDECLARED_SELECTOR</key>
				<string>YES</string>
				<key>GCC_WARN_UNINITIALIZED_AUTOS</key>
				<string>YES_AGGRESSIVE</string>
				<key>GCC_WARN_UNUSED_FUNCTION</key>
				<string>YES</string>
				<key>GCC_WARN_UNUSED_VARIABLE</key>
				<string>YES</string>
				<key>IPHONEOS_DEPLOYMENT_TARGET</key>
				<string>9.3</string>
				<key>MTL_ENABLE_DEBUG_INFO</key>
				<string>NO</string>
				<key>SDKROOT</key>
				<string>iphoneos</string>
				<key>TARGETED_DEVICE_FAMILY</key>
				<string>1,2</string>
				<key>VALIDATE_PRODUCT</key>
				<string>YES</string>
			</dict>
			<key>isa</key>
			<string>XCBuildConfiguration</string>
			<key>name</key>
			<string>Release</string>
		</dict>
		<key>1DF2387C1CB24DB700FFEFA5</key>
		<dict>
			<key>buildConfigurations</key>
			<array>
				<string>1DF2387D1CB24DB700FFEFA5</string>
				<string>1DF2387E1CB24DB700FFEFA5</string>
			</array>
			<key>defaultConfigurationIsVisible</key>
			<string>0</string>
			<key>defaultConfigurationName</key>
			<string>Release</string>
			<key>isa</key>
			<string>XCConfigurationList</string>
		</dict>
		<key>1DF2387D1CB24DB700FFEFA5</key>
		<dict>
			<key>buildSettings</key>
			<dict>
				<key>ASSETCATALOG_COMPILER_APPICON_NAME</key>
				<string>AppIcon</string>
				<key>INFOPLIST_FILE</key>
				<string>Sample3/Info.plist</string>
				<key>LD_RUNPATH_SEARCH_PATHS</key>
				<string>$(inherited) @executable_path/Frameworks</string>
				<key>PRODUCT_BUNDLE_IDENTIFIER</key>
				<string>com.noname.Sample3</string>
				<key>PRODUCT_NAME</key>
				<string>$(TARGET_NAME)</string>
			</dict>
			<key>isa</key>
			<string>XCBuildConfiguration</string>
			<key>name</key>
			<string>Debug</string>
		</dict>
		<key>1DF2387E1CB24DB700FFEFA5</key>
		<dict>
			<key>buildSettings</key>
			<dict>
				<key>ASSETCATALOG_COMPILER_APPICON_NAME</key>
				<string>AppIcon</string>
				<key>INFOPLIST_FILE</key>
				<string>Sample3/Info.plist</string>
				<key>LD_RUNPATH_SEARCH_PATHS</key>
				<string>$(inherited) @executable_path/Frameworks</string>
				<key>PRODUCT_BUNDLE_IDENTIFIER</key>
				<string>com.noname.Sample3</string>
				<key>PRODUCT_NAME</key>
				<string>$(TARGET_NAME)</string>
			</dict>
			<key>isa</key>
			<string>XCBuildConfiguration</string>
			<key>name</key>
			<string>Release</string>
		</dict>
		<key>1DF2387F1CB24DB700FFEFA5</key>
		<dict>
			<key>buildConfigurations</key>
			<array>
				<string>1DF238801CB24DB700FFEFA5</string>
				<string>1DF238811CB24DB700FFEFA5</string>
			</array>
			<key>defaultConfigurationIsVisible</key>
			<string>0</string>
			<key>defaultConfigurationName</key>
			<string>Release</string>
			<key>isa</key>
			<string>XCConfigurationList</string>
		</dict>
		<key>1DF238801CB24DB700FFEFA5</key>
		<dict>
			<key>buildSettings</key>
			<dict>
				<key>BUNDLE_LOADER</key>
				<string>$(TEST_HOST)</string>
				<key>INFOPLIST_FILE</key>
				<string>Sample3Tests/Info.plist</string>
				<key>LD_RUNPATH_SEARCH_PATHS</key>
				<string>$(inherited) @executable_path/Frameworks @loader_path/Frameworks</string>
				<key>PRODUCT_BUNDLE_IDENTIFIER</key>
				<string>com.noname.Sample3Tests</string>
				<key>PRODUCT_NAME</key>
				<string>$(TARGET_NAME)</string>
				<key>TEST_HOST</key>
				<string>$(BUILT_PRODUCTS_DIR)/Sample3.app/Sample3</string>
			</dict>
			<key>isa</key>
			<string>XCBuildConfiguration</string>
			<key>name</key>
			<string>Debug</string>
		</dict>
		<key>1DF238811CB24DB700FFEFA5</key>
		<dict>
			<key>buildSettings</key>
			<dict>
				<key>BUNDLE_LOADER</key>
				<string>$(TEST_HOST)</string>
				<key>INFOPLIST_FILE</key>
				<string>Sample3Tests/Info.plist</string>
				<key>LD_RUNPATH_SEARCH_PATHS</key>
				<string>$(inherited) @executable_path/Frameworks @loader_path/Frameworks</string>
				<key>PRODUCT_BUNDLE_IDENTIFIER</key>
				<string>com.noname.Sample3Tests</string>
				<key>PRODUCT_NAME</key>
				<string>$(TARGET_NAME)</string>
				<key>TEST_HOST</key>
				<string>$(BUILT_PRODUCTS_DIR)/Sample3.app/Sample3</string>
			</dict>
			<key>isa</key>
			<string>XCBuildConfiguration</string>
			<key>name</key>
			<string>Release</string>
		</dict>
		<key>1DF238821CB24DB700FFEFA5</key>
		<dict>
			<key>buildConfigurations</key>
			<array>
				<string>1DF238831CB24DB700FFEFA5</string>
				<string>1DF238841CB24DB700FFEFA5</string>
			</array>
			<key>defaultConfigurationIsVisible</key>
			<string>0</string>
			<key>defaultConfigurationName</key>
			<string>Release</string>
			<key>isa</key>
			<string>XCConfigurationList</string>
		</dict>
		<key>1DF238831CB24DB700FFEFA5</key>
		<dict>
			<key>buildSettings</key>
			<dict>
				<key>INFOPLIST_FILE</key>
				<string>Sample3UITests/Info.plist</string>
				<key>LD_RUNPATH_SEARCH_PATHS</key>
				<string>$(inherited) @executable_path/Frameworks @loader_path/Frameworks</string>
				<key>PRODUCT_BUNDLE_IDENTIFIER</key>
				<string>com.noname.Sample3UITests</string>
				<key>PRODUCT_NAME</key>
				<string>$(TARGET_NAME)</string>
				<key>TEST_TARGET_NAME</key>
				<string>Sample3</string>
			</dict>
			<key>isa</key>
			<string>XCBuildConfiguration</string>
			<key>name</key>
			<string>Debug</string>
		</dict>
		<key>1DF238841CB24DB700FFEFA5</key>
		<dict>
			<key>buildSettings</key>
			<dict>
				<key>INFOPLIST_FILE</key>
				<string>Sample3UITests/Info.plist</string>
				<key>LD_RUNPATH_SEARCH_PATHS</key>
				<string>$(inherited) @executable_path/Frameworks @loader_path/Frameworks</string>
				<key>PRODUCT_BUNDLE_IDENTIFIER</key>
				<string>com.noname.Sample3UITests</string>
				<key>PRODUCT_NAME</key>
				<string>$(TARGET_NAME)</string>
				<key>TEST_TARGET_NAME</key>
				<string>Sample3</string>
			</dict>
			<key>isa</key>
			<string>XCBuildConfiguration</string>
			<key>name</key>
			<string>Release</string>
		</dict>
		<key>1EB4638931725A6FD6D1B512</key>
		<dict>
			<key>fileRef</key>
			<string>7B811858FD71533B31F4A340</string>
			<key>isa</key>
			<string>PBXBuildFile</string>
		</dict>
		<key>20681CD5C38742193D959199</key>
		<dict>
			<key>includeInIndex</key>
			<string>1</string>
			<key>isa</key>
			<string>PBXFileReference</string>
			<key>lastKnownFileType</key>
			<string>file.xib</string>
			<key>path</key>
			<string>NNEmptyDetailViewController.xib</string>
			<key>sourceTree</key>
			<string>&lt;group&gt;</string>
		</dict>
		<key>20D08AB9E2385E4D70B9B0B5</key>
		<dict>
			<key>fileRef</key>
			<string>8DCD38BE550477490BD3783D</string>
			<key>isa</key>
			<string>PBXBuildFile</string>
		</dict>
		<key>2588DA3573A5BD7281A9CC45</key>
		<dict>
			<key>fileRef</key>
			<string>E5181AD3522F4D632D59B725</string>
			<key>isa</key>
			<string>PBXBuildFile</string>
		</dict>
		<key>27D189D3401AA4C4E0C4D625</key>
		<dict>
			<key>fileRef</key>
			<string>35738B5CDBEA6536C37640DF</string>
			<key>isa</key>
			<string>PBXBuildFile</string>
		</dict>
		<key>2B0BB6EDCA182BD9D12FA6B7</key>
		<dict>
			<key>fileRef</key>
			<string>C7FCC8C129A22B6B7F538E7B</string>
			<key>isa</key>
			<string>PBXBuildFile</string>
		</dict>
		<key>2CB078374019D16568A98CCE</key>
		<dict>
			<key>children</key>
			<array>
				<string>D6EE496E58802AECDD4BDCAB</string>
			</array>
			<key>isa</key>
			<string>PBXGroup</string>
			<key>path</key>
			<string>View</string>
			<key>sourceTree</key>
			<string>&lt;group&gt;</string>
		</dict>
		<key>2F416B2BB0ADEA63C2BC46FE</key>
		<dict>
			<key>fileRef</key>
			<string>55F45C5643C77130EBAF8904</string>
			<key>isa</key>
			<string>PBXBuildFile</string>
		</dict>
		<key>348C39E575CF36E7CA101CC8</key>
		<dict>
			<key>children</key>
			<array>
				<string>B3F96E281EF86CE8C94DB220</string>
				<string>0D5C5175A2F2795FD1E16114</string>
				<string>B5F63B870A8CE89965473EFE</string>
				<string>C1BE348E19887740FCC27A30</string>
			</array>
			<key>isa</key>
			<string>PBXGroup</string>
			<key>path</key>
			<string>Application Logic</string>
			<key>sourceTree</key>
			<string>&lt;group&gt;</string>
		</dict>
		<key>35738B5CDBEA6536C37640DF</key>
		<dict>
			<key>includeInIndex</key>
			<string>1</string>
			<key>isa</key>
			<string>PBXFileReference</string>
			<key>lastKnownFileType</key>
			<string>sourcecode.swift</string>
			<key>path</key>
			<string>NNDetailModule.swift</string>
			<key>sourceTree</key>
			<string>&lt;group&gt;</string>
		</dict>
		<key>3B42E87F6BC8336FF6E57AE5</key>
		<dict>
			<key>fileRef</key>
			<string>3E2644CE4D5B2C65CB2E8B8F</string>
			<key>isa</key>
			<string>PBXBuildFile</string>
		</dict>
		<key>3C08B0DAF1367F50C94EF529</key>
		<dict>
			<key>includeInIndex</key>
			<string>1</string>
			<key>isa</key>
			<string>PBXFileReference</string>
			<key>lastKnownFileType</key>
			<string>sourcecode.swift</string>
			<key>path</key>
			<string>NNSplitInteractor.swift</string>
			<key>sourceTree</key>
			<string>&lt;group&gt;</string>
		</dict>
		<key>3E2644CE4D5B2C65CB2E8B8F</key>
		<dict>
			<key>includeInIndex</key>
			<string>1</string>
			<key>isa</key>
			<string>PBXFileReference</string>
			<key>lastKnownFileType</key>
			<string>sourcecode.swift</string>
			<key>path</key>
			<string>NNDetailManager.swift</string>
			<key>sourceTree</key>
			<string>&lt;group&gt;</string>
		</dict>
		<key>3E738AA280716E638D20E679</key>
		<dict>
			<key>children</key>
			<array>
				<string>3E2644CE4D5B2C65CB2E8B8F</string>
			</array>
			<key>isa</key>
			<string>PBXGroup</string>
			<key>path</key>
			<string>Manager</string>
			<key>sourceTree</key>
			<string>&lt;group&gt;</string>
		</dict>
		<key>44875217E8B8EBD2B9E76975</key>
		<dict>
			<key>fileRef</key>
			<string>CF6850C4943D9A27A7001B0B</string>
			<key>isa</key>
			<string>PBXBuildFile</string>
		</dict>
		<key>47FE500E918E71EDD6C7B84A</key>
		<dict>
			<key>fileRef</key>
			<string>D980C4A2FD632EFAD484381F</string>
			<key>isa</key>
			<string>PBXBuildFile</string>
		</dict>
		<key>4E35251A1C56B7211D1BB18B</key>
		<dict>
			<key>children</key>
			<array>
				<string>C1900D20298E78776213F771</string>
				<string>DED76F76A5C6F11FC3368C1D</string>
			</array>
			<key>isa</key>
			<string>PBXGroup</string>
			<key>name</key>
			<string>User Interface</string>
			<key>path</key>
			<string>User Interface</string>
			<key>sourceTree</key>
			<string>&lt;group&gt;</string>
		</dict>
		<key>55F45C5643C77130EBAF8904</key>
		<dict>
			<key>includeInIndex</key>
			<string>1</string>
			<key>isa</key>
			<string>PBXFileReference</string>
			<key>lastKnownFileType</key>
			<string>sourcecode.swift</string>
			<key>path</key>
			<string>NNSplitModel.swift</string>
			<key>sourceTree</key>
			<string>&lt;group&gt;</string>
		</dict>
		<key>591352B7C5CBA681F41F3136</key>
		<dict>
			<key>fileRef</key>
			<string>665B241A03C77DB32281D4CF</string>
			<key>isa</key>
			<string>PBXBuildFile</string>
		</dict>
		<key>5951C2FEE9012E8C34476AB5</key>
		<dict>
			<key>fileRef</key>
			<string>C1AEED48996E7087E3FFD41C</string>
			<key>isa</key>
			<string>PBXBuildFile</string>
		</dict>
		<key>59E5A1D5DD42357871B08229</key>
		<dict>
			<key>fileRef</key>
			<string>DE61E1E7D566535B5DB78D0F</string>
			<key>isa</key>
			<string>PBXBuildFile</string>
		</dict>
		<key>5EFB1C50F235A913BD08DAB8</key>
		<dict>
			<key>fileRef</key>
			<string>BB7971AD30B2DB25AA8DEBF5</string>
			<key>isa</key>
			<string>PBXBuildFile</string>
		</dict>
		<key>6077B4BA61A8D0E2F396F837</key>
		<dict>
			<key>includeInIndex</key>
			<string>1</string>
			<key>isa</key>
			<string>PBXFileReference</string>
			<key>lastKnownFileType</key>
			<string>sourcecode.swift</string>
			<key>path</key>
			<string>NNDetailProtocols.swift</string>
			<key>sourceTree</key>
			<string>&lt;group&gt;</string>
		</dict>
		<key>628EC75C2828BA3D176DE411</key>
		<dict>
			<key>includeInIndex</key>
			<string>1</string>
			<key>isa</key>
			<string>PBXFileReference</string>
			<key>lastKnownFileType</key>
			<string>sourcecode.swift</string>
			<key>path</key>
			<string>NNIPadLauncherProtocols.swift</string>
			<key>sourceTree</key>
			<string>&lt;group&gt;</string>
		</dict>
		<key>6432CCA6BFD0FB7B986E47AB</key>
		<dict>
			<key>includeInIndex</key>
			<string>1</string>
			<key>isa</key>
			<string>PBXFileReference</string>
			<key>lastKnownFileType</key>
			<string>sourcecode.swift</string>
			<key>path</key>
			<string>NNListModel.swift</string>
			<key>sourceTree</key>
			<string>&lt;group&gt;</string>
		</dict>
		<key>665B241A03C77DB32281D4CF</key>
		<dict>
			<key>includeInIndex</key>
			<string>1</string>
			<key>isa</key>
			<string>PBXFileReference</string>
			<key>lastKnownFileType</key>
			<string>sourcecode.swift</string>
			<key>path</key>
			<string>NNSplitModule.swift</string>
			<key>sourceTree</key>
			<string>&lt;group&gt;</string>
		</dict>
		<key>66B115BC7C1927E867C951F7</key>
		<dict>
			<key>includeInIndex</key>
			<string>1</string>
			<key>isa</key>
			<string>PBXFileReference</string>
			<key>lastKnownFileType</key>
			<string>sourcecode.swift</string>
			<key>path</key>
			<string>NNEmptyDetailprotocols.swift</string>
			<key>sourceTree</key>
			<string>&lt;group&gt;</string>
		</dict>
		<key>70AB547565F85F15961D4B81</key>
		<dict>
			<key>includeInIndex</key>
			<string>1</string>
			<key>isa</key>
			<string>PBXFileReference</string>
			<key>lastKnownFileType</key>
			<string>sourcecode.swift</string>
			<key>path</key>
			<string>NNVIPERProtocols.swift</string>
			<key>sourceTree</key>
			<string>&lt;group&gt;</string>
		</dict>
		<key>76D755FE9BF88886E5FF49E2</key>
		<dict>
			<key>includeInIndex</key>
			<string>1</string>
			<key>isa</key>
			<string>PBXFileReference</string>
			<key>lastKnownFileType</key>
			<string>sourcecode.swift</string>
			<key>path</key>
			<string>NNListModule.swift</string>
			<key>sourceTree</key>
			<string>&lt;group&gt;</string>
		</dict>
		<key>7B2FCE1F23317C7F4A250C14</key>
		<dict>
			<key>includeInIndex</key>
			<string>1</string>
			<key>isa</key>
			<string>PBXFileReference</string>
			<key>lastKnownFileType</key>
			<string>sourcecode.swift</string>
			<key>path</key>
			<string>NNEmptyDetailViewController.swift</string>
			<key>sourceTree</key>
			<string>&lt;group&gt;</string>
		</dict>
		<key>7B811858FD71533B31F4A340</key>
		<dict>
			<key>includeInIndex</key>
			<string>1</string>
			<key>isa</key>
			<string>PBXFileReference</string>
			<key>lastKnownFileType</key>
			<string>sourcecode.swift</string>
			<key>path</key>
			<string>NNSplitProtocols.swift</string>
			<key>sourceTree</key>
			<string>&lt;group&gt;</string>
		</dict>
		<key>7C32C0EB94A6021862BBF448</key>
		<dict>
			<key>fileRef</key>
			<string>D2C0D42995A04D96E7671D09</string>
			<key>isa</key>
			<string>PBXBuildFile</string>
		</dict>
		<key>7CB45FC96D3D16BB40A1699F</key>
		<dict>
			<key>children</key>
			<array>
				<string>E4A4B1C415F91468104A9DC2</string>
			</array>
			<key>isa</key>
			<string>PBXGroup</string>
			<key>name</key>
			<string>Interactor</string>
			<key>path</key>
			<string>Interactor</string>
			<key>sourceTree</key>
			<string>&lt;group&gt;</string>
		</dict>
		<key>7CE952700AB1BD1B7D99D217</key>
		<dict>
			<key>fileRef</key>
			<string>628EC75C2828BA3D176DE411</string>
			<key>isa</key>
			<string>PBXBuildFile</string>
		</dict>
		<key>7DCA564E9E2EB1C77A33BFFF</key>
		<dict>
			<key>children</key>
			<array>
				<string>078266C22331F40E150285B0</string>
			</array>
			<key>isa</key>
			<string>PBXGroup</string>
			<key>path</key>
			<string>IPadLauncher</string>
			<key>sourceTree</key>
			<string>&lt;group&gt;</string>
		</dict>
		<key>85F2BDBB97695F43C567F11D</key>
		<dict>
			<key>fileRef</key>
			<string>6077B4BA61A8D0E2F396F837</string>
			<key>isa</key>
			<string>PBXBuildFile</string>
		</dict>
		<key>876304B2972D1AE4F44FE1F7</key>
		<dict>
			<key>children</key>
			<array>
				<string>FB98753B4189176E86958BF1</string>
			</array>
			<key>isa</key>
			<string>PBXGroup</string>
			<key>path</key>
			<string>Module</string>
			<key>sourceTree</key>
			<string>&lt;group&gt;</string>
		</dict>
		<key>8A4ECEBB00F86D4C02C06BEF</key>
		<dict>
			<key>fileRef</key>
			<string>66B115BC7C1927E867C951F7</string>
			<key>isa</key>
			<string>PBXBuildFile</string>
		</dict>
		<key>8B02E18C61C6767F3B976A1D</key>
		<dict>
			<key>fileRef</key>
			<string>FB98753B4189176E86958BF1</string>
			<key>isa</key>
			<string>PBXBuildFile</string>
		</dict>
		<key>8DC67D60FF7073953FA651F4</key>
		<dict>
			<key>children</key>
			<array>
				<string>9A05F59FC9215095CAF177A1</string>
				<string>92352E38C243A0D0A134A94E</string>
			</array>
			<key>isa</key>
			<string>PBXGroup</string>
			<key>path</key>
			<string>User Interface</string>
			<key>sourceTree</key>
			<string>&lt;group&gt;</string>
		</dict>
		<key>8DCD38BE550477490BD3783D</key>
		<dict>
			<key>includeInIndex</key>
			<string>1</string>
			<key>isa</key>
			<string>PBXFileReference</string>
			<key>lastKnownFileType</key>
			<string>sourcecode.swift</string>
			<key>path</key>
			<string>NNListCell.swift</string>
			<key>sourceTree</key>
			<string>&lt;group&gt;</string>
		</dict>
		<key>92352E38C243A0D0A134A94E</key>
		<dict>
			<key>children</key>
			<array>
				<string>D2C0D42995A04D96E7671D09</string>
				<string>DE61E1E7D566535B5DB78D0F</string>
			</array>
			<key>isa</key>
			<string>PBXGroup</string>
			<key>path</key>
			<string>View</string>
			<key>sourceTree</key>
			<string>&lt;group&gt;</string>
		</dict>
		<key>95C13A1EFEB6445F6B05F264</key>
		<dict>
			<key>includeInIndex</key>
			<string>1</string>
			<key>isa</key>
			<string>PBXFileReference</string>
			<key>lastKnownFileType</key>
			<string>sourcecode.swift</string>
			<key>path</key>
			<string>NNEmptyDetailViewController.swift</string>
			<key>sourceTree</key>
			<string>&lt;group&gt;</string>
		</dict>
		<key>99060F340DA17D843A96E0C4</key>
		<dict>
			<key>children</key>
			<array>
				<string>06EA4759A9ABE69ED7094A58</string>
			</array>
			<key>isa</key>
			<string>PBXGroup</string>
			<key>path</key>
			<string>Interactor</string>
			<key>sourceTree</key>
			<string>&lt;group&gt;</string>
		</dict>
		<key>9A05F59FC9215095CAF177A1</key>
		<dict>
			<key>children</key>
			<array>
				<string>BB755AEF3D055E02F95AB795</string>
			</array>
			<key>isa</key>
			<string>PBXGroup</string>
			<key>path</key>
			<string>Presenter</string>
			<key>sourceTree</key>
			<string>&lt;group&gt;</string>
		</dict>
		<key>A338CB2A6328C2AE83EB66D8</key>
		<dict>
			<key>includeInIndex</key>
			<string>1</string>
			<key>isa</key>
			<string>PBXFileReference</string>
			<key>lastKnownFileType</key>
			<string>sourcecode.swift</string>
			<key>path</key>
			<string>NNListViewController.swift</string>
			<key>sourceTree</key>
			<string>&lt;group&gt;</string>
		</dict>
		<key>A9E57799158C55467B62E0B9</key>
		<dict>
			<key>fileRef</key>
			<string>D6EE496E58802AECDD4BDCAB</string>
			<key>isa</key>
			<string>PBXBuildFile</string>
		</dict>
		<key>ACD2B8BAE8204E577E64AD69</key>
		<dict>
			<key>children</key>
			<array>
				<string>7B811858FD71533B31F4A340</string>
				<string>FD7101802389C1819F03081F</string>
				<string>EA0132B43AFC082B08460B7B</string>
			</array>
			<key>isa</key>
			<string>PBXGroup</string>
			<key>path</key>
			<string>Split</string>
			<key>sourceTree</key>
			<string>&lt;group&gt;</string>
		</dict>
		<key>AFA5F03E05AAFB19378F9D8E</key>
		<dict>
			<key>children</key>
			<array>
				<string>A338CB2A6328C2AE83EB66D8</string>
				<string>D980C4A2FD632EFAD484381F</string>
				<string>8DCD38BE550477490BD3783D</string>
				<string>CF6850C4943D9A27A7001B0B</string>
			</array>
			<key>isa</key>
			<string>PBXGroup</string>
			<key>path</key>
			<string>View</string>
			<key>sourceTree</key>
			<string>&lt;group&gt;</string>
		</dict>
		<key>B046AB5179556E45B0B54A26</key>
		<dict>
			<key>fileRef</key>
			<string>06EA4759A9ABE69ED7094A58</string>
			<key>isa</key>
			<string>PBXBuildFile</string>
		</dict>
		<key>B32CB1F9E7657865386C37B2</key>
		<dict>
			<key>includeInIndex</key>
			<string>1</string>
			<key>isa</key>
			<string>PBXFileReference</string>
			<key>lastKnownFileType</key>
			<string>sourcecode.swift</string>
			<key>path</key>
			<string>NNEmptyDetailPresenter.swift</string>
			<key>sourceTree</key>
			<string>&lt;group&gt;</string>
		</dict>
		<key>B350EF358D86FC045AA2D728</key>
		<dict>
			<key>children</key>
			<array>
				<string>665B241A03C77DB32281D4CF</string>
			</array>
			<key>isa</key>
			<string>PBXGroup</string>
			<key>path</key>
			<string>Module</string>
			<key>sourceTree</key>
			<string>&lt;group&gt;</string>
		</dict>
		<key>B3D6C1DF7C2BE3B4DDF63238</key>
		<dict>
			<key>children</key>
			<array>
				<string>66B115BC7C1927E867C951F7</string>
				<string>EDCFD767870E8E59B1FFBA1C</string>
				<string>4E35251A1C56B7211D1BB18B</string>
			</array>
			<key>isa</key>
			<string>PBXGroup</string>
			<key>name</key>
			<string>EmptyDetail</string>
			<key>path</key>
			<string>EmptyDetail</string>
			<key>sourceTree</key>
			<string>&lt;group&gt;</string>
		</dict>
		<key>B3F96E281EF86CE8C94DB220</key>
		<dict>
			<key>children</key>
			<array>
				<string>76D755FE9BF88886E5FF49E2</string>
			</array>
			<key>isa</key>
			<string>PBXGroup</string>
			<key>path</key>
			<string>Module</string>
			<key>sourceTree</key>
			<string>&lt;group&gt;</string>
		</dict>
		<key>B456C0727AC37E7C7C674DF4</key>
		<dict>
			<key>children</key>
			<array>
				<string>D7490919CD37A3B4108F4B61</string>
				<string>BE37B43FF73F433C5320EC5D</string>
				<string>99060F340DA17D843A96E0C4</string>
				<string>3E738AA280716E638D20E679</string>
			</array>
			<key>isa</key>
			<string>PBXGroup</string>
			<key>path</key>
			<string>Application Logic</string>
			<key>sourceTree</key>
			<string>&lt;group&gt;</string>
		</dict>
		<key>B5067E8C305902510BF309C9</key>
		<dict>
			<key>fileRef</key>
			<string>0AF8D6236A4A66FE3B410B76</string>
			<key>isa</key>
			<string>PBXBuildFile</string>
		</dict>
		<key>B5F63B870A8CE89965473EFE</key>
		<dict>
			<key>children</key>
			<array>
				<string>E5181AD3522F4D632D59B725</string>
			</array>
			<key>isa</key>
			<string>PBXGroup</string>
			<key>path</key>
			<string>Interactor</string>
			<key>sourceTree</key>
			<string>&lt;group&gt;</string>
		</dict>
		<key>B644D8F27425E18F249A71AF</key>
		<dict>
			<key>fileRef</key>
			<string>95C13A1EFEB6445F6B05F264</string>
			<key>isa</key>
			<string>PBXBuildFile</string>
		</dict>
		<key>BB755AEF3D055E02F95AB795</key>
		<dict>
			<key>includeInIndex</key>
			<string>1</string>
			<key>isa</key>
			<string>PBXFileReference</string>
			<key>lastKnownFileType</key>
			<string>sourcecode.swift</string>
			<key>path</key>
			<string>NNDetailPresenter.swift</string>
			<key>sourceTree</key>
			<string>&lt;group&gt;</string>
		</dict>
		<key>BB7971AD30B2DB25AA8DEBF5</key>
		<dict>
			<key>includeInIndex</key>
			<string>1</string>
			<key>isa</key>
			<string>PBXFileReference</string>
			<key>lastKnownFileType</key>
			<string>sourcecode.swift</string>
			<key>path</key>
			<string>NNListProtocols.swift</string>
			<key>sourceTree</key>
			<string>&lt;group&gt;</string>
		</dict>
		<key>BBC53E09A1029B578CC5B1C7</key>
		<dict>
			<key>children</key>
			<array>
				<string>C1AEED48996E7087E3FFD41C</string>
			</array>
			<key>isa</key>
			<string>PBXGroup</string>
			<key>path</key>
			<string>Presenter</string>
			<key>sourceTree</key>
			<string>&lt;group&gt;</string>
		</dict>
		<key>BE37B43FF73F433C5320EC5D</key>
		<dict>
			<key>children</key>
			<array>
				<string>C311FEC5116CB7D019AC7764</string>
			</array>
			<key>isa</key>
			<string>PBXGroup</string>
			<key>path</key>
			<string>Model</string>
			<key>sourceTree</key>
			<string>&lt;group&gt;</string>
		</dict>
		<key>C1900D20298E78776213F771</key>
		<dict>
			<key>children</key>
			<array>
				<string>C1D617F21CDA9A67DD1E82EE</string>
			</array>
			<key>isa</key>
			<string>PBXGroup</string>
			<key>name</key>
			<string>Presenter</string>
			<key>path</key>
			<string>Presenter</string>
			<key>sourceTree</key>
			<string>&lt;group&gt;</string>
		</dict>
		<key>C1AEED48996E7087E3FFD41C</key>
		<dict>
			<key>includeInIndex</key>
			<string>1</string>
			<key>isa</key>
			<string>PBXFileReference</string>
			<key>lastKnownFileType</key>
			<string>sourcecode.swift</string>
			<key>path</key>
			<string>NNListPresenter.swift</string>
			<key>sourceTree</key>
			<string>&lt;group&gt;</string>
		</dict>
		<key>C1BE348E19887740FCC27A30</key>
		<dict>
			<key>children</key>
			<array>
				<string>F6CF091462787D60B0F0CE76</string>
			</array>
			<key>isa</key>
			<string>PBXGroup</string>
			<key>path</key>
			<string>Manager</string>
			<key>sourceTree</key>
			<string>&lt;group&gt;</string>
		</dict>
		<key>C1D617F21CDA9A67DD1E82EE</key>
		<dict>
			<key>includeInIndex</key>
			<string>1</string>
			<key>isa</key>
			<string>PBXFileReference</string>
			<key>lastKnownFileType</key>
			<string>sourcecode.swift</string>
			<key>path</key>
			<string>NNEmptyDetailPresenter.swift</string>
			<key>sourceTree</key>
			<string>&lt;group&gt;</string>
		</dict>
		<key>C2E5CE07772A06894446E9C0</key>
		<dict>
			<key>children</key>
			<array>
				<string>0AF8D6236A4A66FE3B410B76</string>
			</array>
			<key>isa</key>
			<string>PBXGroup</string>
			<key>path</key>
			<string>Presenter</string>
			<key>sourceTree</key>
			<string>&lt;group&gt;</string>
		</dict>
		<key>C311FEC5116CB7D019AC7764</key>
		<dict>
			<key>includeInIndex</key>
			<string>1</string>
			<key>isa</key>
			<string>PBXFileReference</string>
			<key>lastKnownFileType</key>
			<string>sourcecode.swift</string>
			<key>path</key>
			<string>NNDetailModel.swift</string>
			<key>sourceTree</key>
			<string>&lt;group&gt;</string>
		</dict>
		<key>C513232EDE2F2AFC92E4A1B2</key>
		<dict>
			<key>fileRef</key>
			<string>6432CCA6BFD0FB7B986E47AB</string>
			<key>isa</key>
			<string>PBXBuildFile</string>
		</dict>
		<key>C581F17A637F2B3511BB0448</key>
		<dict>
			<key>fileRef</key>
			<string>3C08B0DAF1367F50C94EF529</string>
			<key>isa</key>
			<string>PBXBuildFile</string>
		</dict>
		<key>C7FCC8C129A22B6B7F538E7B</key>
		<dict>
			<key>includeInIndex</key>
			<string>1</string>
			<key>isa</key>
			<string>PBXFileReference</string>
			<key>lastKnownFileType</key>
			<string>file.xib</string>
			<key>path</key>
			<string>NNEmptyDetailViewController.xib</string>
			<key>sourceTree</key>
			<string>&lt;group&gt;</string>
		</dict>
		<key>CAEE33EF486A3EC864A9E360</key>
		<dict>
			<key>children</key>
			<array>
				<string>70AB547565F85F15961D4B81</string>
			</array>
			<key>isa</key>
			<string>PBXGroup</string>
			<key>path</key>
			<string>VIPER</string>
			<key>sourceTree</key>
			<string>&lt;group&gt;</string>
		</dict>
		<key>CF6850C4943D9A27A7001B0B</key>
		<dict>
			<key>includeInIndex</key>
			<string>1</string>
			<key>isa</key>
			<string>PBXFileReference</string>
			<key>lastKnownFileType</key>
			<string>file.xib</string>
			<key>path</key>
			<string>NNListCell.xib</string>
			<key>sourceTree</key>
			<string>&lt;group&gt;</string>
		</dict>
		<key>D2C0D42995A04D96E7671D09</key>
		<dict>
			<key>includeInIndex</key>
			<string>1</string>
			<key>isa</key>
			<string>PBXFileReference</string>
			<key>lastKnownFileType</key>
			<string>sourcecode.swift</string>
			<key>path</key>
			<string>NNDetailViewController.swift</string>
			<key>sourceTree</key>
			<string>&lt;group&gt;</string>
		</dict>
		<key>D3434190D3A135F1E79F8F97</key>
		<dict>
			<key>children</key>
			<array>
				<string>CAEE33EF486A3EC864A9E360</string>
				<string>7DCA564E9E2EB1C77A33BFFF</string>
				<string>ACD2B8BAE8204E577E64AD69</string>
				<string>D65B484DC3396D96664CA98F</string>
				<string>0CEA961FF51C8613BB1B349B</string>
				<string>B3D6C1DF7C2BE3B4DDF63238</string>
			</array>
			<key>isa</key>
			<string>PBXGroup</string>
			<key>path</key>
			<string>Modules</string>
			<key>sourceTree</key>
			<string>&lt;group&gt;</string>
		</dict>
		<key>D65B484DC3396D96664CA98F</key>
		<dict>
			<key>children</key>
			<array>
				<string>BB7971AD30B2DB25AA8DEBF5</string>
				<string>348C39E575CF36E7CA101CC8</string>
				<string>E50AE67C64441069E5EA890E</string>
			</array>
			<key>isa</key>
			<string>PBXGroup</string>
			<key>path</key>
			<string>List</string>
			<key>sourceTree</key>
			<string>&lt;group&gt;</string>
		</dict>
		<key>D6EE496E58802AECDD4BDCAB</key>
		<dict>
			<key>includeInIndex</key>
			<string>1</string>
			<key>isa</key>
			<string>PBXFileReference</string>
			<key>lastKnownFileType</key>
			<string>sourcecode.swift</string>
			<key>path</key>
			<string>NNSplitViewController.swift</string>
			<key>sourceTree</key>
			<string>&lt;group&gt;</string>
		</dict>
		<key>D7490919CD37A3B4108F4B61</key>
		<dict>
			<key>children</key>
			<array>
				<string>35738B5CDBEA6536C37640DF</string>
			</array>
			<key>isa</key>
			<string>PBXGroup</string>
			<key>path</key>
			<string>Module</string>
			<key>sourceTree</key>
			<string>&lt;group&gt;</string>
		</dict>
		<key>D980C4A2FD632EFAD484381F</key>
		<dict>
			<key>includeInIndex</key>
			<string>1</string>
			<key>isa</key>
			<string>PBXFileReference</string>
			<key>lastKnownFileType</key>
			<string>file.xib</string>
			<key>path</key>
			<string>NNListViewController.xib</string>
			<key>sourceTree</key>
			<string>&lt;group&gt;</string>
		</dict>
		<key>DA5DEE0A4C4F7AFCF331AC47</key>
		<dict>
			<key>fileRef</key>
			<string>E4A4B1C415F91468104A9DC2</string>
			<key>isa</key>
			<string>PBXBuildFile</string>
		</dict>
		<key>DBF4C0F1D80DFA1E3F62970B</key>
		<dict>
			<key>fileRef</key>
			<string>C311FEC5116CB7D019AC7764</string>
			<key>isa</key>
			<string>PBXBuildFile</string>
		</dict>
		<key>DE1FA057C239CC5333F546FF</key>
		<dict>
			<key>fileRef</key>
			<string>BB755AEF3D055E02F95AB795</string>
			<key>isa</key>
			<string>PBXBuildFile</string>
		</dict>
		<key>DE61E1E7D566535B5DB78D0F</key>
		<dict>
			<key>includeInIndex</key>
			<string>1</string>
			<key>isa</key>
			<string>PBXFileReference</string>
			<key>lastKnownFileType</key>
			<string>file.xib</string>
			<key>path</key>
			<string>NNDetailViewController.xib</string>
			<key>sourceTree</key>
			<string>&lt;group&gt;</string>
		</dict>
		<key>DED76F76A5C6F11FC3368C1D</key>
		<dict>
			<key>children</key>
			<array>
				<string>95C13A1EFEB6445F6B05F264</string>
				<string>C7FCC8C129A22B6B7F538E7B</string>
			</array>
			<key>isa</key>
			<string>PBXGroup</string>
			<key>name</key>
			<string>View</string>
			<key>path</key>
			<string>View</string>
			<key>sourceTree</key>
			<string>&lt;group&gt;</string>
		</dict>
		<key>E4A4B1C415F91468104A9DC2</key>
		<dict>
			<key>includeInIndex</key>
			<string>1</string>
			<key>isa</key>
			<string>PBXFileReference</string>
			<key>lastKnownFileType</key>
			<string>sourcecode.swift</string>
			<key>path</key>
			<string>NNEmptyDetailInteractor.swift</string>
			<key>sourceTree</key>
			<string>&lt;group&gt;</string>
		</dict>
		<key>E50AE67C64441069E5EA890E</key>
		<dict>
			<key>children</key>
			<array>
				<string>BBC53E09A1029B578CC5B1C7</string>
				<string>AFA5F03E05AAFB19378F9D8E</string>
			</array>
			<key>isa</key>
			<string>PBXGroup</string>
			<key>path</key>
			<string>User Interface</string>
			<key>sourceTree</key>
			<string>&lt;group&gt;</string>
		</dict>
		<key>E5181AD3522F4D632D59B725</key>
		<dict>
			<key>includeInIndex</key>
			<string>1</string>
			<key>isa</key>
			<string>PBXFileReference</string>
			<key>lastKnownFileType</key>
			<string>sourcecode.swift</string>
			<key>path</key>
			<string>NNListInteractor.swift</string>
			<key>sourceTree</key>
			<string>&lt;group&gt;</string>
		</dict>
		<key>EA0132B43AFC082B08460B7B</key>
		<dict>
			<key>children</key>
			<array>
				<string>C2E5CE07772A06894446E9C0</string>
				<string>2CB078374019D16568A98CCE</string>
			</array>
			<key>isa</key>
			<string>PBXGroup</string>
			<key>path</key>
			<string>User Interface</string>
			<key>sourceTree</key>
			<string>&lt;group&gt;</string>
		</dict>
		<key>EBF86BEF8E94FB3FAE22749A</key>
		<dict>
			<key>fileRef</key>
			<string>70AB547565F85F15961D4B81</string>
			<key>isa</key>
			<string>PBXBuildFile</string>
		</dict>
		<key>EDCFD767870E8E59B1FFBA1C</key>
		<dict>
			<key>children</key>
			<array>
				<string>7CB45FC96D3D16BB40A1699F</string>
			</array>
			<key>isa</key>
			<string>PBXGroup</string>
			<key>name</key>
			<string>Application Logic</string>
			<key>path</key>
			<string>Application Logic</string>
			<key>sourceTree</key>
			<string>&lt;group&gt;</string>
		</dict>
		<key>F25126AB870974E19D6ADF36</key>
		<dict>
			<key>fileRef</key>
			<string>76D755FE9BF88886E5FF49E2</string>
			<key>isa</key>
			<string>PBXBuildFile</string>
		</dict>
		<key>F6CF091462787D60B0F0CE76</key>
		<dict>
			<key>includeInIndex</key>
			<string>1</string>
			<key>isa</key>
			<string>PBXFileReference</string>
			<key>lastKnownFileType</key>
			<string>sourcecode.swift</string>
			<key>path</key>
			<string>NNListManager.swift</string>
			<key>sourceTree</key>
			<string>&lt;group&gt;</string>
		</dict>
		<key>FB98753B4189176E86958BF1</key>
		<dict>
			<key>includeInIndex</key>
			<string>1</string>
			<key>isa</key>
			<string>PBXFileReference</string>
			<key>lastKnownFileType</key>
			<string>sourcecode.swift</string>
			<key>path</key>
			<string>NNIPadLauncherModule.swift</string>
			<key>sourceTree</key>
			<string>&lt;group&gt;</string>
		</dict>
		<key>FC467E581459C356932AB744</key>
		<dict>
			<key>fileRef</key>
			<string>A338CB2A6328C2AE83EB66D8</string>
			<key>isa</key>
			<string>PBXBuildFile</string>
		</dict>
		<key>FD7101802389C1819F03081F</key>
		<dict>
			<key>children</key>
			<array>
				<string>B350EF358D86FC045AA2D728</string>
				<string>08AD820FB5C336CBBB02F434</string>
				<string>1B0D2FCA816A1D77EABE5ADF</string>
			</array>
			<key>isa</key>
			<string>PBXGroup</string>
			<key>path</key>
			<string>Application Logic</string>
			<key>sourceTree</key>
			<string>&lt;group&gt;</string>
		</dict>
	</dict>
	<key>rootObject</key>
	<string>1DF2384C1CB24DB700FFEFA5</string>
</dict>
</plist>
