<?xml version="1.0" encoding="UTF-8"?>
<!DOCTYPE plist PUBLIC "-//Apple//DTD PLIST 1.0//EN" "http://www.apple.com/DTDs/PropertyList-1.0.dtd">
<plist version="1.0">
<dict>
	<key>archiveVersion</key>
	<string>1</string>
	<key>classes</key>
	<dict/>
	<key>objectVersion</key>
	<string>46</string>
	<key>objects</key>
	<dict>
		<key>02575F356103488DBA43B9D1</key>
		<dict>
			<key>includeInIndex</key>
			<string>1</string>
			<key>isa</key>
			<string>PBXFileReference</string>
			<key>lastKnownFileType</key>
			<string>sourcecode.swift</string>
			<key>path</key>
			<string>NNDetailProtocols.swift</string>
			<key>sourceTree</key>
			<string>&lt;group&gt;</string>
		</dict>
		<key>036A3487687643246E398DC9</key>
		<dict>
			<key>children</key>
			<array>
				<string>22F7F2037B376F2C2B5FA390</string>
				<string>5E590E63FB6CC134FC563983</string>
			</array>
			<key>isa</key>
			<string>PBXGroup</string>
			<key>name</key>
			<string>User Interface</string>
			<key>path</key>
			<string>User Interface</string>
			<key>sourceTree</key>
			<string>&lt;group&gt;</string>
		</dict>
		<key>03AE017DDD0C62229F1DD965</key>
		<dict>
			<key>fileRef</key>
			<string>02575F356103488DBA43B9D1</string>
			<key>isa</key>
			<string>PBXBuildFile</string>
		</dict>
		<key>0477FB7ECC6823E4BAD8DF19</key>
		<dict>
			<key>children</key>
			<array>
				<string>5F81A568AA7D28946D4EE00E</string>
			</array>
			<key>isa</key>
			<string>PBXGroup</string>
			<key>name</key>
			<string>Presenter</string>
			<key>path</key>
			<string>Presenter</string>
			<key>sourceTree</key>
			<string>&lt;group&gt;</string>
		</dict>
		<key>089AAD95F1DE37128A19792A</key>
		<dict>
			<key>includeInIndex</key>
			<string>1</string>
			<key>isa</key>
			<string>PBXFileReference</string>
			<key>lastKnownFileType</key>
			<string>sourcecode.swift</string>
			<key>path</key>
			<string>NNIPhoneLauncherIPhoneLauncherTemplate.swift</string>
			<key>sourceTree</key>
			<string>&lt;group&gt;</string>
		</dict>
		<key>09178087F8AC7ADFF5D1A016</key>
		<dict>
			<key>children</key>
			<array>
				<string>19B1B83E7F9FE95B4938AFC7</string>
			</array>
			<key>isa</key>
			<string>PBXGroup</string>
			<key>name</key>
			<string>Model</string>
			<key>path</key>
			<string>Model</string>
			<key>sourceTree</key>
			<string>&lt;group&gt;</string>
		</dict>
		<key>0CEA961FF51C8613BB1B349B</key>
		<dict>
			<key>children</key>
			<array>
				<string>02575F356103488DBA43B9D1</string>
				<string>7B80B15CBB7E82425EB36B0B</string>
				<string>C1AD5A4C5299CDB0061CD5F2</string>
			</array>
			<key>isa</key>
			<string>PBXGroup</string>
			<key>path</key>
			<string>Detail</string>
			<key>sourceTree</key>
			<string>&lt;group&gt;</string>
		</dict>
		<key>0D2736480FF7901389A00811</key>
		<dict>
			<key>includeInIndex</key>
			<string>1</string>
			<key>isa</key>
			<string>PBXFileReference</string>
			<key>lastKnownFileType</key>
			<string>sourcecode.swift</string>
			<key>path</key>
			<string>NNListPresenter.swift</string>
			<key>sourceTree</key>
			<string>&lt;group&gt;</string>
		</dict>
		<key>0D6AD5A68C993943AA7AFB2D</key>
		<dict>
			<key>includeInIndex</key>
			<string>1</string>
			<key>isa</key>
			<string>PBXFileReference</string>
			<key>lastKnownFileType</key>
			<string>sourcecode.swift</string>
			<key>path</key>
			<string>NNListProtocols.swift</string>
			<key>sourceTree</key>
			<string>&lt;group&gt;</string>
		</dict>
		<key>1789D1C646DC7E9D6CEB84EC</key>
		<dict>
			<key>children</key>
			<array>
				<string>64D6F42FC97B7B46D7DE3C5C</string>
			</array>
			<key>isa</key>
			<string>PBXGroup</string>
			<key>name</key>
			<string>Module</string>
			<key>path</key>
			<string>Module</string>
			<key>sourceTree</key>
			<string>&lt;group&gt;</string>
		</dict>
		<key>18FFE04B14CBD0FD118BB541</key>
		<dict>
			<key>children</key>
			<array>
				<string>488D5C46A12D5E32EAB85534</string>
				<string>D5F9F4A6AFAB73BA251BD043</string>
			</array>
			<key>isa</key>
			<string>PBXGroup</string>
			<key>name</key>
			<string>User Interface</string>
			<key>path</key>
			<string>User Interface</string>
			<key>sourceTree</key>
			<string>&lt;group&gt;</string>
		</dict>
		<key>19B1B83E7F9FE95B4938AFC7</key>
		<dict>
			<key>includeInIndex</key>
			<string>1</string>
			<key>isa</key>
			<string>PBXFileReference</string>
			<key>lastKnownFileType</key>
			<string>sourcecode.swift</string>
			<key>path</key>
			<string>NNListModel.swift</string>
			<key>sourceTree</key>
			<string>&lt;group&gt;</string>
		</dict>
		<key>1B50E1BD898D2D246438D805</key>
		<dict>
			<key>fileRef</key>
			<string>85F1B4F45C6628F6CF47FEE9</string>
			<key>isa</key>
			<string>PBXBuildFile</string>
		</dict>
		<key>1CF560E7BB3A79362B1E1E25</key>
		<dict>
			<key>fileRef</key>
			<string>DF99AA4702E1D47BB6D2CE3A</string>
			<key>isa</key>
			<string>PBXBuildFile</string>
		</dict>
		<key>1D27E27F0082966240046528</key>
		<dict>
			<key>fileRef</key>
			<string>4A836219450C9475A72C8B8F</string>
			<key>isa</key>
			<string>PBXBuildFile</string>
		</dict>
		<key>1DF2384B1CB24DB700FFEFA5</key>
		<dict>
			<key>children</key>
			<array>
				<string>1DF238561CB24DB700FFEFA5</string>
				<string>1DF2386B1CB24DB700FFEFA5</string>
				<string>1DF238761CB24DB700FFEFA5</string>
				<string>1DF238551CB24DB700FFEFA5</string>
			</array>
			<key>isa</key>
			<string>PBXGroup</string>
			<key>sourceTree</key>
			<string>&lt;group&gt;</string>
		</dict>
		<key>1DF2384C1CB24DB700FFEFA5</key>
		<dict>
			<key>attributes</key>
			<dict>
				<key>LastSwiftUpdateCheck</key>
				<string>0730</string>
				<key>LastUpgradeCheck</key>
				<string>0730</string>
				<key>ORGANIZATIONNAME</key>
				<string>NoName</string>
				<key>TargetAttributes</key>
				<dict>
					<key>1DF238531CB24DB700FFEFA5</key>
					<dict>
						<key>CreatedOnToolsVersion</key>
						<string>7.3</string>
					</dict>
					<key>1DF238671CB24DB700FFEFA5</key>
					<dict>
						<key>CreatedOnToolsVersion</key>
						<string>7.3</string>
						<key>TestTargetID</key>
						<string>1DF238531CB24DB700FFEFA5</string>
					</dict>
					<key>1DF238721CB24DB700FFEFA5</key>
					<dict>
						<key>CreatedOnToolsVersion</key>
						<string>7.3</string>
						<key>TestTargetID</key>
						<string>1DF238531CB24DB700FFEFA5</string>
					</dict>
				</dict>
			</dict>
			<key>buildConfigurationList</key>
			<string>1DF2384F1CB24DB700FFEFA5</string>
			<key>compatibilityVersion</key>
			<string>Xcode 3.2</string>
			<key>developmentRegion</key>
			<string>English</string>
			<key>hasScannedForEncodings</key>
			<string>0</string>
			<key>isa</key>
			<string>PBXProject</string>
			<key>knownRegions</key>
			<array>
				<string>en</string>
				<string>Base</string>
			</array>
			<key>mainGroup</key>
			<string>1DF2384B1CB24DB700FFEFA5</string>
			<key>productRefGroup</key>
			<string>1DF238551CB24DB700FFEFA5</string>
			<key>projectDirPath</key>
			<string></string>
			<key>projectReferences</key>
			<array/>
			<key>projectRoot</key>
			<string></string>
			<key>targets</key>
			<array>
				<string>1DF238531CB24DB700FFEFA5</string>
				<string>1DF238671CB24DB700FFEFA5</string>
				<string>1DF238721CB24DB700FFEFA5</string>
			</array>
		</dict>
		<key>1DF2384F1CB24DB700FFEFA5</key>
		<dict>
			<key>buildConfigurations</key>
			<array>
				<string>1DF2387A1CB24DB700FFEFA5</string>
				<string>1DF2387B1CB24DB700FFEFA5</string>
			</array>
			<key>defaultConfigurationIsVisible</key>
			<string>0</string>
			<key>defaultConfigurationName</key>
			<string>Release</string>
			<key>isa</key>
			<string>XCConfigurationList</string>
		</dict>
		<key>1DF238501CB24DB700FFEFA5</key>
		<dict>
			<key>buildActionMask</key>
			<string>2147483647</string>
			<key>files</key>
			<array>
				<string>1DF238581CB24DB700FFEFA5</string>
				<string>1CF560E7BB3A79362B1E1E25</string>
				<string>A8C5DCDDEFC52725C1450EC0</string>
				<string>92A178AC65C47D9CAA2716D9</string>
				<string>547EB2A46BB0D4C57FC1F221</string>
				<string>CDB2BD41A61BC0F26C8549D8</string>
				<string>71528EC6535865F549DF84BF</string>
				<string>A703F540D28BE552C9F27009</string>
				<string>E464E34A7805DAD8839FAC13</string>
				<string>3E51258D776CC99BDFDB9627</string>
				<string>665D23450A542358220640CE</string>
				<string>1B50E1BD898D2D246438D805</string>
				<string>03AE017DDD0C62229F1DD965</string>
				<string>7D4678BAD63A55671123A07B</string>
				<string>54A8871FCDF631516BC90A1D</string>
				<string>C09201820FC7240BCEA194B5</string>
				<string>795E542E210F068D0F32A1F9</string>
				<string>83B2D8E9838CE43EF9558BE1</string>
				<string>7E29BAEAE003EF3616964145</string>
				<string>A8C49790DD98240BA061CC04</string>
				<string>D8CEAA245ABD8601CFBA49BB</string>
				<string>D3C3D4E5D2C3D5EE4F8CC741</string>
				<string>E41263F17279BA2A515D96FF</string>
				<string>1D27E27F0082966240046528</string>
				<string>B758BE32DE4C645D5F7F0685</string>
				<string>7587EDA393D3DFE04F4B0058</string>
				<string>522863F6CB62C914A5162DD5</string>
				<string>81DD4C3433782F3F3E14E8DA</string>
				<string>95B187AC0038264BC358CFDC</string>
				<string>E0740FD6FA6080BD001E3716</string>
				<string>64B6F1587D876321059E8980</string>
				<string>61A1115094F75A92C6496583</string>
			</array>
			<key>isa</key>
			<string>PBXSourcesBuildPhase</string>
			<key>runOnlyForDeploymentPostprocessing</key>
			<string>0</string>
		</dict>
		<key>1DF238511CB24DB700FFEFA5</key>
		<dict>
			<key>buildActionMask</key>
			<string>2147483647</string>
			<key>files</key>
			<array/>
			<key>isa</key>
			<string>PBXFrameworksBuildPhase</string>
			<key>runOnlyForDeploymentPostprocessing</key>
			<string>0</string>
		</dict>
		<key>1DF238521CB24DB700FFEFA5</key>
		<dict>
			<key>buildActionMask</key>
			<string>2147483647</string>
			<key>files</key>
			<array>
				<string>1DF238621CB24DB700FFEFA5</string>
				<string>1DF2385F1CB24DB700FFEFA5</string>
				<string>54F73637CFC5D304D6DEAE3B</string>
				<string>8A6621E0B4B900A658158E4A</string>
				<string>AAE938D710D26512E63C28B7</string>
				<string>B9EB6D0A1DB7D04EE65B987D</string>
			</array>
			<key>isa</key>
			<string>PBXResourcesBuildPhase</string>
			<key>runOnlyForDeploymentPostprocessing</key>
			<string>0</string>
		</dict>
		<key>1DF238531CB24DB700FFEFA5</key>
		<dict>
			<key>buildConfigurationList</key>
			<string>1DF2387C1CB24DB700FFEFA5</string>
			<key>buildPhases</key>
			<array>
				<string>1DF238501CB24DB700FFEFA5</string>
				<string>1DF238511CB24DB700FFEFA5</string>
				<string>1DF238521CB24DB700FFEFA5</string>
			</array>
			<key>buildRules</key>
			<array/>
			<key>dependencies</key>
			<array/>
			<key>isa</key>
			<string>PBXNativeTarget</string>
			<key>name</key>
			<string>Sample3</string>
			<key>productName</key>
			<string>Sample3</string>
			<key>productReference</key>
			<string>1DF238541CB24DB700FFEFA5</string>
			<key>productType</key>
			<string>com.apple.product-type.application</string>
		</dict>
		<key>1DF238541CB24DB700FFEFA5</key>
		<dict>
			<key>explicitFileType</key>
			<string>wrapper.application</string>
			<key>includeInIndex</key>
			<string>0</string>
			<key>isa</key>
			<string>PBXFileReference</string>
			<key>path</key>
			<string>Sample3.app</string>
			<key>sourceTree</key>
			<string>BUILT_PRODUCTS_DIR</string>
		</dict>
		<key>1DF238551CB24DB700FFEFA5</key>
		<dict>
			<key>children</key>
			<array>
				<string>1DF238541CB24DB700FFEFA5</string>
				<string>1DF238681CB24DB700FFEFA5</string>
				<string>1DF238731CB24DB700FFEFA5</string>
			</array>
			<key>isa</key>
			<string>PBXGroup</string>
			<key>name</key>
			<string>Products</string>
			<key>sourceTree</key>
			<string>&lt;group&gt;</string>
		</dict>
		<key>1DF238561CB24DB700FFEFA5</key>
		<dict>
			<key>children</key>
			<array>
				<string>1DF238571CB24DB700FFEFA5</string>
				<string>1DF2385E1CB24DB700FFEFA5</string>
				<string>1DF238601CB24DB700FFEFA5</string>
				<string>1DF238631CB24DB700FFEFA5</string>
				<string>D3434190D3A135F1E79F8F97</string>
			</array>
			<key>isa</key>
			<string>PBXGroup</string>
			<key>path</key>
			<string>Sample3</string>
			<key>sourceTree</key>
			<string>&lt;group&gt;</string>
		</dict>
		<key>1DF238571CB24DB700FFEFA5</key>
		<dict>
			<key>isa</key>
			<string>PBXFileReference</string>
			<key>lastKnownFileType</key>
			<string>sourcecode.swift</string>
			<key>path</key>
			<string>AppDelegate.swift</string>
			<key>sourceTree</key>
			<string>&lt;group&gt;</string>
		</dict>
		<key>1DF238581CB24DB700FFEFA5</key>
		<dict>
			<key>fileRef</key>
			<string>1DF238571CB24DB700FFEFA5</string>
			<key>isa</key>
			<string>PBXBuildFile</string>
		</dict>
		<key>1DF2385E1CB24DB700FFEFA5</key>
		<dict>
			<key>isa</key>
			<string>PBXFileReference</string>
			<key>lastKnownFileType</key>
			<string>folder.assetcatalog</string>
			<key>path</key>
			<string>Assets.xcassets</string>
			<key>sourceTree</key>
			<string>&lt;group&gt;</string>
		</dict>
		<key>1DF2385F1CB24DB700FFEFA5</key>
		<dict>
			<key>fileRef</key>
			<string>1DF2385E1CB24DB700FFEFA5</string>
			<key>isa</key>
			<string>PBXBuildFile</string>
		</dict>
		<key>1DF238601CB24DB700FFEFA5</key>
		<dict>
			<key>children</key>
			<array>
				<string>1DF238611CB24DB700FFEFA5</string>
			</array>
			<key>isa</key>
			<string>PBXVariantGroup</string>
			<key>name</key>
			<string>LaunchScreen.storyboard</string>
			<key>sourceTree</key>
			<string>&lt;group&gt;</string>
		</dict>
		<key>1DF238611CB24DB700FFEFA5</key>
		<dict>
			<key>isa</key>
			<string>PBXFileReference</string>
			<key>lastKnownFileType</key>
			<string>file.storyboard</string>
			<key>name</key>
			<string>Base</string>
			<key>path</key>
			<string>Base.lproj/LaunchScreen.storyboard</string>
			<key>sourceTree</key>
			<string>&lt;group&gt;</string>
		</dict>
		<key>1DF238621CB24DB700FFEFA5</key>
		<dict>
			<key>fileRef</key>
			<string>1DF238601CB24DB700FFEFA5</string>
			<key>isa</key>
			<string>PBXBuildFile</string>
		</dict>
		<key>1DF238631CB24DB700FFEFA5</key>
		<dict>
			<key>isa</key>
			<string>PBXFileReference</string>
			<key>lastKnownFileType</key>
			<string>text.plist.xml</string>
			<key>path</key>
			<string>Info.plist</string>
			<key>sourceTree</key>
			<string>&lt;group&gt;</string>
		</dict>
		<key>1DF238641CB24DB700FFEFA5</key>
		<dict>
			<key>buildActionMask</key>
			<string>2147483647</string>
			<key>files</key>
			<array>
				<string>1DF2386D1CB24DB700FFEFA5</string>
			</array>
			<key>isa</key>
			<string>PBXSourcesBuildPhase</string>
			<key>runOnlyForDeploymentPostprocessing</key>
			<string>0</string>
		</dict>
		<key>1DF238651CB24DB700FFEFA5</key>
		<dict>
			<key>buildActionMask</key>
			<string>2147483647</string>
			<key>files</key>
			<array/>
			<key>isa</key>
			<string>PBXFrameworksBuildPhase</string>
			<key>runOnlyForDeploymentPostprocessing</key>
			<string>0</string>
		</dict>
		<key>1DF238661CB24DB700FFEFA5</key>
		<dict>
			<key>buildActionMask</key>
			<string>2147483647</string>
			<key>files</key>
			<array/>
			<key>isa</key>
			<string>PBXResourcesBuildPhase</string>
			<key>runOnlyForDeploymentPostprocessing</key>
			<string>0</string>
		</dict>
		<key>1DF238671CB24DB700FFEFA5</key>
		<dict>
			<key>buildConfigurationList</key>
			<string>1DF2387F1CB24DB700FFEFA5</string>
			<key>buildPhases</key>
			<array>
				<string>1DF238641CB24DB700FFEFA5</string>
				<string>1DF238651CB24DB700FFEFA5</string>
				<string>1DF238661CB24DB700FFEFA5</string>
			</array>
			<key>buildRules</key>
			<array/>
			<key>dependencies</key>
			<array>
				<string>1DF2386A1CB24DB700FFEFA5</string>
			</array>
			<key>isa</key>
			<string>PBXNativeTarget</string>
			<key>name</key>
			<string>Sample3Tests</string>
			<key>productName</key>
			<string>Sample3Tests</string>
			<key>productReference</key>
			<string>1DF238681CB24DB700FFEFA5</string>
			<key>productType</key>
			<string>com.apple.product-type.bundle.unit-test</string>
		</dict>
		<key>1DF238681CB24DB700FFEFA5</key>
		<dict>
			<key>explicitFileType</key>
			<string>wrapper.cfbundle</string>
			<key>includeInIndex</key>
			<string>0</string>
			<key>isa</key>
			<string>PBXFileReference</string>
			<key>path</key>
			<string>Sample3Tests.xctest</string>
			<key>sourceTree</key>
			<string>BUILT_PRODUCTS_DIR</string>
		</dict>
		<key>1DF238691CB24DB700FFEFA5</key>
		<dict>
			<key>containerPortal</key>
			<string>1DF2384C1CB24DB700FFEFA5</string>
			<key>isa</key>
			<string>PBXContainerItemProxy</string>
			<key>proxyType</key>
			<string>1</string>
			<key>remoteGlobalIDString</key>
			<string>1DF238531CB24DB700FFEFA5</string>
			<key>remoteInfo</key>
			<string>Sample3</string>
		</dict>
		<key>1DF2386A1CB24DB700FFEFA5</key>
		<dict>
			<key>isa</key>
			<string>PBXTargetDependency</string>
			<key>target</key>
			<string>1DF238531CB24DB700FFEFA5</string>
			<key>targetProxy</key>
			<string>1DF238691CB24DB700FFEFA5</string>
		</dict>
		<key>1DF2386B1CB24DB700FFEFA5</key>
		<dict>
			<key>children</key>
			<array>
				<string>1DF2386C1CB24DB700FFEFA5</string>
				<string>1DF2386E1CB24DB700FFEFA5</string>
			</array>
			<key>isa</key>
			<string>PBXGroup</string>
			<key>path</key>
			<string>Sample3Tests</string>
			<key>sourceTree</key>
			<string>&lt;group&gt;</string>
		</dict>
		<key>1DF2386C1CB24DB700FFEFA5</key>
		<dict>
			<key>isa</key>
			<string>PBXFileReference</string>
			<key>lastKnownFileType</key>
			<string>sourcecode.swift</string>
			<key>path</key>
			<string>Sample3Tests.swift</string>
			<key>sourceTree</key>
			<string>&lt;group&gt;</string>
		</dict>
		<key>1DF2386D1CB24DB700FFEFA5</key>
		<dict>
			<key>fileRef</key>
			<string>1DF2386C1CB24DB700FFEFA5</string>
			<key>isa</key>
			<string>PBXBuildFile</string>
		</dict>
		<key>1DF2386E1CB24DB700FFEFA5</key>
		<dict>
			<key>isa</key>
			<string>PBXFileReference</string>
			<key>lastKnownFileType</key>
			<string>text.plist.xml</string>
			<key>path</key>
			<string>Info.plist</string>
			<key>sourceTree</key>
			<string>&lt;group&gt;</string>
		</dict>
		<key>1DF2386F1CB24DB700FFEFA5</key>
		<dict>
			<key>buildActionMask</key>
			<string>2147483647</string>
			<key>files</key>
			<array>
				<string>1DF238781CB24DB700FFEFA5</string>
			</array>
			<key>isa</key>
			<string>PBXSourcesBuildPhase</string>
			<key>runOnlyForDeploymentPostprocessing</key>
			<string>0</string>
		</dict>
		<key>1DF238701CB24DB700FFEFA5</key>
		<dict>
			<key>buildActionMask</key>
			<string>2147483647</string>
			<key>files</key>
			<array/>
			<key>isa</key>
			<string>PBXFrameworksBuildPhase</string>
			<key>runOnlyForDeploymentPostprocessing</key>
			<string>0</string>
		</dict>
		<key>1DF238711CB24DB700FFEFA5</key>
		<dict>
			<key>buildActionMask</key>
			<string>2147483647</string>
			<key>files</key>
			<array/>
			<key>isa</key>
			<string>PBXResourcesBuildPhase</string>
			<key>runOnlyForDeploymentPostprocessing</key>
			<string>0</string>
		</dict>
		<key>1DF238721CB24DB700FFEFA5</key>
		<dict>
			<key>buildConfigurationList</key>
			<string>1DF238821CB24DB700FFEFA5</string>
			<key>buildPhases</key>
			<array>
				<string>1DF2386F1CB24DB700FFEFA5</string>
				<string>1DF238701CB24DB700FFEFA5</string>
				<string>1DF238711CB24DB700FFEFA5</string>
			</array>
			<key>buildRules</key>
			<array/>
			<key>dependencies</key>
			<array>
				<string>1DF238751CB24DB700FFEFA5</string>
			</array>
			<key>isa</key>
			<string>PBXNativeTarget</string>
			<key>name</key>
			<string>Sample3UITests</string>
			<key>productName</key>
			<string>Sample3UITests</string>
			<key>productReference</key>
			<string>1DF238731CB24DB700FFEFA5</string>
			<key>productType</key>
			<string>com.apple.product-type.bundle.ui-testing</string>
		</dict>
		<key>1DF238731CB24DB700FFEFA5</key>
		<dict>
			<key>explicitFileType</key>
			<string>wrapper.cfbundle</string>
			<key>includeInIndex</key>
			<string>0</string>
			<key>isa</key>
			<string>PBXFileReference</string>
			<key>path</key>
			<string>Sample3UITests.xctest</string>
			<key>sourceTree</key>
			<string>BUILT_PRODUCTS_DIR</string>
		</dict>
		<key>1DF238741CB24DB700FFEFA5</key>
		<dict>
			<key>containerPortal</key>
			<string>1DF2384C1CB24DB700FFEFA5</string>
			<key>isa</key>
			<string>PBXContainerItemProxy</string>
			<key>proxyType</key>
			<string>1</string>
			<key>remoteGlobalIDString</key>
			<string>1DF238531CB24DB700FFEFA5</string>
			<key>remoteInfo</key>
			<string>Sample3</string>
		</dict>
		<key>1DF238751CB24DB700FFEFA5</key>
		<dict>
			<key>isa</key>
			<string>PBXTargetDependency</string>
			<key>target</key>
			<string>1DF238531CB24DB700FFEFA5</string>
			<key>targetProxy</key>
			<string>1DF238741CB24DB700FFEFA5</string>
		</dict>
		<key>1DF238761CB24DB700FFEFA5</key>
		<dict>
			<key>children</key>
			<array>
				<string>1DF238771CB24DB700FFEFA5</string>
				<string>1DF238791CB24DB700FFEFA5</string>
			</array>
			<key>isa</key>
			<string>PBXGroup</string>
			<key>path</key>
			<string>Sample3UITests</string>
			<key>sourceTree</key>
			<string>&lt;group&gt;</string>
		</dict>
		<key>1DF238771CB24DB700FFEFA5</key>
		<dict>
			<key>isa</key>
			<string>PBXFileReference</string>
			<key>lastKnownFileType</key>
			<string>sourcecode.swift</string>
			<key>path</key>
			<string>Sample3UITests.swift</string>
			<key>sourceTree</key>
			<string>&lt;group&gt;</string>
		</dict>
		<key>1DF238781CB24DB700FFEFA5</key>
		<dict>
			<key>fileRef</key>
			<string>1DF238771CB24DB700FFEFA5</string>
			<key>isa</key>
			<string>PBXBuildFile</string>
		</dict>
		<key>1DF238791CB24DB700FFEFA5</key>
		<dict>
			<key>isa</key>
			<string>PBXFileReference</string>
			<key>lastKnownFileType</key>
			<string>text.plist.xml</string>
			<key>path</key>
			<string>Info.plist</string>
			<key>sourceTree</key>
			<string>&lt;group&gt;</string>
		</dict>
		<key>1DF2387A1CB24DB700FFEFA5</key>
		<dict>
			<key>buildSettings</key>
			<dict>
				<key>ALWAYS_SEARCH_USER_PATHS</key>
				<string>NO</string>
				<key>CLANG_ANALYZER_NONNULL</key>
				<string>YES</string>
				<key>CLANG_CXX_LANGUAGE_STANDARD</key>
				<string>gnu++0x</string>
				<key>CLANG_CXX_LIBRARY</key>
				<string>libc++</string>
				<key>CLANG_ENABLE_MODULES</key>
				<string>YES</string>
				<key>CLANG_ENABLE_OBJC_ARC</key>
				<string>YES</string>
				<key>CLANG_WARN_BOOL_CONVERSION</key>
				<string>YES</string>
				<key>CLANG_WARN_CONSTANT_CONVERSION</key>
				<string>YES</string>
				<key>CLANG_WARN_DIRECT_OBJC_ISA_USAGE</key>
				<string>YES_ERROR</string>
				<key>CLANG_WARN_EMPTY_BODY</key>
				<string>YES</string>
				<key>CLANG_WARN_ENUM_CONVERSION</key>
				<string>YES</string>
				<key>CLANG_WARN_INT_CONVERSION</key>
				<string>YES</string>
				<key>CLANG_WARN_OBJC_ROOT_CLASS</key>
				<string>YES_ERROR</string>
				<key>CLANG_WARN_UNREACHABLE_CODE</key>
				<string>YES</string>
				<key>CLANG_WARN__DUPLICATE_METHOD_MATCH</key>
				<string>YES</string>
				<key>CODE_SIGN_IDENTITY[sdk=iphoneos*]</key>
				<string>iPhone Developer</string>
				<key>COPY_PHASE_STRIP</key>
				<string>NO</string>
				<key>DEBUG_INFORMATION_FORMAT</key>
				<string>dwarf</string>
				<key>ENABLE_STRICT_OBJC_MSGSEND</key>
				<string>YES</string>
				<key>ENABLE_TESTABILITY</key>
				<string>YES</string>
				<key>GCC_C_LANGUAGE_STANDARD</key>
				<string>gnu99</string>
				<key>GCC_DYNAMIC_NO_PIC</key>
				<string>NO</string>
				<key>GCC_NO_COMMON_BLOCKS</key>
				<string>YES</string>
				<key>GCC_OPTIMIZATION_LEVEL</key>
				<string>0</string>
				<key>GCC_PREPROCESSOR_DEFINITIONS</key>
				<array>
					<string>DEBUG=1</string>
					<string>$(inherited)</string>
				</array>
				<key>GCC_WARN_64_TO_32_BIT_CONVERSION</key>
				<string>YES</string>
				<key>GCC_WARN_ABOUT_RETURN_TYPE</key>
				<string>YES_ERROR</string>
				<key>GCC_WARN_UNDECLARED_SELECTOR</key>
				<string>YES</string>
				<key>GCC_WARN_UNINITIALIZED_AUTOS</key>
				<string>YES_AGGRESSIVE</string>
				<key>GCC_WARN_UNUSED_FUNCTION</key>
				<string>YES</string>
				<key>GCC_WARN_UNUSED_VARIABLE</key>
				<string>YES</string>
				<key>IPHONEOS_DEPLOYMENT_TARGET</key>
				<string>9.3</string>
				<key>MTL_ENABLE_DEBUG_INFO</key>
				<string>YES</string>
				<key>ONLY_ACTIVE_ARCH</key>
				<string>YES</string>
				<key>SDKROOT</key>
				<string>iphoneos</string>
				<key>SWIFT_OPTIMIZATION_LEVEL</key>
				<string>-Onone</string>
				<key>TARGETED_DEVICE_FAMILY</key>
				<string>1,2</string>
			</dict>
			<key>isa</key>
			<string>XCBuildConfiguration</string>
			<key>name</key>
			<string>Debug</string>
		</dict>
		<key>1DF2387B1CB24DB700FFEFA5</key>
		<dict>
			<key>buildSettings</key>
			<dict>
				<key>ALWAYS_SEARCH_USER_PATHS</key>
				<string>NO</string>
				<key>CLANG_ANALYZER_NONNULL</key>
				<string>YES</string>
				<key>CLANG_CXX_LANGUAGE_STANDARD</key>
				<string>gnu++0x</string>
				<key>CLANG_CXX_LIBRARY</key>
				<string>libc++</string>
				<key>CLANG_ENABLE_MODULES</key>
				<string>YES</string>
				<key>CLANG_ENABLE_OBJC_ARC</key>
				<string>YES</string>
				<key>CLANG_WARN_BOOL_CONVERSION</key>
				<string>YES</string>
				<key>CLANG_WARN_CONSTANT_CONVERSION</key>
				<string>YES</string>
				<key>CLANG_WARN_DIRECT_OBJC_ISA_USAGE</key>
				<string>YES_ERROR</string>
				<key>CLANG_WARN_EMPTY_BODY</key>
				<string>YES</string>
				<key>CLANG_WARN_ENUM_CONVERSION</key>
				<string>YES</string>
				<key>CLANG_WARN_INT_CONVERSION</key>
				<string>YES</string>
				<key>CLANG_WARN_OBJC_ROOT_CLASS</key>
				<string>YES_ERROR</string>
				<key>CLANG_WARN_UNREACHABLE_CODE</key>
				<string>YES</string>
				<key>CLANG_WARN__DUPLICATE_METHOD_MATCH</key>
				<string>YES</string>
				<key>CODE_SIGN_IDENTITY[sdk=iphoneos*]</key>
				<string>iPhone Developer</string>
				<key>COPY_PHASE_STRIP</key>
				<string>NO</string>
				<key>DEBUG_INFORMATION_FORMAT</key>
				<string>dwarf-with-dsym</string>
				<key>ENABLE_NS_ASSERTIONS</key>
				<string>NO</string>
				<key>ENABLE_STRICT_OBJC_MSGSEND</key>
				<string>YES</string>
				<key>GCC_C_LANGUAGE_STANDARD</key>
				<string>gnu99</string>
				<key>GCC_NO_COMMON_BLOCKS</key>
				<string>YES</string>
				<key>GCC_WARN_64_TO_32_BIT_CONVERSION</key>
				<string>YES</string>
				<key>GCC_WARN_ABOUT_RETURN_TYPE</key>
				<string>YES_ERROR</string>
				<key>GCC_WARN_UNDECLARED_SELECTOR</key>
				<string>YES</string>
				<key>GCC_WARN_UNINITIALIZED_AUTOS</key>
				<string>YES_AGGRESSIVE</string>
				<key>GCC_WARN_UNUSED_FUNCTION</key>
				<string>YES</string>
				<key>GCC_WARN_UNUSED_VARIABLE</key>
				<string>YES</string>
				<key>IPHONEOS_DEPLOYMENT_TARGET</key>
				<string>9.3</string>
				<key>MTL_ENABLE_DEBUG_INFO</key>
				<string>NO</string>
				<key>SDKROOT</key>
				<string>iphoneos</string>
				<key>TARGETED_DEVICE_FAMILY</key>
				<string>1,2</string>
				<key>VALIDATE_PRODUCT</key>
				<string>YES</string>
			</dict>
			<key>isa</key>
			<string>XCBuildConfiguration</string>
			<key>name</key>
			<string>Release</string>
		</dict>
		<key>1DF2387C1CB24DB700FFEFA5</key>
		<dict>
			<key>buildConfigurations</key>
			<array>
				<string>1DF2387D1CB24DB700FFEFA5</string>
				<string>1DF2387E1CB24DB700FFEFA5</string>
			</array>
			<key>defaultConfigurationIsVisible</key>
			<string>0</string>
			<key>defaultConfigurationName</key>
			<string>Release</string>
			<key>isa</key>
			<string>XCConfigurationList</string>
		</dict>
		<key>1DF2387D1CB24DB700FFEFA5</key>
		<dict>
			<key>buildSettings</key>
			<dict>
				<key>ASSETCATALOG_COMPILER_APPICON_NAME</key>
				<string>AppIcon</string>
				<key>INFOPLIST_FILE</key>
				<string>Sample3/Info.plist</string>
				<key>LD_RUNPATH_SEARCH_PATHS</key>
				<string>$(inherited) @executable_path/Frameworks</string>
				<key>PRODUCT_BUNDLE_IDENTIFIER</key>
				<string>com.noname.Sample3</string>
				<key>PRODUCT_NAME</key>
				<string>$(TARGET_NAME)</string>
			</dict>
			<key>isa</key>
			<string>XCBuildConfiguration</string>
			<key>name</key>
			<string>Debug</string>
		</dict>
		<key>1DF2387E1CB24DB700FFEFA5</key>
		<dict>
			<key>buildSettings</key>
			<dict>
				<key>ASSETCATALOG_COMPILER_APPICON_NAME</key>
				<string>AppIcon</string>
				<key>INFOPLIST_FILE</key>
				<string>Sample3/Info.plist</string>
				<key>LD_RUNPATH_SEARCH_PATHS</key>
				<string>$(inherited) @executable_path/Frameworks</string>
				<key>PRODUCT_BUNDLE_IDENTIFIER</key>
				<string>com.noname.Sample3</string>
				<key>PRODUCT_NAME</key>
				<string>$(TARGET_NAME)</string>
			</dict>
			<key>isa</key>
			<string>XCBuildConfiguration</string>
			<key>name</key>
			<string>Release</string>
		</dict>
		<key>1DF2387F1CB24DB700FFEFA5</key>
		<dict>
			<key>buildConfigurations</key>
			<array>
				<string>1DF238801CB24DB700FFEFA5</string>
				<string>1DF238811CB24DB700FFEFA5</string>
			</array>
			<key>defaultConfigurationIsVisible</key>
			<string>0</string>
			<key>defaultConfigurationName</key>
			<string>Release</string>
			<key>isa</key>
			<string>XCConfigurationList</string>
		</dict>
		<key>1DF238801CB24DB700FFEFA5</key>
		<dict>
			<key>buildSettings</key>
			<dict>
				<key>BUNDLE_LOADER</key>
				<string>$(TEST_HOST)</string>
				<key>INFOPLIST_FILE</key>
				<string>Sample3Tests/Info.plist</string>
				<key>LD_RUNPATH_SEARCH_PATHS</key>
				<string>$(inherited) @executable_path/Frameworks @loader_path/Frameworks</string>
				<key>PRODUCT_BUNDLE_IDENTIFIER</key>
				<string>com.noname.Sample3Tests</string>
				<key>PRODUCT_NAME</key>
				<string>$(TARGET_NAME)</string>
				<key>TEST_HOST</key>
				<string>$(BUILT_PRODUCTS_DIR)/Sample3.app/Sample3</string>
			</dict>
			<key>isa</key>
			<string>XCBuildConfiguration</string>
			<key>name</key>
			<string>Debug</string>
		</dict>
		<key>1DF238811CB24DB700FFEFA5</key>
		<dict>
			<key>buildSettings</key>
			<dict>
				<key>BUNDLE_LOADER</key>
				<string>$(TEST_HOST)</string>
				<key>INFOPLIST_FILE</key>
				<string>Sample3Tests/Info.plist</string>
				<key>LD_RUNPATH_SEARCH_PATHS</key>
				<string>$(inherited) @executable_path/Frameworks @loader_path/Frameworks</string>
				<key>PRODUCT_BUNDLE_IDENTIFIER</key>
				<string>com.noname.Sample3Tests</string>
				<key>PRODUCT_NAME</key>
				<string>$(TARGET_NAME)</string>
				<key>TEST_HOST</key>
				<string>$(BUILT_PRODUCTS_DIR)/Sample3.app/Sample3</string>
			</dict>
			<key>isa</key>
			<string>XCBuildConfiguration</string>
			<key>name</key>
			<string>Release</string>
		</dict>
		<key>1DF238821CB24DB700FFEFA5</key>
		<dict>
			<key>buildConfigurations</key>
			<array>
				<string>1DF238831CB24DB700FFEFA5</string>
				<string>1DF238841CB24DB700FFEFA5</string>
			</array>
			<key>defaultConfigurationIsVisible</key>
			<string>0</string>
			<key>defaultConfigurationName</key>
			<string>Release</string>
			<key>isa</key>
			<string>XCConfigurationList</string>
		</dict>
		<key>1DF238831CB24DB700FFEFA5</key>
		<dict>
			<key>buildSettings</key>
			<dict>
				<key>INFOPLIST_FILE</key>
				<string>Sample3UITests/Info.plist</string>
				<key>LD_RUNPATH_SEARCH_PATHS</key>
				<string>$(inherited) @executable_path/Frameworks @loader_path/Frameworks</string>
				<key>PRODUCT_BUNDLE_IDENTIFIER</key>
				<string>com.noname.Sample3UITests</string>
				<key>PRODUCT_NAME</key>
				<string>$(TARGET_NAME)</string>
				<key>TEST_TARGET_NAME</key>
				<string>Sample3</string>
			</dict>
			<key>isa</key>
			<string>XCBuildConfiguration</string>
			<key>name</key>
			<string>Debug</string>
		</dict>
		<key>1DF238841CB24DB700FFEFA5</key>
		<dict>
			<key>buildSettings</key>
			<dict>
				<key>INFOPLIST_FILE</key>
				<string>Sample3UITests/Info.plist</string>
				<key>LD_RUNPATH_SEARCH_PATHS</key>
				<string>$(inherited) @executable_path/Frameworks @loader_path/Frameworks</string>
				<key>PRODUCT_BUNDLE_IDENTIFIER</key>
				<string>com.noname.Sample3UITests</string>
				<key>PRODUCT_NAME</key>
				<string>$(TARGET_NAME)</string>
				<key>TEST_TARGET_NAME</key>
				<string>Sample3</string>
			</dict>
			<key>isa</key>
			<string>XCBuildConfiguration</string>
			<key>name</key>
			<string>Release</string>
		</dict>
		<key>22F7F2037B376F2C2B5FA390</key>
		<dict>
			<key>children</key>
			<array>
				<string>DB3826565EA22AFE618CF2E4</string>
			</array>
			<key>isa</key>
			<string>PBXGroup</string>
			<key>name</key>
			<string>Presenter</string>
			<key>path</key>
			<string>Presenter</string>
			<key>sourceTree</key>
			<string>&lt;group&gt;</string>
		</dict>
		<key>247EFB62C238453FC769C9F5</key>
		<dict>
			<key>includeInIndex</key>
			<string>1</string>
			<key>isa</key>
			<string>PBXFileReference</string>
			<key>lastKnownFileType</key>
			<string>sourcecode.swift</string>
			<key>path</key>
			<string>NNListModule.swift</string>
			<key>sourceTree</key>
			<string>&lt;group&gt;</string>
		</dict>
		<key>25E86DCB3853AA8709ECCAAE</key>
		<dict>
			<key>includeInIndex</key>
			<string>1</string>
			<key>isa</key>
			<string>PBXFileReference</string>
			<key>lastKnownFileType</key>
			<string>sourcecode.swift</string>
			<key>path</key>
			<string>NNListViewController.swift</string>
			<key>sourceTree</key>
			<string>&lt;group&gt;</string>
		</dict>
		<key>28F7307856FE5B0807B3FFE9</key>
		<dict>
			<key>includeInIndex</key>
			<string>1</string>
			<key>isa</key>
			<string>PBXFileReference</string>
			<key>lastKnownFileType</key>
			<string>sourcecode.swift</string>
			<key>path</key>
			<string>NNEmptyDetailprotocols.swift</string>
			<key>sourceTree</key>
			<string>&lt;group&gt;</string>
		</dict>
		<key>2FA9AE435C1E63A3B76336BC</key>
		<dict>
			<key>includeInIndex</key>
			<string>1</string>
			<key>isa</key>
			<string>PBXFileReference</string>
			<key>lastKnownFileType</key>
			<string>file.xib</string>
			<key>path</key>
			<string>NNListCell.xib</string>
			<key>sourceTree</key>
			<string>&lt;group&gt;</string>
		</dict>
		<key>3146ABA7DC594B0E935E7267</key>
		<dict>
			<key>children</key>
			<array>
				<string>D82BE044684790BB632DD2DF</string>
				<string>9C89512BFBF875248ABF8EC9</string>
				<string>7CBD695BC0C1B00251293AE7</string>
			</array>
			<key>isa</key>
			<string>PBXGroup</string>
			<key>name</key>
			<string>Application Logic</string>
			<key>path</key>
			<string>Application Logic</string>
			<key>sourceTree</key>
			<string>&lt;group&gt;</string>
		</dict>
		<key>3773E6975D6C9EA6C7F4BF33</key>
		<dict>
			<key>children</key>
			<array>
				<string>920076AB5F1230E035C43573</string>
			</array>
			<key>isa</key>
			<string>PBXGroup</string>
			<key>name</key>
			<string>Module</string>
			<key>path</key>
			<string>Module</string>
			<key>sourceTree</key>
			<string>&lt;group&gt;</string>
		</dict>
		<key>3DF6E319DB8CBAF3088F5024</key>
		<dict>
			<key>includeInIndex</key>
			<string>1</string>
			<key>isa</key>
			<string>PBXFileReference</string>
			<key>lastKnownFileType</key>
			<string>sourcecode.swift</string>
			<key>path</key>
			<string>NNDetailModel.swift</string>
			<key>sourceTree</key>
			<string>&lt;group&gt;</string>
		</dict>
		<key>3E51258D776CC99BDFDB9627</key>
		<dict>
			<key>fileRef</key>
			<string>DB3826565EA22AFE618CF2E4</string>
			<key>isa</key>
			<string>PBXBuildFile</string>
		</dict>
		<key>3FE472DCC378B7DA708A949D</key>
		<dict>
			<key>includeInIndex</key>
			<string>1</string>
			<key>isa</key>
			<string>PBXFileReference</string>
			<key>lastKnownFileType</key>
			<string>sourcecode.swift</string>
			<key>path</key>
			<string>NNVIPERProtocols.swift</string>
			<key>sourceTree</key>
			<string>&lt;group&gt;</string>
		</dict>
		<key>43AF7AC26E0DD5ECD1262D8A</key>
		<dict>
			<key>children</key>
			<array>
				<string>FB7A56C5C9780861154B24A7</string>
			</array>
			<key>isa</key>
			<string>PBXGroup</string>
			<key>name</key>
			<string>Interactor</string>
			<key>path</key>
			<string>Interactor</string>
			<key>sourceTree</key>
			<string>&lt;group&gt;</string>
		</dict>
		<key>461150D5B22052110CC18869</key>
		<dict>
			<key>includeInIndex</key>
			<string>1</string>
			<key>isa</key>
			<string>PBXFileReference</string>
			<key>lastKnownFileType</key>
			<string>sourcecode.swift</string>
			<key>path</key>
			<string>NNIPadLauncherProtocols.swift</string>
			<key>sourceTree</key>
			<string>&lt;group&gt;</string>
		</dict>
		<key>4886B3F74F4A5A0943EBB3F4</key>
		<dict>
			<key>includeInIndex</key>
			<string>1</string>
			<key>isa</key>
			<string>PBXFileReference</string>
			<key>lastKnownFileType</key>
			<string>sourcecode.swift</string>
			<key>path</key>
			<string>NNListCell.swift</string>
			<key>sourceTree</key>
			<string>&lt;group&gt;</string>
		</dict>
		<key>488D5C46A12D5E32EAB85534</key>
		<dict>
			<key>children</key>
			<array>
				<string>DB0C1EFF3D7959B23DF94CBF</string>
			</array>
			<key>isa</key>
			<string>PBXGroup</string>
			<key>name</key>
			<string>Presenter</string>
			<key>path</key>
			<string>Presenter</string>
			<key>sourceTree</key>
			<string>&lt;group&gt;</string>
		</dict>
		<key>4A836219450C9475A72C8B8F</key>
		<dict>
			<key>includeInIndex</key>
			<string>1</string>
			<key>isa</key>
			<string>PBXFileReference</string>
			<key>lastKnownFileType</key>
			<string>sourcecode.swift</string>
			<key>path</key>
			<string>NNIPadLauncherModule.swift</string>
			<key>sourceTree</key>
			<string>&lt;group&gt;</string>
		</dict>
		<key>4B9424387C68CD3800622D99</key>
		<dict>
			<key>children</key>
			<array>
				<string>089AAD95F1DE37128A19792A</string>
				<string>806D57D169901258D1A8386E</string>
			</array>
			<key>isa</key>
			<string>PBXGroup</string>
			<key>name</key>
			<string>IPhoneLauncher</string>
			<key>path</key>
			<string>IPhoneLauncher</string>
			<key>sourceTree</key>
			<string>&lt;group&gt;</string>
		</dict>
		<key>522863F6CB62C914A5162DD5</key>
		<dict>
			<key>fileRef</key>
			<string>19B1B83E7F9FE95B4938AFC7</string>
			<key>isa</key>
			<string>PBXBuildFile</string>
		</dict>
		<key>543741FE887A94E17DC6216A</key>
		<dict>
			<key>includeInIndex</key>
			<string>1</string>
			<key>isa</key>
			<string>PBXFileReference</string>
			<key>lastKnownFileType</key>
			<string>sourcecode.swift</string>
			<key>path</key>
			<string>NNEmptyDetailViewController.swift</string>
			<key>sourceTree</key>
			<string>&lt;group&gt;</string>
		</dict>
		<key>547EB2A46BB0D4C57FC1F221</key>
		<dict>
			<key>fileRef</key>
			<string>DB0C1EFF3D7959B23DF94CBF</string>
			<key>isa</key>
			<string>PBXBuildFile</string>
		</dict>
		<key>54A8871FCDF631516BC90A1D</key>
		<dict>
			<key>fileRef</key>
			<string>3DF6E319DB8CBAF3088F5024</string>
			<key>isa</key>
			<string>PBXBuildFile</string>
		</dict>
		<key>54C3570F466FE364E2B2954C</key>
		<dict>
			<key>children</key>
			<array>
				<string>CE79A06D46319EC394912087</string>
			</array>
			<key>isa</key>
			<string>PBXGroup</string>
			<key>name</key>
			<string>Interactor</string>
			<key>path</key>
			<string>Interactor</string>
			<key>sourceTree</key>
			<string>&lt;group&gt;</string>
		</dict>
		<key>54F73637CFC5D304D6DEAE3B</key>
		<dict>
			<key>fileRef</key>
			<string>C46B90CD7F79A332D899FB4B</string>
			<key>isa</key>
			<string>PBXBuildFile</string>
		</dict>
		<key>56DBE2D49E3C30D9CBCE9BEB</key>
		<dict>
			<key>children</key>
			<array>
				<string>E386DC57E40AB95F3166D575</string>
			</array>
			<key>isa</key>
			<string>PBXGroup</string>
			<key>name</key>
			<string>Manager</string>
			<key>path</key>
			<string>Manager</string>
			<key>sourceTree</key>
			<string>&lt;group&gt;</string>
		</dict>
		<key>5A34821804947B264DC65043</key>
		<dict>
			<key>children</key>
			<array>
				<string>4A836219450C9475A72C8B8F</string>
			</array>
			<key>isa</key>
			<string>PBXGroup</string>
			<key>name</key>
			<string>Module</string>
			<key>path</key>
			<string>Module</string>
			<key>sourceTree</key>
			<string>&lt;group&gt;</string>
		</dict>
		<key>5C5A9FF66B704EEED6683D8F</key>
		<dict>
			<key>children</key>
			<array>
				<string>D49C86002D0FAFF530B072BC</string>
			</array>
			<key>isa</key>
			<string>PBXGroup</string>
			<key>name</key>
			<string>IPadLauncher</string>
			<key>path</key>
			<string>IPadLauncher</string>
			<key>sourceTree</key>
			<string>&lt;group&gt;</string>
		</dict>
		<key>5E590E63FB6CC134FC563983</key>
		<dict>
			<key>children</key>
			<array>
				<string>543741FE887A94E17DC6216A</string>
				<string>C46B90CD7F79A332D899FB4B</string>
			</array>
			<key>isa</key>
			<string>PBXGroup</string>
			<key>name</key>
			<string>View</string>
			<key>path</key>
			<string>View</string>
			<key>sourceTree</key>
			<string>&lt;group&gt;</string>
		</dict>
		<key>5F81A568AA7D28946D4EE00E</key>
		<dict>
			<key>includeInIndex</key>
			<string>1</string>
			<key>isa</key>
			<string>PBXFileReference</string>
			<key>lastKnownFileType</key>
			<string>sourcecode.swift</string>
			<key>path</key>
			<string>NNDetailPresenter.swift</string>
			<key>sourceTree</key>
			<string>&lt;group&gt;</string>
		</dict>
		<key>600BBC8AB6CBF0D492F6C4F4</key>
		<dict>
			<key>includeInIndex</key>
			<string>1</string>
			<key>isa</key>
			<string>PBXFileReference</string>
			<key>lastKnownFileType</key>
			<string>file.xib</string>
			<key>path</key>
			<string>NNDetailViewController.xib</string>
			<key>sourceTree</key>
			<string>&lt;group&gt;</string>
		</dict>
		<key>6075A5243F42A6460FFAF70E</key>
		<dict>
			<key>includeInIndex</key>
			<string>1</string>
			<key>isa</key>
			<string>PBXFileReference</string>
			<key>lastKnownFileType</key>
			<string>sourcecode.swift</string>
			<key>path</key>
			<string>NNListManager.swift</string>
			<key>sourceTree</key>
			<string>&lt;group&gt;</string>
		</dict>
		<key>61A1115094F75A92C6496583</key>
		<dict>
			<key>fileRef</key>
			<string>4886B3F74F4A5A0943EBB3F4</string>
			<key>isa</key>
			<string>PBXBuildFile</string>
		</dict>
		<key>6447846A3CB0C7C50F1375CF</key>
		<dict>
			<key>includeInIndex</key>
			<string>1</string>
			<key>isa</key>
			<string>PBXFileReference</string>
			<key>lastKnownFileType</key>
			<string>sourcecode.swift</string>
			<key>path</key>
			<string>NNListCell.swift</string>
			<key>sourceTree</key>
			<string>&lt;group&gt;</string>
		</dict>
		<key>64B6F1587D876321059E8980</key>
		<dict>
			<key>fileRef</key>
			<string>C9208C98836140EDA9421688</string>
			<key>isa</key>
			<string>PBXBuildFile</string>
		</dict>
		<key>64D6F42FC97B7B46D7DE3C5C</key>
		<dict>
			<key>includeInIndex</key>
			<string>1</string>
			<key>isa</key>
			<string>PBXFileReference</string>
			<key>lastKnownFileType</key>
			<string>sourcecode.swift</string>
			<key>path</key>
			<string>NNListModule.swift</string>
			<key>sourceTree</key>
			<string>&lt;group&gt;</string>
		</dict>
		<key>665D23450A542358220640CE</key>
		<dict>
			<key>fileRef</key>
			<string>543741FE887A94E17DC6216A</string>
			<key>isa</key>
			<string>PBXBuildFile</string>
		</dict>
		<key>6921B207A333080FD43B4DCE</key>
		<dict>
			<key>children</key>
			<array>
				<string>E5599CDDACE57494C495366C</string>
				<string>6DC90F35FEFA11B24FF95C82</string>
			</array>
			<key>isa</key>
			<string>PBXGroup</string>
			<key>name</key>
			<string>User Interface</string>
			<key>path</key>
			<string>User Interface</string>
			<key>sourceTree</key>
			<string>&lt;group&gt;</string>
		</dict>
		<key>6D4EC253C5496002A11B4B56</key>
		<dict>
			<key>includeInIndex</key>
			<string>1</string>
			<key>isa</key>
			<string>PBXFileReference</string>
			<key>lastKnownFileType</key>
			<string>sourcecode.swift</string>
			<key>path</key>
			<string>NNSplitModule.swift</string>
			<key>sourceTree</key>
			<string>&lt;group&gt;</string>
		</dict>
		<key>6DC90F35FEFA11B24FF95C82</key>
		<dict>
			<key>children</key>
			<array>
				<string>C9208C98836140EDA9421688</string>
				<string>F7F3A2B9AB34FA8E59E3D57B</string>
				<string>4886B3F74F4A5A0943EBB3F4</string>
				<string>AF995E783267106EAC46164B</string>
			</array>
			<key>isa</key>
			<string>PBXGroup</string>
			<key>name</key>
			<string>View</string>
			<key>path</key>
			<string>View</string>
			<key>sourceTree</key>
			<string>&lt;group&gt;</string>
		</dict>
		<key>71528EC6535865F549DF84BF</key>
		<dict>
			<key>fileRef</key>
			<string>F44157E906FFDD8E28AAAEC0</string>
			<key>isa</key>
			<string>PBXBuildFile</string>
		</dict>
		<key>7587EDA393D3DFE04F4B0058</key>
		<dict>
			<key>fileRef</key>
			<string>64D6F42FC97B7B46D7DE3C5C</string>
			<key>isa</key>
			<string>PBXBuildFile</string>
		</dict>
		<key>795E542E210F068D0F32A1F9</key>
		<dict>
			<key>fileRef</key>
			<string>E386DC57E40AB95F3166D575</string>
			<key>isa</key>
			<string>PBXBuildFile</string>
		</dict>
		<key>7B80B15CBB7E82425EB36B0B</key>
		<dict>
			<key>children</key>
			<array>
				<string>F30C058B7A4FD390A489F458</string>
				<string>8BCFEC22FF274EAAF8378E75</string>
				<string>43AF7AC26E0DD5ECD1262D8A</string>
				<string>56DBE2D49E3C30D9CBCE9BEB</string>
			</array>
			<key>isa</key>
			<string>PBXGroup</string>
			<key>name</key>
			<string>Application Logic</string>
			<key>path</key>
			<string>Application Logic</string>
			<key>sourceTree</key>
			<string>&lt;group&gt;</string>
		</dict>
		<key>7CBD695BC0C1B00251293AE7</key>
		<dict>
			<key>children</key>
			<array>
				<string>F44157E906FFDD8E28AAAEC0</string>
			</array>
			<key>isa</key>
			<string>PBXGroup</string>
			<key>name</key>
			<string>Model</string>
			<key>path</key>
			<string>Model</string>
			<key>sourceTree</key>
			<string>&lt;group&gt;</string>
		</dict>
		<key>7D4678BAD63A55671123A07B</key>
		<dict>
			<key>fileRef</key>
			<string>F096627AFCFF16C479632854</string>
			<key>isa</key>
			<string>PBXBuildFile</string>
		</dict>
		<key>7E29BAEAE003EF3616964145</key>
		<dict>
			<key>fileRef</key>
			<string>AF1A9F04A9CCF2927820736F</string>
			<key>isa</key>
			<string>PBXBuildFile</string>
		</dict>
		<key>806D57D169901258D1A8386E</key>
		<dict>
			<key>children</key>
			<array>
				<string>3773E6975D6C9EA6C7F4BF33</string>
			</array>
			<key>isa</key>
			<string>PBXGroup</string>
			<key>name</key>
			<string>Application Logic</string>
			<key>path</key>
			<string>Application Logic</string>
			<key>sourceTree</key>
			<string>&lt;group&gt;</string>
		</dict>
		<key>81DD4C3433782F3F3E14E8DA</key>
		<dict>
			<key>fileRef</key>
			<string>94DF1027A2C266DDC08D2DE8</string>
			<key>isa</key>
			<string>PBXBuildFile</string>
		</dict>
		<key>838316E70592F22BF5A828BC</key>
		<dict>
			<key>includeInIndex</key>
			<string>1</string>
			<key>isa</key>
			<string>PBXFileReference</string>
			<key>lastKnownFileType</key>
			<string>sourcecode.swift</string>
			<key>path</key>
			<string>NNSplitInteractor.swift</string>
			<key>sourceTree</key>
			<string>&lt;group&gt;</string>
		</dict>
		<key>83B2D8E9838CE43EF9558BE1</key>
		<dict>
			<key>fileRef</key>
			<string>5F81A568AA7D28946D4EE00E</string>
			<key>isa</key>
			<string>PBXBuildFile</string>
		</dict>
		<key>857A4B34E9FE20C9524EB9CC</key>
		<dict>
			<key>children</key>
			<array>
				<string>94DF1027A2C266DDC08D2DE8</string>
			</array>
			<key>isa</key>
			<string>PBXGroup</string>
			<key>name</key>
			<string>Interactor</string>
			<key>path</key>
			<string>Interactor</string>
			<key>sourceTree</key>
			<string>&lt;group&gt;</string>
		</dict>
		<key>85F1B4F45C6628F6CF47FEE9</key>
		<dict>
			<key>includeInIndex</key>
			<string>1</string>
			<key>isa</key>
			<string>PBXFileReference</string>
			<key>lastKnownFileType</key>
			<string>sourcecode.swift</string>
			<key>path</key>
			<string>NNEmptyDetailModule.swift</string>
			<key>sourceTree</key>
			<string>&lt;group&gt;</string>
		</dict>
		<key>8A249C828D01E2916B4E1BB2</key>
		<dict>
			<key>includeInIndex</key>
			<string>1</string>
			<key>isa</key>
			<string>PBXFileReference</string>
			<key>lastKnownFileType</key>
			<string>sourcecode.swift</string>
			<key>path</key>
			<string>NNListModel.swift</string>
			<key>sourceTree</key>
			<string>&lt;group&gt;</string>
		</dict>
		<key>8A6621E0B4B900A658158E4A</key>
		<dict>
			<key>fileRef</key>
			<string>600BBC8AB6CBF0D492F6C4F4</string>
			<key>isa</key>
			<string>PBXBuildFile</string>
		</dict>
		<key>8BCFEC22FF274EAAF8378E75</key>
		<dict>
			<key>children</key>
			<array>
				<string>3DF6E319DB8CBAF3088F5024</string>
			</array>
			<key>isa</key>
			<string>PBXGroup</string>
			<key>name</key>
			<string>Model</string>
			<key>path</key>
			<string>Model</string>
			<key>sourceTree</key>
			<string>&lt;group&gt;</string>
		</dict>
		<key>911A59D39805500953ABD29E</key>
		<dict>
			<key>children</key>
			<array>
				<string>E1B9D24D4023149D4B79E8DD</string>
			</array>
			<key>isa</key>
			<string>PBXGroup</string>
			<key>name</key>
			<string>Manager</string>
			<key>path</key>
			<string>Manager</string>
			<key>sourceTree</key>
			<string>&lt;group&gt;</string>
		</dict>
		<key>920076AB5F1230E035C43573</key>
		<dict>
			<key>includeInIndex</key>
			<string>1</string>
			<key>isa</key>
			<string>PBXFileReference</string>
			<key>lastKnownFileType</key>
			<string>sourcecode.swift</string>
			<key>path</key>
			<string>NNIPhoneLauncherModule.swift</string>
			<key>sourceTree</key>
			<string>&lt;group&gt;</string>
		</dict>
		<key>92A178AC65C47D9CAA2716D9</key>
		<dict>
			<key>fileRef</key>
			<string>838316E70592F22BF5A828BC</string>
			<key>isa</key>
			<string>PBXBuildFile</string>
		</dict>
		<key>94DF1027A2C266DDC08D2DE8</key>
		<dict>
			<key>includeInIndex</key>
			<string>1</string>
			<key>isa</key>
			<string>PBXFileReference</string>
			<key>lastKnownFileType</key>
			<string>sourcecode.swift</string>
			<key>path</key>
			<string>NNListInteractor.swift</string>
			<key>sourceTree</key>
			<string>&lt;group&gt;</string>
		</dict>
		<key>95B187AC0038264BC358CFDC</key>
		<dict>
			<key>fileRef</key>
			<string>E1B9D24D4023149D4B79E8DD</string>
			<key>isa</key>
			<string>PBXBuildFile</string>
		</dict>
		<key>9C89512BFBF875248ABF8EC9</key>
		<dict>
			<key>children</key>
			<array>
				<string>838316E70592F22BF5A828BC</string>
			</array>
			<key>isa</key>
			<string>PBXGroup</string>
			<key>name</key>
			<string>Interactor</string>
			<key>path</key>
			<string>Interactor</string>
			<key>sourceTree</key>
			<string>&lt;group&gt;</string>
		</dict>
		<key>9DC2ACCC335A2BC3D3B4B87E</key>
		<dict>
			<key>children</key>
			<array>
				<string>54C3570F466FE364E2B2954C</string>
				<string>F80DAA48E240812989927CE7</string>
			</array>
			<key>isa</key>
			<string>PBXGroup</string>
			<key>name</key>
			<string>Application Logic</string>
			<key>path</key>
			<string>Application Logic</string>
			<key>sourceTree</key>
			<string>&lt;group&gt;</string>
		</dict>
		<key>9F4A98EE27759A578680B3DC</key>
		<dict>
			<key>includeInIndex</key>
			<string>1</string>
			<key>isa</key>
			<string>PBXFileReference</string>
			<key>lastKnownFileType</key>
			<string>sourcecode.swift</string>
			<key>path</key>
			<string>NNSplitViewController.swift</string>
			<key>sourceTree</key>
			<string>&lt;group&gt;</string>
		</dict>
		<key>A703F540D28BE552C9F27009</key>
		<dict>
			<key>fileRef</key>
			<string>28F7307856FE5B0807B3FFE9</string>
			<key>isa</key>
			<string>PBXBuildFile</string>
		</dict>
		<key>A8C49790DD98240BA061CC04</key>
		<dict>
			<key>fileRef</key>
			<string>3FE472DCC378B7DA708A949D</string>
			<key>isa</key>
			<string>PBXBuildFile</string>
		</dict>
		<key>A8C5DCDDEFC52725C1450EC0</key>
		<dict>
			<key>fileRef</key>
			<string>6D4EC253C5496002A11B4B56</string>
			<key>isa</key>
			<string>PBXBuildFile</string>
		</dict>
		<key>AAE938D710D26512E63C28B7</key>
		<dict>
			<key>fileRef</key>
			<string>F7F3A2B9AB34FA8E59E3D57B</string>
			<key>isa</key>
			<string>PBXBuildFile</string>
		</dict>
		<key>ACD2B8BAE8204E577E64AD69</key>
		<dict>
			<key>children</key>
			<array>
				<string>DF99AA4702E1D47BB6D2CE3A</string>
				<string>3146ABA7DC594B0E935E7267</string>
				<string>18FFE04B14CBD0FD118BB541</string>
			</array>
			<key>isa</key>
			<string>PBXGroup</string>
			<key>path</key>
			<string>Split</string>
			<key>sourceTree</key>
			<string>&lt;group&gt;</string>
		</dict>
		<key>AF1A9F04A9CCF2927820736F</key>
		<dict>
			<key>includeInIndex</key>
			<string>1</string>
			<key>isa</key>
			<string>PBXFileReference</string>
			<key>lastKnownFileType</key>
			<string>sourcecode.swift</string>
			<key>path</key>
			<string>NNDetailViewController.swift</string>
			<key>sourceTree</key>
			<string>&lt;group&gt;</string>
		</dict>
		<key>AF995E783267106EAC46164B</key>
		<dict>
			<key>includeInIndex</key>
			<string>1</string>
			<key>isa</key>
			<string>PBXFileReference</string>
			<key>lastKnownFileType</key>
			<string>file.xib</string>
			<key>path</key>
			<string>NNListCell.xib</string>
			<key>sourceTree</key>
			<string>&lt;group&gt;</string>
		</dict>
		<key>B3D6C1DF7C2BE3B4DDF63238</key>
		<dict>
			<key>children</key>
			<array>
				<string>28F7307856FE5B0807B3FFE9</string>
				<string>9DC2ACCC335A2BC3D3B4B87E</string>
				<string>036A3487687643246E398DC9</string>
			</array>
			<key>isa</key>
			<string>PBXGroup</string>
			<key>path</key>
			<string>EmptyDetail</string>
			<key>sourceTree</key>
			<string>&lt;group&gt;</string>
		</dict>
		<key>B758BE32DE4C645D5F7F0685</key>
		<dict>
			<key>fileRef</key>
			<string>0D6AD5A68C993943AA7AFB2D</string>
			<key>isa</key>
			<string>PBXBuildFile</string>
		</dict>
		<key>B9EB6D0A1DB7D04EE65B987D</key>
		<dict>
			<key>fileRef</key>
			<string>AF995E783267106EAC46164B</string>
			<key>isa</key>
			<string>PBXBuildFile</string>
		</dict>
		<key>BBE169C63C48B79B0C4DC4D3</key>
		<dict>
			<key>includeInIndex</key>
			<string>1</string>
			<key>isa</key>
			<string>PBXFileReference</string>
			<key>lastKnownFileType</key>
			<string>sourcecode.swift</string>
			<key>path</key>
			<string>NNListPresenter.swift</string>
			<key>sourceTree</key>
			<string>&lt;group&gt;</string>
		</dict>
		<key>C09201820FC7240BCEA194B5</key>
		<dict>
			<key>fileRef</key>
			<string>FB7A56C5C9780861154B24A7</string>
			<key>isa</key>
			<string>PBXBuildFile</string>
		</dict>
		<key>C1AD5A4C5299CDB0061CD5F2</key>
		<dict>
			<key>children</key>
			<array>
				<string>0477FB7ECC6823E4BAD8DF19</string>
				<string>F0BBC81F0119EC878202B0DB</string>
			</array>
			<key>isa</key>
			<string>PBXGroup</string>
			<key>name</key>
			<string>User Interface</string>
			<key>path</key>
			<string>User Interface</string>
			<key>sourceTree</key>
			<string>&lt;group&gt;</string>
		</dict>
		<key>C46B90CD7F79A332D899FB4B</key>
		<dict>
			<key>includeInIndex</key>
			<string>1</string>
			<key>isa</key>
			<string>PBXFileReference</string>
			<key>lastKnownFileType</key>
			<string>file.xib</string>
			<key>path</key>
			<string>NNEmptyDetailViewController.xib</string>
			<key>sourceTree</key>
			<string>&lt;group&gt;</string>
		</dict>
		<key>C9208C98836140EDA9421688</key>
		<dict>
			<key>includeInIndex</key>
			<string>1</string>
			<key>isa</key>
			<string>PBXFileReference</string>
			<key>lastKnownFileType</key>
			<string>sourcecode.swift</string>
			<key>path</key>
			<string>NNListViewController.swift</string>
			<key>sourceTree</key>
			<string>&lt;group&gt;</string>
		</dict>
		<key>CAEE33EF486A3EC864A9E360</key>
		<dict>
			<key>children</key>
			<array>
				<string>3FE472DCC378B7DA708A949D</string>
			</array>
			<key>isa</key>
			<string>PBXGroup</string>
			<key>path</key>
			<string>VIPER</string>
			<key>sourceTree</key>
			<string>&lt;group&gt;</string>
		</dict>
		<key>CDB2BD41A61BC0F26C8549D8</key>
		<dict>
			<key>fileRef</key>
			<string>9F4A98EE27759A578680B3DC</string>
			<key>isa</key>
			<string>PBXBuildFile</string>
		</dict>
		<key>CE79A06D46319EC394912087</key>
		<dict>
			<key>includeInIndex</key>
			<string>1</string>
			<key>isa</key>
			<string>PBXFileReference</string>
			<key>lastKnownFileType</key>
			<string>sourcecode.swift</string>
			<key>path</key>
			<string>NNEmptyDetailInteractor.swift</string>
			<key>sourceTree</key>
			<string>&lt;group&gt;</string>
		</dict>
		<key>D07EFAD194084A5C34C28F55</key>
		<dict>
			<key>includeInIndex</key>
			<string>1</string>
			<key>isa</key>
			<string>PBXFileReference</string>
			<key>lastKnownFileType</key>
			<string>file.xib</string>
			<key>path</key>
			<string>NNListViewController.xib</string>
			<key>sourceTree</key>
			<string>&lt;group&gt;</string>
		</dict>
		<key>D3434190D3A135F1E79F8F97</key>
		<dict>
			<key>children</key>
			<array>
				<string>CAEE33EF486A3EC864A9E360</string>
				<string>ACD2B8BAE8204E577E64AD69</string>
				<string>D65B484DC3396D96664CA98F</string>
				<string>0CEA961FF51C8613BB1B349B</string>
				<string>B3D6C1DF7C2BE3B4DDF63238</string>
				<string>5C5A9FF66B704EEED6683D8F</string>
				<string>4B9424387C68CD3800622D99</string>
			</array>
			<key>isa</key>
			<string>PBXGroup</string>
			<key>path</key>
			<string>Modules</string>
			<key>sourceTree</key>
			<string>&lt;group&gt;</string>
		</dict>
		<key>D3C3D4E5D2C3D5EE4F8CC741</key>
		<dict>
			<key>fileRef</key>
			<string>920076AB5F1230E035C43573</string>
			<key>isa</key>
			<string>PBXBuildFile</string>
		</dict>
		<key>D4239AECD1947E606A2E6BDC</key>
		<dict>
			<key>includeInIndex</key>
			<string>1</string>
			<key>isa</key>
			<string>PBXFileReference</string>
			<key>lastKnownFileType</key>
			<string>sourcecode.swift</string>
			<key>path</key>
			<string>NNListInteractor.swift</string>
			<key>sourceTree</key>
			<string>&lt;group&gt;</string>
		</dict>
		<key>D49C86002D0FAFF530B072BC</key>
		<dict>
			<key>children</key>
			<array>
				<string>461150D5B22052110CC18869</string>
				<string>5A34821804947B264DC65043</string>
			</array>
			<key>isa</key>
			<string>PBXGroup</string>
			<key>name</key>
			<string>Application Logic</string>
			<key>path</key>
			<string>Application Logic</string>
			<key>sourceTree</key>
			<string>&lt;group&gt;</string>
		</dict>
		<key>D5AFB811B0FEDE6A81F78CAC</key>
		<dict>
			<key>children</key>
			<array>
				<string>1789D1C646DC7E9D6CEB84EC</string>
				<string>09178087F8AC7ADFF5D1A016</string>
				<string>857A4B34E9FE20C9524EB9CC</string>
				<string>911A59D39805500953ABD29E</string>
			</array>
			<key>isa</key>
			<string>PBXGroup</string>
			<key>name</key>
			<string>Application Logic</string>
			<key>path</key>
			<string>Application Logic</string>
			<key>sourceTree</key>
			<string>&lt;group&gt;</string>
		</dict>
		<key>D5F9F4A6AFAB73BA251BD043</key>
		<dict>
			<key>children</key>
			<array>
				<string>9F4A98EE27759A578680B3DC</string>
			</array>
			<key>isa</key>
			<string>PBXGroup</string>
			<key>name</key>
			<string>View</string>
			<key>path</key>
			<string>View</string>
			<key>sourceTree</key>
			<string>&lt;group&gt;</string>
		</dict>
		<key>D65B484DC3396D96664CA98F</key>
		<dict>
			<key>children</key>
			<array>
				<string>0D6AD5A68C993943AA7AFB2D</string>
				<string>D5AFB811B0FEDE6A81F78CAC</string>
				<string>6921B207A333080FD43B4DCE</string>
			</array>
			<key>isa</key>
			<string>PBXGroup</string>
			<key>path</key>
			<string>List</string>
			<key>sourceTree</key>
			<string>&lt;group&gt;</string>
		</dict>
		<key>D82BE044684790BB632DD2DF</key>
		<dict>
			<key>children</key>
			<array>
				<string>6D4EC253C5496002A11B4B56</string>
			</array>
			<key>isa</key>
			<string>PBXGroup</string>
			<key>name</key>
			<string>Module</string>
			<key>path</key>
			<string>Module</string>
			<key>sourceTree</key>
			<string>&lt;group&gt;</string>
		</dict>
		<key>D8CEAA245ABD8601CFBA49BB</key>
		<dict>
			<key>fileRef</key>
			<string>089AAD95F1DE37128A19792A</string>
			<key>isa</key>
			<string>PBXBuildFile</string>
		</dict>
		<key>DB0C1EFF3D7959B23DF94CBF</key>
		<dict>
			<key>includeInIndex</key>
			<string>1</string>
			<key>isa</key>
			<string>PBXFileReference</string>
			<key>lastKnownFileType</key>
			<string>sourcecode.swift</string>
			<key>path</key>
			<string>NNSplitPresenter.swift</string>
			<key>sourceTree</key>
			<string>&lt;group&gt;</string>
		</dict>
		<key>DB3826565EA22AFE618CF2E4</key>
		<dict>
			<key>includeInIndex</key>
			<string>1</string>
			<key>isa</key>
			<string>PBXFileReference</string>
			<key>lastKnownFileType</key>
			<string>sourcecode.swift</string>
			<key>path</key>
			<string>NNEmptyDetailPresenter.swift</string>
			<key>sourceTree</key>
			<string>&lt;group&gt;</string>
		</dict>
		<key>DF99AA4702E1D47BB6D2CE3A</key>
		<dict>
			<key>includeInIndex</key>
			<string>1</string>
			<key>isa</key>
			<string>PBXFileReference</string>
			<key>lastKnownFileType</key>
			<string>sourcecode.swift</string>
			<key>path</key>
			<string>NNSplitProtocols.swift</string>
			<key>sourceTree</key>
			<string>&lt;group&gt;</string>
		</dict>
		<key>E0740FD6FA6080BD001E3716</key>
		<dict>
			<key>fileRef</key>
			<string>BBE169C63C48B79B0C4DC4D3</string>
			<key>isa</key>
			<string>PBXBuildFile</string>
		</dict>
		<key>E1B9D24D4023149D4B79E8DD</key>
		<dict>
			<key>includeInIndex</key>
			<string>1</string>
			<key>isa</key>
			<string>PBXFileReference</string>
			<key>lastKnownFileType</key>
			<string>sourcecode.swift</string>
			<key>path</key>
			<string>NNListManager.swift</string>
			<key>sourceTree</key>
			<string>&lt;group&gt;</string>
		</dict>
		<key>E386DC57E40AB95F3166D575</key>
		<dict>
			<key>includeInIndex</key>
			<string>1</string>
			<key>isa</key>
			<string>PBXFileReference</string>
			<key>lastKnownFileType</key>
			<string>sourcecode.swift</string>
			<key>path</key>
			<string>NNDetailManager.swift</string>
			<key>sourceTree</key>
			<string>&lt;group&gt;</string>
		</dict>
		<key>E41263F17279BA2A515D96FF</key>
		<dict>
			<key>fileRef</key>
			<string>461150D5B22052110CC18869</string>
			<key>isa</key>
			<string>PBXBuildFile</string>
		</dict>
		<key>E464E34A7805DAD8839FAC13</key>
		<dict>
			<key>fileRef</key>
			<string>CE79A06D46319EC394912087</string>
			<key>isa</key>
			<string>PBXBuildFile</string>
		</dict>
		<key>E5599CDDACE57494C495366C</key>
		<dict>
			<key>children</key>
			<array>
				<string>BBE169C63C48B79B0C4DC4D3</string>
			</array>
			<key>isa</key>
			<string>PBXGroup</string>
			<key>name</key>
			<string>Presenter</string>
			<key>path</key>
			<string>Presenter</string>
			<key>sourceTree</key>
			<string>&lt;group&gt;</string>
		</dict>
		<key>F096627AFCFF16C479632854</key>
		<dict>
			<key>includeInIndex</key>
			<string>1</string>
			<key>isa</key>
			<string>PBXFileReference</string>
			<key>lastKnownFileType</key>
			<string>sourcecode.swift</string>
			<key>path</key>
			<string>NNDetailModule.swift</string>
			<key>sourceTree</key>
			<string>&lt;group&gt;</string>
		</dict>
		<key>F0BBC81F0119EC878202B0DB</key>
		<dict>
			<key>children</key>
			<array>
				<string>AF1A9F04A9CCF2927820736F</string>
				<string>600BBC8AB6CBF0D492F6C4F4</string>
			</array>
			<key>isa</key>
			<string>PBXGroup</string>
			<key>name</key>
			<string>View</string>
			<key>path</key>
			<string>View</string>
			<key>sourceTree</key>
			<string>&lt;group&gt;</string>
		</dict>
		<key>F30C058B7A4FD390A489F458</key>
		<dict>
			<key>children</key>
			<array>
				<string>F096627AFCFF16C479632854</string>
			</array>
			<key>isa</key>
			<string>PBXGroup</string>
			<key>name</key>
			<string>Module</string>
			<key>path</key>
			<string>Module</string>
			<key>sourceTree</key>
			<string>&lt;group&gt;</string>
		</dict>
		<key>F44157E906FFDD8E28AAAEC0</key>
		<dict>
			<key>includeInIndex</key>
			<string>1</string>
			<key>isa</key>
			<string>PBXFileReference</string>
			<key>lastKnownFileType</key>
			<string>sourcecode.swift</string>
			<key>path</key>
			<string>NNSplitModel.swift</string>
			<key>sourceTree</key>
			<string>&lt;group&gt;</string>
		</dict>
		<key>F7F3A2B9AB34FA8E59E3D57B</key>
		<dict>
			<key>includeInIndex</key>
			<string>1</string>
			<key>isa</key>
			<string>PBXFileReference</string>
			<key>lastKnownFileType</key>
			<string>file.xib</string>
			<key>path</key>
			<string>NNListViewController.xib</string>
			<key>sourceTree</key>
			<string>&lt;group&gt;</string>
		</dict>
		<key>F80DAA48E240812989927CE7</key>
		<dict>
			<key>children</key>
			<array>
				<string>85F1B4F45C6628F6CF47FEE9</string>
			</array>
			<key>isa</key>
			<string>PBXGroup</string>
			<key>name</key>
			<string>Module</string>
			<key>path</key>
			<string>Module</string>
			<key>sourceTree</key>
			<string>&lt;group&gt;</string>
		</dict>
		<key>FB7A56C5C9780861154B24A7</key>
		<dict>
			<key>includeInIndex</key>
			<string>1</string>
			<key>isa</key>
			<string>PBXFileReference</string>
			<key>lastKnownFileType</key>
			<string>sourcecode.swift</string>
			<key>path</key>
			<string>NNDetailInteractor.swift</string>
			<key>sourceTree</key>
			<string>&lt;group&gt;</string>
		</dict>
	</dict>
	<key>rootObject</key>
	<string>1DF2384C1CB24DB700FFEFA5</string>
</dict>
</plist>
