<?xml version="1.0" encoding="UTF-8"?>
<!DOCTYPE plist PUBLIC "-//Apple//DTD PLIST 1.0//EN" "http://www.apple.com/DTDs/PropertyList-1.0.dtd">
<plist version="1.0">
<dict>
	<key>archiveVersion</key>
	<string>1</string>
	<key>classes</key>
	<dict/>
	<key>objectVersion</key>
	<string>46</string>
	<key>objects</key>
	<dict>
		<key>0183A022264D20936DC8AD5F</key>
		<dict>
			<key>fileRef</key>
			<string>355E71F56C18AFC6C14FD230</string>
			<key>isa</key>
			<string>PBXBuildFile</string>
		</dict>
		<key>02137FE746A9BF98AC8C988E</key>
		<dict>
			<key>fileRef</key>
			<string>F95987434B9FE197CF2A744D</string>
			<key>isa</key>
			<string>PBXBuildFile</string>
		</dict>
		<key>047D66AF7EA6A6CDC9F81352</key>
		<dict>
			<key>children</key>
			<array>
				<string>DA44BBBEE708D772F93F4270</string>
			</array>
			<key>isa</key>
			<string>PBXGroup</string>
			<key>name</key>
			<string>Interactor</string>
			<key>path</key>
			<string>Interactor</string>
			<key>sourceTree</key>
			<string>&lt;group&gt;</string>
		</dict>
		<key>054193B384D413ADFB22228E</key>
		<dict>
			<key>children</key>
			<array>
				<string>5360969A8889EA526B2B898C</string>
			</array>
			<key>isa</key>
			<string>PBXGroup</string>
			<key>name</key>
			<string>Module</string>
			<key>path</key>
			<string>Module</string>
			<key>sourceTree</key>
			<string>&lt;group&gt;</string>
		</dict>
		<key>0AED45D3BAED6A347DCB4B95</key>
		<dict>
			<key>includeInIndex</key>
			<string>1</string>
			<key>isa</key>
			<string>PBXFileReference</string>
			<key>lastKnownFileType</key>
			<string>sourcecode.swift</string>
			<key>path</key>
			<string>NNListPresenter.swift</string>
			<key>sourceTree</key>
			<string>&lt;group&gt;</string>
		</dict>
		<key>0C01C63289F62FF501ED6114</key>
		<dict>
			<key>fileRef</key>
			<string>74DFEBE386BD080CEB409C7D</string>
			<key>isa</key>
			<string>PBXBuildFile</string>
		</dict>
		<key>0CEA961FF51C8613BB1B349B</key>
		<dict>
			<key>children</key>
			<array>
				<string>2B95F38E0128C05AD65F42B5</string>
				<string>A1518FEC028C632598FE9C58</string>
				<string>E00140BAFC9481900BE9E7A4</string>
			</array>
			<key>isa</key>
			<string>PBXGroup</string>
			<key>path</key>
			<string>Detail</string>
			<key>sourceTree</key>
			<string>&lt;group&gt;</string>
		</dict>
		<key>0EAB99B298B0402703CDA5EA</key>
		<dict>
			<key>fileRef</key>
			<string>DA44BBBEE708D772F93F4270</string>
			<key>isa</key>
			<string>PBXBuildFile</string>
		</dict>
		<key>154863D0431AA49584A77728</key>
		<dict>
			<key>includeInIndex</key>
			<string>1</string>
			<key>isa</key>
			<string>PBXFileReference</string>
			<key>lastKnownFileType</key>
			<string>sourcecode.swift</string>
			<key>path</key>
			<string>NNListPresenter.swift</string>
			<key>sourceTree</key>
			<string>&lt;group&gt;</string>
		</dict>
		<key>155D226AF4E4C5131F8A59BA</key>
		<dict>
			<key>includeInIndex</key>
			<string>1</string>
			<key>isa</key>
			<string>PBXFileReference</string>
			<key>lastKnownFileType</key>
			<string>sourcecode.swift</string>
			<key>path</key>
			<string>NNDetailModel.swift</string>
			<key>sourceTree</key>
			<string>&lt;group&gt;</string>
		</dict>
		<key>16CA3BD7E369ACF69AC4B525</key>
		<dict>
			<key>fileRef</key>
			<string>1F59BE7AA62C82714F51CBBC</string>
			<key>isa</key>
			<string>PBXBuildFile</string>
		</dict>
		<key>186E3284299E9EF97E3EDCA9</key>
		<dict>
			<key>includeInIndex</key>
			<string>1</string>
			<key>isa</key>
			<string>PBXFileReference</string>
			<key>lastKnownFileType</key>
			<string>sourcecode.swift</string>
			<key>path</key>
			<string>NNEmptyDetailPresenter.swift</string>
			<key>sourceTree</key>
			<string>&lt;group&gt;</string>
		</dict>
		<key>189068FB269E0E5C21E10A19</key>
		<dict>
			<key>children</key>
			<array>
				<string>BD71612E1E03EDA7E9601E22</string>
				<string>F986453F0909B7A4C8FA0004</string>
			</array>
			<key>isa</key>
			<string>PBXGroup</string>
			<key>name</key>
			<string>User Interface</string>
			<key>path</key>
			<string>User Interface</string>
			<key>sourceTree</key>
			<string>&lt;group&gt;</string>
		</dict>
		<key>1B647BD75C1A84C91ECB0892</key>
		<dict>
			<key>fileRef</key>
			<string>76CC1E8576FD8C99FCA5DB6C</string>
			<key>isa</key>
			<string>PBXBuildFile</string>
		</dict>
		<key>1DF2384B1CB24DB700FFEFA5</key>
		<dict>
			<key>children</key>
			<array>
				<string>1DF238561CB24DB700FFEFA5</string>
				<string>1DF2386B1CB24DB700FFEFA5</string>
				<string>1DF238761CB24DB700FFEFA5</string>
				<string>1DF238551CB24DB700FFEFA5</string>
			</array>
			<key>isa</key>
			<string>PBXGroup</string>
			<key>sourceTree</key>
			<string>&lt;group&gt;</string>
		</dict>
		<key>1DF2384C1CB24DB700FFEFA5</key>
		<dict>
			<key>attributes</key>
			<dict>
				<key>LastSwiftUpdateCheck</key>
				<string>0730</string>
				<key>LastUpgradeCheck</key>
				<string>0730</string>
				<key>ORGANIZATIONNAME</key>
				<string>NoName</string>
				<key>TargetAttributes</key>
				<dict>
					<key>1DF238531CB24DB700FFEFA5</key>
					<dict>
						<key>CreatedOnToolsVersion</key>
						<string>7.3</string>
					</dict>
					<key>1DF238671CB24DB700FFEFA5</key>
					<dict>
						<key>CreatedOnToolsVersion</key>
						<string>7.3</string>
						<key>TestTargetID</key>
						<string>1DF238531CB24DB700FFEFA5</string>
					</dict>
					<key>1DF238721CB24DB700FFEFA5</key>
					<dict>
						<key>CreatedOnToolsVersion</key>
						<string>7.3</string>
						<key>TestTargetID</key>
						<string>1DF238531CB24DB700FFEFA5</string>
					</dict>
				</dict>
			</dict>
			<key>buildConfigurationList</key>
			<string>1DF2384F1CB24DB700FFEFA5</string>
			<key>compatibilityVersion</key>
			<string>Xcode 3.2</string>
			<key>developmentRegion</key>
			<string>English</string>
			<key>hasScannedForEncodings</key>
			<string>0</string>
			<key>isa</key>
			<string>PBXProject</string>
			<key>knownRegions</key>
			<array>
				<string>en</string>
				<string>Base</string>
			</array>
			<key>mainGroup</key>
			<string>1DF2384B1CB24DB700FFEFA5</string>
			<key>productRefGroup</key>
			<string>1DF238551CB24DB700FFEFA5</string>
			<key>projectDirPath</key>
			<string></string>
			<key>projectReferences</key>
			<array/>
			<key>projectRoot</key>
			<string></string>
			<key>targets</key>
			<array>
				<string>1DF238531CB24DB700FFEFA5</string>
				<string>1DF238671CB24DB700FFEFA5</string>
				<string>1DF238721CB24DB700FFEFA5</string>
			</array>
		</dict>
		<key>1DF2384F1CB24DB700FFEFA5</key>
		<dict>
			<key>buildConfigurations</key>
			<array>
				<string>1DF2387A1CB24DB700FFEFA5</string>
				<string>1DF2387B1CB24DB700FFEFA5</string>
			</array>
			<key>defaultConfigurationIsVisible</key>
			<string>0</string>
			<key>defaultConfigurationName</key>
			<string>Release</string>
			<key>isa</key>
			<string>XCConfigurationList</string>
		</dict>
		<key>1DF238501CB24DB700FFEFA5</key>
		<dict>
			<key>buildActionMask</key>
			<string>2147483647</string>
			<key>files</key>
			<array>
				<string>1DF238581CB24DB700FFEFA5</string>
				<string>714CE077A477F6356E6EBB96</string>
				<string>A3B4DF769E999C09047ECB96</string>
				<string>C7E89972EC4F164DC3C5AA27</string>
				<string>8E8540C3F5D54BED44DB06D4</string>
				<string>0EAB99B298B0402703CDA5EA</string>
				<string>DCA063D898A2F12482F4B398</string>
				<string>0183A022264D20936DC8AD5F</string>
				<string>3AAB12D6E0B240236A7D2198</string>
				<string>67EACB326B6FF61031378E24</string>
				<string>ACD673E2E6F8FB726215F85A</string>
				<string>262679856677748FF77649AE</string>
				<string>A6C3843013B3C30D8AF6B751</string>
				<string>447610F7258B3C1C92C320FA</string>
				<string>A7AB3F98148636B3448D08F6</string>
				<string>62B6404585532E93740587E5</string>
				<string>0C01C63289F62FF501ED6114</string>
				<string>86BD1E50AEE2DAE9C7674260</string>
				<string>AB7789E0F0ABEEE2EA47FBB0</string>
				<string>16CA3BD7E369ACF69AC4B525</string>
				<string>D8AE2FA0DC17375A3A891478</string>
				<string>1B647BD75C1A84C91ECB0892</string>
				<string>02137FE746A9BF98AC8C988E</string>
				<string>58015C0887D191D80F10612A</string>
				<string>1E3A0AA7CBEF32F8BA9CDA91</string>
				<string>4DC9290AF3111918BBB21137</string>
				<string>D90126AB8EAD3D187C0EDB76</string>
				<string>381925539CEB3C0F67F11D88</string>
				<string>B45B042E693B2113C507FB4F</string>
				<string>BDA76A62058F885A8CB5C3F3</string>
				<string>BE5BE6F716B650E7B5CF2FD1</string>
				<string>F20C15D00E9FD6957E937E19</string>
			</array>
			<key>isa</key>
			<string>PBXSourcesBuildPhase</string>
			<key>runOnlyForDeploymentPostprocessing</key>
			<string>0</string>
		</dict>
		<key>1DF238511CB24DB700FFEFA5</key>
		<dict>
			<key>buildActionMask</key>
			<string>2147483647</string>
			<key>files</key>
			<array/>
			<key>isa</key>
			<string>PBXFrameworksBuildPhase</string>
			<key>runOnlyForDeploymentPostprocessing</key>
			<string>0</string>
		</dict>
		<key>1DF238521CB24DB700FFEFA5</key>
		<dict>
			<key>buildActionMask</key>
			<string>2147483647</string>
			<key>files</key>
			<array>
				<string>1DF238621CB24DB700FFEFA5</string>
				<string>1DF2385F1CB24DB700FFEFA5</string>
				<string>520E0E1497C80F79BABD36C6</string>
				<string>A4D689689A3E476C6825BA56</string>
				<string>3326FB4809CA1D8638C88D67</string>
				<string>ABCA0A1D3FE3B3B9B14FA4B3</string>
			</array>
			<key>isa</key>
			<string>PBXResourcesBuildPhase</string>
			<key>runOnlyForDeploymentPostprocessing</key>
			<string>0</string>
		</dict>
		<key>1DF238531CB24DB700FFEFA5</key>
		<dict>
			<key>buildConfigurationList</key>
			<string>1DF2387C1CB24DB700FFEFA5</string>
			<key>buildPhases</key>
			<array>
				<string>1DF238501CB24DB700FFEFA5</string>
				<string>1DF238511CB24DB700FFEFA5</string>
				<string>1DF238521CB24DB700FFEFA5</string>
			</array>
			<key>buildRules</key>
			<array/>
			<key>dependencies</key>
			<array/>
			<key>isa</key>
			<string>PBXNativeTarget</string>
			<key>name</key>
			<string>Sample3</string>
			<key>productName</key>
			<string>Sample3</string>
			<key>productReference</key>
			<string>1DF238541CB24DB700FFEFA5</string>
			<key>productType</key>
			<string>com.apple.product-type.application</string>
		</dict>
		<key>1DF238541CB24DB700FFEFA5</key>
		<dict>
			<key>explicitFileType</key>
			<string>wrapper.application</string>
			<key>includeInIndex</key>
			<string>0</string>
			<key>isa</key>
			<string>PBXFileReference</string>
			<key>path</key>
			<string>Sample3.app</string>
			<key>sourceTree</key>
			<string>BUILT_PRODUCTS_DIR</string>
		</dict>
		<key>1DF238551CB24DB700FFEFA5</key>
		<dict>
			<key>children</key>
			<array>
				<string>1DF238541CB24DB700FFEFA5</string>
				<string>1DF238681CB24DB700FFEFA5</string>
				<string>1DF238731CB24DB700FFEFA5</string>
			</array>
			<key>isa</key>
			<string>PBXGroup</string>
			<key>name</key>
			<string>Products</string>
			<key>sourceTree</key>
			<string>&lt;group&gt;</string>
		</dict>
		<key>1DF238561CB24DB700FFEFA5</key>
		<dict>
			<key>children</key>
			<array>
				<string>1DF238571CB24DB700FFEFA5</string>
				<string>1DF2385E1CB24DB700FFEFA5</string>
				<string>1DF238601CB24DB700FFEFA5</string>
				<string>1DF238631CB24DB700FFEFA5</string>
				<string>D3434190D3A135F1E79F8F97</string>
			</array>
			<key>isa</key>
			<string>PBXGroup</string>
			<key>path</key>
			<string>Sample3</string>
			<key>sourceTree</key>
			<string>&lt;group&gt;</string>
		</dict>
		<key>1DF238571CB24DB700FFEFA5</key>
		<dict>
			<key>isa</key>
			<string>PBXFileReference</string>
			<key>lastKnownFileType</key>
			<string>sourcecode.swift</string>
			<key>path</key>
			<string>AppDelegate.swift</string>
			<key>sourceTree</key>
			<string>&lt;group&gt;</string>
		</dict>
		<key>1DF238581CB24DB700FFEFA5</key>
		<dict>
			<key>fileRef</key>
			<string>1DF238571CB24DB700FFEFA5</string>
			<key>isa</key>
			<string>PBXBuildFile</string>
		</dict>
		<key>1DF2385E1CB24DB700FFEFA5</key>
		<dict>
			<key>isa</key>
			<string>PBXFileReference</string>
			<key>lastKnownFileType</key>
			<string>folder.assetcatalog</string>
			<key>path</key>
			<string>Assets.xcassets</string>
			<key>sourceTree</key>
			<string>&lt;group&gt;</string>
		</dict>
		<key>1DF2385F1CB24DB700FFEFA5</key>
		<dict>
			<key>fileRef</key>
			<string>1DF2385E1CB24DB700FFEFA5</string>
			<key>isa</key>
			<string>PBXBuildFile</string>
		</dict>
		<key>1DF238601CB24DB700FFEFA5</key>
		<dict>
			<key>children</key>
			<array>
				<string>1DF238611CB24DB700FFEFA5</string>
			</array>
			<key>isa</key>
			<string>PBXVariantGroup</string>
			<key>name</key>
			<string>LaunchScreen.storyboard</string>
			<key>sourceTree</key>
			<string>&lt;group&gt;</string>
		</dict>
		<key>1DF238611CB24DB700FFEFA5</key>
		<dict>
			<key>isa</key>
			<string>PBXFileReference</string>
			<key>lastKnownFileType</key>
			<string>file.storyboard</string>
			<key>name</key>
			<string>Base</string>
			<key>path</key>
			<string>Base.lproj/LaunchScreen.storyboard</string>
			<key>sourceTree</key>
			<string>&lt;group&gt;</string>
		</dict>
		<key>1DF238621CB24DB700FFEFA5</key>
		<dict>
			<key>fileRef</key>
			<string>1DF238601CB24DB700FFEFA5</string>
			<key>isa</key>
			<string>PBXBuildFile</string>
		</dict>
		<key>1DF238631CB24DB700FFEFA5</key>
		<dict>
			<key>isa</key>
			<string>PBXFileReference</string>
			<key>lastKnownFileType</key>
			<string>text.plist.xml</string>
			<key>path</key>
			<string>Info.plist</string>
			<key>sourceTree</key>
			<string>&lt;group&gt;</string>
		</dict>
		<key>1DF238641CB24DB700FFEFA5</key>
		<dict>
			<key>buildActionMask</key>
			<string>2147483647</string>
			<key>files</key>
			<array>
				<string>1DF2386D1CB24DB700FFEFA5</string>
			</array>
			<key>isa</key>
			<string>PBXSourcesBuildPhase</string>
			<key>runOnlyForDeploymentPostprocessing</key>
			<string>0</string>
		</dict>
		<key>1DF238651CB24DB700FFEFA5</key>
		<dict>
			<key>buildActionMask</key>
			<string>2147483647</string>
			<key>files</key>
			<array/>
			<key>isa</key>
			<string>PBXFrameworksBuildPhase</string>
			<key>runOnlyForDeploymentPostprocessing</key>
			<string>0</string>
		</dict>
		<key>1DF238661CB24DB700FFEFA5</key>
		<dict>
			<key>buildActionMask</key>
			<string>2147483647</string>
			<key>files</key>
			<array/>
			<key>isa</key>
			<string>PBXResourcesBuildPhase</string>
			<key>runOnlyForDeploymentPostprocessing</key>
			<string>0</string>
		</dict>
		<key>1DF238671CB24DB700FFEFA5</key>
		<dict>
			<key>buildConfigurationList</key>
			<string>1DF2387F1CB24DB700FFEFA5</string>
			<key>buildPhases</key>
			<array>
				<string>1DF238641CB24DB700FFEFA5</string>
				<string>1DF238651CB24DB700FFEFA5</string>
				<string>1DF238661CB24DB700FFEFA5</string>
			</array>
			<key>buildRules</key>
			<array/>
			<key>dependencies</key>
			<array>
				<string>1DF2386A1CB24DB700FFEFA5</string>
			</array>
			<key>isa</key>
			<string>PBXNativeTarget</string>
			<key>name</key>
			<string>Sample3Tests</string>
			<key>productName</key>
			<string>Sample3Tests</string>
			<key>productReference</key>
			<string>1DF238681CB24DB700FFEFA5</string>
			<key>productType</key>
			<string>com.apple.product-type.bundle.unit-test</string>
		</dict>
		<key>1DF238681CB24DB700FFEFA5</key>
		<dict>
			<key>explicitFileType</key>
			<string>wrapper.cfbundle</string>
			<key>includeInIndex</key>
			<string>0</string>
			<key>isa</key>
			<string>PBXFileReference</string>
			<key>path</key>
			<string>Sample3Tests.xctest</string>
			<key>sourceTree</key>
			<string>BUILT_PRODUCTS_DIR</string>
		</dict>
		<key>1DF238691CB24DB700FFEFA5</key>
		<dict>
			<key>containerPortal</key>
			<string>1DF2384C1CB24DB700FFEFA5</string>
			<key>isa</key>
			<string>PBXContainerItemProxy</string>
			<key>proxyType</key>
			<string>1</string>
			<key>remoteGlobalIDString</key>
			<string>1DF238531CB24DB700FFEFA5</string>
			<key>remoteInfo</key>
			<string>Sample3</string>
		</dict>
		<key>1DF2386A1CB24DB700FFEFA5</key>
		<dict>
			<key>isa</key>
			<string>PBXTargetDependency</string>
			<key>target</key>
			<string>1DF238531CB24DB700FFEFA5</string>
			<key>targetProxy</key>
			<string>1DF238691CB24DB700FFEFA5</string>
		</dict>
		<key>1DF2386B1CB24DB700FFEFA5</key>
		<dict>
			<key>children</key>
			<array>
				<string>1DF2386C1CB24DB700FFEFA5</string>
				<string>1DF2386E1CB24DB700FFEFA5</string>
			</array>
			<key>isa</key>
			<string>PBXGroup</string>
			<key>path</key>
			<string>Sample3Tests</string>
			<key>sourceTree</key>
			<string>&lt;group&gt;</string>
		</dict>
		<key>1DF2386C1CB24DB700FFEFA5</key>
		<dict>
			<key>isa</key>
			<string>PBXFileReference</string>
			<key>lastKnownFileType</key>
			<string>sourcecode.swift</string>
			<key>path</key>
			<string>Sample3Tests.swift</string>
			<key>sourceTree</key>
			<string>&lt;group&gt;</string>
		</dict>
		<key>1DF2386D1CB24DB700FFEFA5</key>
		<dict>
			<key>fileRef</key>
			<string>1DF2386C1CB24DB700FFEFA5</string>
			<key>isa</key>
			<string>PBXBuildFile</string>
		</dict>
		<key>1DF2386E1CB24DB700FFEFA5</key>
		<dict>
			<key>isa</key>
			<string>PBXFileReference</string>
			<key>lastKnownFileType</key>
			<string>text.plist.xml</string>
			<key>path</key>
			<string>Info.plist</string>
			<key>sourceTree</key>
			<string>&lt;group&gt;</string>
		</dict>
		<key>1DF2386F1CB24DB700FFEFA5</key>
		<dict>
			<key>buildActionMask</key>
			<string>2147483647</string>
			<key>files</key>
			<array>
				<string>1DF238781CB24DB700FFEFA5</string>
			</array>
			<key>isa</key>
			<string>PBXSourcesBuildPhase</string>
			<key>runOnlyForDeploymentPostprocessing</key>
			<string>0</string>
		</dict>
		<key>1DF238701CB24DB700FFEFA5</key>
		<dict>
			<key>buildActionMask</key>
			<string>2147483647</string>
			<key>files</key>
			<array/>
			<key>isa</key>
			<string>PBXFrameworksBuildPhase</string>
			<key>runOnlyForDeploymentPostprocessing</key>
			<string>0</string>
		</dict>
		<key>1DF238711CB24DB700FFEFA5</key>
		<dict>
			<key>buildActionMask</key>
			<string>2147483647</string>
			<key>files</key>
			<array/>
			<key>isa</key>
			<string>PBXResourcesBuildPhase</string>
			<key>runOnlyForDeploymentPostprocessing</key>
			<string>0</string>
		</dict>
		<key>1DF238721CB24DB700FFEFA5</key>
		<dict>
			<key>buildConfigurationList</key>
			<string>1DF238821CB24DB700FFEFA5</string>
			<key>buildPhases</key>
			<array>
				<string>1DF2386F1CB24DB700FFEFA5</string>
				<string>1DF238701CB24DB700FFEFA5</string>
				<string>1DF238711CB24DB700FFEFA5</string>
			</array>
			<key>buildRules</key>
			<array/>
			<key>dependencies</key>
			<array>
				<string>1DF238751CB24DB700FFEFA5</string>
			</array>
			<key>isa</key>
			<string>PBXNativeTarget</string>
			<key>name</key>
			<string>Sample3UITests</string>
			<key>productName</key>
			<string>Sample3UITests</string>
			<key>productReference</key>
			<string>1DF238731CB24DB700FFEFA5</string>
			<key>productType</key>
			<string>com.apple.product-type.bundle.ui-testing</string>
		</dict>
		<key>1DF238731CB24DB700FFEFA5</key>
		<dict>
			<key>explicitFileType</key>
			<string>wrapper.cfbundle</string>
			<key>includeInIndex</key>
			<string>0</string>
			<key>isa</key>
			<string>PBXFileReference</string>
			<key>path</key>
			<string>Sample3UITests.xctest</string>
			<key>sourceTree</key>
			<string>BUILT_PRODUCTS_DIR</string>
		</dict>
		<key>1DF238741CB24DB700FFEFA5</key>
		<dict>
			<key>containerPortal</key>
			<string>1DF2384C1CB24DB700FFEFA5</string>
			<key>isa</key>
			<string>PBXContainerItemProxy</string>
			<key>proxyType</key>
			<string>1</string>
			<key>remoteGlobalIDString</key>
			<string>1DF238531CB24DB700FFEFA5</string>
			<key>remoteInfo</key>
			<string>Sample3</string>
		</dict>
		<key>1DF238751CB24DB700FFEFA5</key>
		<dict>
			<key>isa</key>
			<string>PBXTargetDependency</string>
			<key>target</key>
			<string>1DF238531CB24DB700FFEFA5</string>
			<key>targetProxy</key>
			<string>1DF238741CB24DB700FFEFA5</string>
		</dict>
		<key>1DF238761CB24DB700FFEFA5</key>
		<dict>
			<key>children</key>
			<array>
				<string>1DF238771CB24DB700FFEFA5</string>
				<string>1DF238791CB24DB700FFEFA5</string>
			</array>
			<key>isa</key>
			<string>PBXGroup</string>
			<key>path</key>
			<string>Sample3UITests</string>
			<key>sourceTree</key>
			<string>&lt;group&gt;</string>
		</dict>
		<key>1DF238771CB24DB700FFEFA5</key>
		<dict>
			<key>isa</key>
			<string>PBXFileReference</string>
			<key>lastKnownFileType</key>
			<string>sourcecode.swift</string>
			<key>path</key>
			<string>Sample3UITests.swift</string>
			<key>sourceTree</key>
			<string>&lt;group&gt;</string>
		</dict>
		<key>1DF238781CB24DB700FFEFA5</key>
		<dict>
			<key>fileRef</key>
			<string>1DF238771CB24DB700FFEFA5</string>
			<key>isa</key>
			<string>PBXBuildFile</string>
		</dict>
		<key>1DF238791CB24DB700FFEFA5</key>
		<dict>
			<key>isa</key>
			<string>PBXFileReference</string>
			<key>lastKnownFileType</key>
			<string>text.plist.xml</string>
			<key>path</key>
			<string>Info.plist</string>
			<key>sourceTree</key>
			<string>&lt;group&gt;</string>
		</dict>
		<key>1DF2387A1CB24DB700FFEFA5</key>
		<dict>
			<key>buildSettings</key>
			<dict>
				<key>ALWAYS_SEARCH_USER_PATHS</key>
				<string>NO</string>
				<key>CLANG_ANALYZER_NONNULL</key>
				<string>YES</string>
				<key>CLANG_CXX_LANGUAGE_STANDARD</key>
				<string>gnu++0x</string>
				<key>CLANG_CXX_LIBRARY</key>
				<string>libc++</string>
				<key>CLANG_ENABLE_MODULES</key>
				<string>YES</string>
				<key>CLANG_ENABLE_OBJC_ARC</key>
				<string>YES</string>
				<key>CLANG_WARN_BOOL_CONVERSION</key>
				<string>YES</string>
				<key>CLANG_WARN_CONSTANT_CONVERSION</key>
				<string>YES</string>
				<key>CLANG_WARN_DIRECT_OBJC_ISA_USAGE</key>
				<string>YES_ERROR</string>
				<key>CLANG_WARN_EMPTY_BODY</key>
				<string>YES</string>
				<key>CLANG_WARN_ENUM_CONVERSION</key>
				<string>YES</string>
				<key>CLANG_WARN_INT_CONVERSION</key>
				<string>YES</string>
				<key>CLANG_WARN_OBJC_ROOT_CLASS</key>
				<string>YES_ERROR</string>
				<key>CLANG_WARN_UNREACHABLE_CODE</key>
				<string>YES</string>
				<key>CLANG_WARN__DUPLICATE_METHOD_MATCH</key>
				<string>YES</string>
				<key>CODE_SIGN_IDENTITY[sdk=iphoneos*]</key>
				<string>iPhone Developer</string>
				<key>COPY_PHASE_STRIP</key>
				<string>NO</string>
				<key>DEBUG_INFORMATION_FORMAT</key>
				<string>dwarf</string>
				<key>ENABLE_STRICT_OBJC_MSGSEND</key>
				<string>YES</string>
				<key>ENABLE_TESTABILITY</key>
				<string>YES</string>
				<key>GCC_C_LANGUAGE_STANDARD</key>
				<string>gnu99</string>
				<key>GCC_DYNAMIC_NO_PIC</key>
				<string>NO</string>
				<key>GCC_NO_COMMON_BLOCKS</key>
				<string>YES</string>
				<key>GCC_OPTIMIZATION_LEVEL</key>
				<string>0</string>
				<key>GCC_PREPROCESSOR_DEFINITIONS</key>
				<array>
					<string>DEBUG=1</string>
					<string>$(inherited)</string>
				</array>
				<key>GCC_WARN_64_TO_32_BIT_CONVERSION</key>
				<string>YES</string>
				<key>GCC_WARN_ABOUT_RETURN_TYPE</key>
				<string>YES_ERROR</string>
				<key>GCC_WARN_UNDECLARED_SELECTOR</key>
				<string>YES</string>
				<key>GCC_WARN_UNINITIALIZED_AUTOS</key>
				<string>YES_AGGRESSIVE</string>
				<key>GCC_WARN_UNUSED_FUNCTION</key>
				<string>YES</string>
				<key>GCC_WARN_UNUSED_VARIABLE</key>
				<string>YES</string>
				<key>IPHONEOS_DEPLOYMENT_TARGET</key>
				<string>9.3</string>
				<key>MTL_ENABLE_DEBUG_INFO</key>
				<string>YES</string>
				<key>ONLY_ACTIVE_ARCH</key>
				<string>YES</string>
				<key>SDKROOT</key>
				<string>iphoneos</string>
				<key>SWIFT_OPTIMIZATION_LEVEL</key>
				<string>-Onone</string>
				<key>TARGETED_DEVICE_FAMILY</key>
				<string>1,2</string>
			</dict>
			<key>isa</key>
			<string>XCBuildConfiguration</string>
			<key>name</key>
			<string>Debug</string>
		</dict>
		<key>1DF2387B1CB24DB700FFEFA5</key>
		<dict>
			<key>buildSettings</key>
			<dict>
				<key>ALWAYS_SEARCH_USER_PATHS</key>
				<string>NO</string>
				<key>CLANG_ANALYZER_NONNULL</key>
				<string>YES</string>
				<key>CLANG_CXX_LANGUAGE_STANDARD</key>
				<string>gnu++0x</string>
				<key>CLANG_CXX_LIBRARY</key>
				<string>libc++</string>
				<key>CLANG_ENABLE_MODULES</key>
				<string>YES</string>
				<key>CLANG_ENABLE_OBJC_ARC</key>
				<string>YES</string>
				<key>CLANG_WARN_BOOL_CONVERSION</key>
				<string>YES</string>
				<key>CLANG_WARN_CONSTANT_CONVERSION</key>
				<string>YES</string>
				<key>CLANG_WARN_DIRECT_OBJC_ISA_USAGE</key>
				<string>YES_ERROR</string>
				<key>CLANG_WARN_EMPTY_BODY</key>
				<string>YES</string>
				<key>CLANG_WARN_ENUM_CONVERSION</key>
				<string>YES</string>
				<key>CLANG_WARN_INT_CONVERSION</key>
				<string>YES</string>
				<key>CLANG_WARN_OBJC_ROOT_CLASS</key>
				<string>YES_ERROR</string>
				<key>CLANG_WARN_UNREACHABLE_CODE</key>
				<string>YES</string>
				<key>CLANG_WARN__DUPLICATE_METHOD_MATCH</key>
				<string>YES</string>
				<key>CODE_SIGN_IDENTITY[sdk=iphoneos*]</key>
				<string>iPhone Developer</string>
				<key>COPY_PHASE_STRIP</key>
				<string>NO</string>
				<key>DEBUG_INFORMATION_FORMAT</key>
				<string>dwarf-with-dsym</string>
				<key>ENABLE_NS_ASSERTIONS</key>
				<string>NO</string>
				<key>ENABLE_STRICT_OBJC_MSGSEND</key>
				<string>YES</string>
				<key>GCC_C_LANGUAGE_STANDARD</key>
				<string>gnu99</string>
				<key>GCC_NO_COMMON_BLOCKS</key>
				<string>YES</string>
				<key>GCC_WARN_64_TO_32_BIT_CONVERSION</key>
				<string>YES</string>
				<key>GCC_WARN_ABOUT_RETURN_TYPE</key>
				<string>YES_ERROR</string>
				<key>GCC_WARN_UNDECLARED_SELECTOR</key>
				<string>YES</string>
				<key>GCC_WARN_UNINITIALIZED_AUTOS</key>
				<string>YES_AGGRESSIVE</string>
				<key>GCC_WARN_UNUSED_FUNCTION</key>
				<string>YES</string>
				<key>GCC_WARN_UNUSED_VARIABLE</key>
				<string>YES</string>
				<key>IPHONEOS_DEPLOYMENT_TARGET</key>
				<string>9.3</string>
				<key>MTL_ENABLE_DEBUG_INFO</key>
				<string>NO</string>
				<key>SDKROOT</key>
				<string>iphoneos</string>
				<key>TARGETED_DEVICE_FAMILY</key>
				<string>1,2</string>
				<key>VALIDATE_PRODUCT</key>
				<string>YES</string>
			</dict>
			<key>isa</key>
			<string>XCBuildConfiguration</string>
			<key>name</key>
			<string>Release</string>
		</dict>
		<key>1DF2387C1CB24DB700FFEFA5</key>
		<dict>
			<key>buildConfigurations</key>
			<array>
				<string>1DF2387D1CB24DB700FFEFA5</string>
				<string>1DF2387E1CB24DB700FFEFA5</string>
			</array>
			<key>defaultConfigurationIsVisible</key>
			<string>0</string>
			<key>defaultConfigurationName</key>
			<string>Release</string>
			<key>isa</key>
			<string>XCConfigurationList</string>
		</dict>
		<key>1DF2387D1CB24DB700FFEFA5</key>
		<dict>
			<key>buildSettings</key>
			<dict>
				<key>ASSETCATALOG_COMPILER_APPICON_NAME</key>
				<string>AppIcon</string>
				<key>INFOPLIST_FILE</key>
				<string>Sample3/Info.plist</string>
				<key>LD_RUNPATH_SEARCH_PATHS</key>
				<string>$(inherited) @executable_path/Frameworks</string>
				<key>PRODUCT_BUNDLE_IDENTIFIER</key>
				<string>com.noname.Sample3</string>
				<key>PRODUCT_NAME</key>
				<string>$(TARGET_NAME)</string>
			</dict>
			<key>isa</key>
			<string>XCBuildConfiguration</string>
			<key>name</key>
			<string>Debug</string>
		</dict>
		<key>1DF2387E1CB24DB700FFEFA5</key>
		<dict>
			<key>buildSettings</key>
			<dict>
				<key>ASSETCATALOG_COMPILER_APPICON_NAME</key>
				<string>AppIcon</string>
				<key>INFOPLIST_FILE</key>
				<string>Sample3/Info.plist</string>
				<key>LD_RUNPATH_SEARCH_PATHS</key>
				<string>$(inherited) @executable_path/Frameworks</string>
				<key>PRODUCT_BUNDLE_IDENTIFIER</key>
				<string>com.noname.Sample3</string>
				<key>PRODUCT_NAME</key>
				<string>$(TARGET_NAME)</string>
			</dict>
			<key>isa</key>
			<string>XCBuildConfiguration</string>
			<key>name</key>
			<string>Release</string>
		</dict>
		<key>1DF2387F1CB24DB700FFEFA5</key>
		<dict>
			<key>buildConfigurations</key>
			<array>
				<string>1DF238801CB24DB700FFEFA5</string>
				<string>1DF238811CB24DB700FFEFA5</string>
			</array>
			<key>defaultConfigurationIsVisible</key>
			<string>0</string>
			<key>defaultConfigurationName</key>
			<string>Release</string>
			<key>isa</key>
			<string>XCConfigurationList</string>
		</dict>
		<key>1DF238801CB24DB700FFEFA5</key>
		<dict>
			<key>buildSettings</key>
			<dict>
				<key>BUNDLE_LOADER</key>
				<string>$(TEST_HOST)</string>
				<key>INFOPLIST_FILE</key>
				<string>Sample3Tests/Info.plist</string>
				<key>LD_RUNPATH_SEARCH_PATHS</key>
				<string>$(inherited) @executable_path/Frameworks @loader_path/Frameworks</string>
				<key>PRODUCT_BUNDLE_IDENTIFIER</key>
				<string>com.noname.Sample3Tests</string>
				<key>PRODUCT_NAME</key>
				<string>$(TARGET_NAME)</string>
				<key>TEST_HOST</key>
				<string>$(BUILT_PRODUCTS_DIR)/Sample3.app/Sample3</string>
			</dict>
			<key>isa</key>
			<string>XCBuildConfiguration</string>
			<key>name</key>
			<string>Debug</string>
		</dict>
		<key>1DF238811CB24DB700FFEFA5</key>
		<dict>
			<key>buildSettings</key>
			<dict>
				<key>BUNDLE_LOADER</key>
				<string>$(TEST_HOST)</string>
				<key>INFOPLIST_FILE</key>
				<string>Sample3Tests/Info.plist</string>
				<key>LD_RUNPATH_SEARCH_PATHS</key>
				<string>$(inherited) @executable_path/Frameworks @loader_path/Frameworks</string>
				<key>PRODUCT_BUNDLE_IDENTIFIER</key>
				<string>com.noname.Sample3Tests</string>
				<key>PRODUCT_NAME</key>
				<string>$(TARGET_NAME)</string>
				<key>TEST_HOST</key>
				<string>$(BUILT_PRODUCTS_DIR)/Sample3.app/Sample3</string>
			</dict>
			<key>isa</key>
			<string>XCBuildConfiguration</string>
			<key>name</key>
			<string>Release</string>
		</dict>
		<key>1DF238821CB24DB700FFEFA5</key>
		<dict>
			<key>buildConfigurations</key>
			<array>
				<string>1DF238831CB24DB700FFEFA5</string>
				<string>1DF238841CB24DB700FFEFA5</string>
			</array>
			<key>defaultConfigurationIsVisible</key>
			<string>0</string>
			<key>defaultConfigurationName</key>
			<string>Release</string>
			<key>isa</key>
			<string>XCConfigurationList</string>
		</dict>
		<key>1DF238831CB24DB700FFEFA5</key>
		<dict>
			<key>buildSettings</key>
			<dict>
				<key>INFOPLIST_FILE</key>
				<string>Sample3UITests/Info.plist</string>
				<key>LD_RUNPATH_SEARCH_PATHS</key>
				<string>$(inherited) @executable_path/Frameworks @loader_path/Frameworks</string>
				<key>PRODUCT_BUNDLE_IDENTIFIER</key>
				<string>com.noname.Sample3UITests</string>
				<key>PRODUCT_NAME</key>
				<string>$(TARGET_NAME)</string>
				<key>TEST_TARGET_NAME</key>
				<string>Sample3</string>
			</dict>
			<key>isa</key>
			<string>XCBuildConfiguration</string>
			<key>name</key>
			<string>Debug</string>
		</dict>
		<key>1DF238841CB24DB700FFEFA5</key>
		<dict>
			<key>buildSettings</key>
			<dict>
				<key>INFOPLIST_FILE</key>
				<string>Sample3UITests/Info.plist</string>
				<key>LD_RUNPATH_SEARCH_PATHS</key>
				<string>$(inherited) @executable_path/Frameworks @loader_path/Frameworks</string>
				<key>PRODUCT_BUNDLE_IDENTIFIER</key>
				<string>com.noname.Sample3UITests</string>
				<key>PRODUCT_NAME</key>
				<string>$(TARGET_NAME)</string>
				<key>TEST_TARGET_NAME</key>
				<string>Sample3</string>
			</dict>
			<key>isa</key>
			<string>XCBuildConfiguration</string>
			<key>name</key>
			<string>Release</string>
		</dict>
		<key>1E3A0AA7CBEF32F8BA9CDA91</key>
		<dict>
			<key>fileRef</key>
			<string>A1B0B0481E19E0125D5E50B6</string>
			<key>isa</key>
			<string>PBXBuildFile</string>
		</dict>
		<key>1E5320D0A71F22E55436AEAB</key>
		<dict>
			<key>children</key>
			<array>
				<string>38D4827214392E5F0D1B45E5</string>
			</array>
			<key>isa</key>
			<string>PBXGroup</string>
			<key>name</key>
			<string>Model</string>
			<key>path</key>
			<string>Model</string>
			<key>sourceTree</key>
			<string>&lt;group&gt;</string>
		</dict>
		<key>1F59BE7AA62C82714F51CBBC</key>
		<dict>
			<key>includeInIndex</key>
			<string>1</string>
			<key>isa</key>
			<string>PBXFileReference</string>
			<key>lastKnownFileType</key>
			<string>sourcecode.swift</string>
			<key>path</key>
			<string>NNSplitModel.swift</string>
			<key>sourceTree</key>
			<string>&lt;group&gt;</string>
		</dict>
		<key>253FC187741FDFFD45B51056</key>
		<dict>
			<key>includeInIndex</key>
			<string>1</string>
			<key>isa</key>
			<string>PBXFileReference</string>
			<key>lastKnownFileType</key>
			<string>sourcecode.swift</string>
			<key>path</key>
			<string>NNListModel.swift</string>
			<key>sourceTree</key>
			<string>&lt;group&gt;</string>
		</dict>
		<key>262679856677748FF77649AE</key>
		<dict>
			<key>fileRef</key>
			<string>186E3284299E9EF97E3EDCA9</string>
			<key>isa</key>
			<string>PBXBuildFile</string>
		</dict>
		<key>2A9C373F436923AE63C4F8AF</key>
		<dict>
			<key>includeInIndex</key>
			<string>1</string>
			<key>isa</key>
			<string>PBXFileReference</string>
			<key>lastKnownFileType</key>
			<string>sourcecode.swift</string>
			<key>path</key>
			<string>NNDetailModule.swift</string>
			<key>sourceTree</key>
			<string>&lt;group&gt;</string>
		</dict>
		<key>2B95F38E0128C05AD65F42B5</key>
		<dict>
			<key>includeInIndex</key>
			<string>1</string>
			<key>isa</key>
			<string>PBXFileReference</string>
			<key>lastKnownFileType</key>
			<string>sourcecode.swift</string>
			<key>path</key>
			<string>NNDetailProtocols.swift</string>
			<key>sourceTree</key>
			<string>&lt;group&gt;</string>
		</dict>
		<key>2C3A1A4CCC85903C30C0BD90</key>
		<dict>
			<key>includeInIndex</key>
			<string>1</string>
			<key>isa</key>
			<string>PBXFileReference</string>
			<key>lastKnownFileType</key>
			<string>sourcecode.swift</string>
			<key>path</key>
			<string>NNListManager.swift</string>
			<key>sourceTree</key>
			<string>&lt;group&gt;</string>
		</dict>
		<key>2DCB8DE3FE4017685BAC042A</key>
		<dict>
			<key>includeInIndex</key>
			<string>1</string>
			<key>isa</key>
			<string>PBXFileReference</string>
			<key>lastKnownFileType</key>
			<string>sourcecode.swift</string>
			<key>path</key>
			<string>NNListModule.swift</string>
			<key>sourceTree</key>
			<string>&lt;group&gt;</string>
		</dict>
		<key>2DE92520FC38D311480913E6</key>
		<dict>
			<key>includeInIndex</key>
			<string>1</string>
			<key>isa</key>
			<string>PBXFileReference</string>
			<key>lastKnownFileType</key>
			<string>file.xib</string>
			<key>path</key>
			<string>NNListCell.xib</string>
			<key>sourceTree</key>
			<string>&lt;group&gt;</string>
		</dict>
		<key>309D6EB9EE6D71830AC17181</key>
		<dict>
			<key>includeInIndex</key>
			<string>1</string>
			<key>isa</key>
			<string>PBXFileReference</string>
			<key>lastKnownFileType</key>
			<string>sourcecode.swift</string>
			<key>path</key>
			<string>NNListInteractor.swift</string>
			<key>sourceTree</key>
			<string>&lt;group&gt;</string>
		</dict>
		<key>322650F25CA0CA3B021B88F6</key>
		<dict>
			<key>includeInIndex</key>
			<string>1</string>
			<key>isa</key>
			<string>PBXFileReference</string>
			<key>lastKnownFileType</key>
			<string>sourcecode.swift</string>
			<key>path</key>
			<string>NNDetailManager.swift</string>
			<key>sourceTree</key>
			<string>&lt;group&gt;</string>
		</dict>
		<key>3326FB4809CA1D8638C88D67</key>
		<dict>
			<key>fileRef</key>
			<string>EFBBDD88A54F3F76C6C37C15</string>
			<key>isa</key>
			<string>PBXBuildFile</string>
		</dict>
		<key>355E71F56C18AFC6C14FD230</key>
		<dict>
			<key>includeInIndex</key>
			<string>1</string>
			<key>isa</key>
			<string>PBXFileReference</string>
			<key>lastKnownFileType</key>
			<string>sourcecode.swift</string>
			<key>path</key>
			<string>NNDetailPresenter.swift</string>
			<key>sourceTree</key>
			<string>&lt;group&gt;</string>
		</dict>
		<key>381925539CEB3C0F67F11D88</key>
		<dict>
			<key>fileRef</key>
			<string>309D6EB9EE6D71830AC17181</string>
			<key>isa</key>
			<string>PBXBuildFile</string>
		</dict>
		<key>38418342776D101C63269640</key>
		<dict>
			<key>includeInIndex</key>
			<string>1</string>
			<key>isa</key>
			<string>PBXFileReference</string>
			<key>lastKnownFileType</key>
			<string>file.xib</string>
			<key>path</key>
			<string>NNListCell.xib</string>
			<key>sourceTree</key>
			<string>&lt;group&gt;</string>
		</dict>
		<key>38D4827214392E5F0D1B45E5</key>
		<dict>
			<key>includeInIndex</key>
			<string>1</string>
			<key>isa</key>
			<string>PBXFileReference</string>
			<key>lastKnownFileType</key>
			<string>sourcecode.swift</string>
			<key>path</key>
			<string>NNListModel.swift</string>
			<key>sourceTree</key>
			<string>&lt;group&gt;</string>
		</dict>
		<key>3AAB12D6E0B240236A7D2198</key>
		<dict>
			<key>fileRef</key>
			<string>718992F0CE09C2515173F480</string>
			<key>isa</key>
			<string>PBXBuildFile</string>
		</dict>
		<key>3C9E6CAEE6312C6110CAE51B</key>
		<dict>
			<key>includeInIndex</key>
			<string>1</string>
			<key>isa</key>
			<string>PBXFileReference</string>
			<key>lastKnownFileType</key>
			<string>sourcecode.swift</string>
			<key>path</key>
			<string>NNIPhoneLauncherModule.swift</string>
			<key>sourceTree</key>
			<string>&lt;group&gt;</string>
		</dict>
		<key>417635F7E3942CCFBE537BC1</key>
		<dict>
			<key>includeInIndex</key>
			<string>1</string>
			<key>isa</key>
			<string>PBXFileReference</string>
			<key>lastKnownFileType</key>
			<string>sourcecode.swift</string>
			<key>path</key>
			<string>NNEmptyDetailprotocols.swift</string>
			<key>sourceTree</key>
			<string>&lt;group&gt;</string>
		</dict>
		<key>41AF391125814701FC9890D2</key>
		<dict>
			<key>includeInIndex</key>
			<string>1</string>
			<key>isa</key>
			<string>PBXFileReference</string>
			<key>lastKnownFileType</key>
			<string>sourcecode.swift</string>
			<key>path</key>
			<string>NNListInteractor.swift</string>
			<key>sourceTree</key>
			<string>&lt;group&gt;</string>
		</dict>
		<key>447610F7258B3C1C92C320FA</key>
		<dict>
			<key>fileRef</key>
			<string>690691ADCF918ACAF30BE92E</string>
			<key>isa</key>
			<string>PBXBuildFile</string>
		</dict>
		<key>461CBE590F8E2D70D94C0BDE</key>
		<dict>
			<key>children</key>
			<array>
				<string>71D78BD299704186F8CBCDF2</string>
				<string>6341642EB232A8BBE3850CEC</string>
			</array>
			<key>isa</key>
			<string>PBXGroup</string>
			<key>name</key>
			<string>User Interface</string>
			<key>path</key>
			<string>User Interface</string>
			<key>sourceTree</key>
			<string>&lt;group&gt;</string>
		</dict>
		<key>4B9424387C68CD3800622D99</key>
		<dict>
			<key>children</key>
			<array>
				<string>F95987434B9FE197CF2A744D</string>
				<string>9A6EF6978737111BC8F4D3C4</string>
			</array>
			<key>isa</key>
			<string>PBXGroup</string>
			<key>name</key>
			<string>IPhoneLauncher</string>
			<key>path</key>
			<string>IPhoneLauncher</string>
			<key>sourceTree</key>
			<string>&lt;group&gt;</string>
		</dict>
		<key>4C29AFC7FA1128E46CFF8A14</key>
		<dict>
			<key>includeInIndex</key>
			<string>1</string>
			<key>isa</key>
			<string>PBXFileReference</string>
			<key>lastKnownFileType</key>
			<string>sourcecode.swift</string>
			<key>path</key>
			<string>NNListManager.swift</string>
			<key>sourceTree</key>
			<string>&lt;group&gt;</string>
		</dict>
		<key>4DC9290AF3111918BBB21137</key>
		<dict>
			<key>fileRef</key>
			<string>2DCB8DE3FE4017685BAC042A</string>
			<key>isa</key>
			<string>PBXBuildFile</string>
		</dict>
		<key>520E0E1497C80F79BABD36C6</key>
		<dict>
			<key>fileRef</key>
			<string>8DECDB8BA0FBF013FA765FBE</string>
			<key>isa</key>
			<string>PBXBuildFile</string>
		</dict>
		<key>5360969A8889EA526B2B898C</key>
		<dict>
			<key>includeInIndex</key>
			<string>1</string>
			<key>isa</key>
			<string>PBXFileReference</string>
			<key>lastKnownFileType</key>
			<string>sourcecode.swift</string>
			<key>path</key>
			<string>NNSplitModule.swift</string>
			<key>sourceTree</key>
			<string>&lt;group&gt;</string>
		</dict>
		<key>573DB502003E4254D6D24155</key>
		<dict>
			<key>children</key>
			<array>
				<string>74DFEBE386BD080CEB409C7D</string>
			</array>
			<key>isa</key>
			<string>PBXGroup</string>
			<key>name</key>
			<string>Interactor</string>
			<key>path</key>
			<string>Interactor</string>
			<key>sourceTree</key>
			<string>&lt;group&gt;</string>
		</dict>
		<key>58015C0887D191D80F10612A</key>
		<dict>
			<key>fileRef</key>
			<string>3C9E6CAEE6312C6110CAE51B</string>
			<key>isa</key>
			<string>PBXBuildFile</string>
		</dict>
		<key>5C5A9FF66B704EEED6683D8F</key>
		<dict>
			<key>children</key>
			<array>
				<string>6307B2674E6AFF1ECC4A7AF9</string>
			</array>
			<key>isa</key>
			<string>PBXGroup</string>
			<key>name</key>
			<string>IPadLauncher</string>
			<key>path</key>
			<string>IPadLauncher</string>
			<key>sourceTree</key>
			<string>&lt;group&gt;</string>
		</dict>
		<key>5E25A83670E89706883F7AFA</key>
		<dict>
			<key>children</key>
			<array>
				<string>309D6EB9EE6D71830AC17181</string>
			</array>
			<key>isa</key>
			<string>PBXGroup</string>
			<key>name</key>
			<string>Interactor</string>
			<key>path</key>
			<string>Interactor</string>
			<key>sourceTree</key>
			<string>&lt;group&gt;</string>
		</dict>
		<key>6171C5D693875AC77C18D294</key>
		<dict>
			<key>includeInIndex</key>
			<string>1</string>
			<key>isa</key>
			<string>PBXFileReference</string>
			<key>lastKnownFileType</key>
			<string>sourcecode.swift</string>
			<key>path</key>
			<string>NNEmptyDetailViewController.swift</string>
			<key>sourceTree</key>
			<string>&lt;group&gt;</string>
		</dict>
		<key>62974AF452D8CC2FE712F17B</key>
		<dict>
			<key>includeInIndex</key>
			<string>1</string>
			<key>isa</key>
			<string>PBXFileReference</string>
			<key>lastKnownFileType</key>
			<string>sourcecode.swift</string>
			<key>path</key>
			<string>NNListCell.swift</string>
			<key>sourceTree</key>
			<string>&lt;group&gt;</string>
		</dict>
		<key>62B6404585532E93740587E5</key>
		<dict>
			<key>fileRef</key>
			<string>5360969A8889EA526B2B898C</string>
			<key>isa</key>
			<string>PBXBuildFile</string>
		</dict>
		<key>6307B2674E6AFF1ECC4A7AF9</key>
		<dict>
			<key>children</key>
			<array>
				<string>F9651C85E27036808075E353</string>
				<string>EC290ACE142849E90DCAA640</string>
			</array>
			<key>isa</key>
			<string>PBXGroup</string>
			<key>name</key>
			<string>Application Logic</string>
			<key>path</key>
			<string>Application Logic</string>
			<key>sourceTree</key>
			<string>&lt;group&gt;</string>
		</dict>
		<key>6341642EB232A8BBE3850CEC</key>
		<dict>
			<key>children</key>
			<array>
				<string>6171C5D693875AC77C18D294</string>
				<string>8620ADE361DF4999D92FA5C3</string>
			</array>
			<key>isa</key>
			<string>PBXGroup</string>
			<key>name</key>
			<string>View</string>
			<key>path</key>
			<string>View</string>
			<key>sourceTree</key>
			<string>&lt;group&gt;</string>
		</dict>
		<key>64190C7A721CD4C08AA0FD45</key>
		<dict>
			<key>children</key>
			<array>
				<string>054193B384D413ADFB22228E</string>
				<string>573DB502003E4254D6D24155</string>
				<string>CFBB877D6AA4A4B0A2FD0523</string>
			</array>
			<key>isa</key>
			<string>PBXGroup</string>
			<key>name</key>
			<string>Application Logic</string>
			<key>path</key>
			<string>Application Logic</string>
			<key>sourceTree</key>
			<string>&lt;group&gt;</string>
		</dict>
		<key>6485DD49023C2EA6414634D8</key>
		<dict>
			<key>includeInIndex</key>
			<string>1</string>
			<key>isa</key>
			<string>PBXFileReference</string>
			<key>lastKnownFileType</key>
			<string>sourcecode.swift</string>
			<key>path</key>
			<string>NNListViewController.swift</string>
			<key>sourceTree</key>
			<string>&lt;group&gt;</string>
		</dict>
		<key>67EACB326B6FF61031378E24</key>
		<dict>
			<key>fileRef</key>
			<string>417635F7E3942CCFBE537BC1</string>
			<key>isa</key>
			<string>PBXBuildFile</string>
		</dict>
		<key>690691ADCF918ACAF30BE92E</key>
		<dict>
			<key>includeInIndex</key>
			<string>1</string>
			<key>isa</key>
			<string>PBXFileReference</string>
			<key>lastKnownFileType</key>
			<string>sourcecode.swift</string>
			<key>path</key>
			<string>NNEmptyDetailModule.swift</string>
			<key>sourceTree</key>
			<string>&lt;group&gt;</string>
		</dict>
		<key>714CE077A477F6356E6EBB96</key>
		<dict>
			<key>fileRef</key>
			<string>DD773233678FF45D2763D2B2</string>
			<key>isa</key>
			<string>PBXBuildFile</string>
		</dict>
		<key>718992F0CE09C2515173F480</key>
		<dict>
			<key>includeInIndex</key>
			<string>1</string>
			<key>isa</key>
			<string>PBXFileReference</string>
			<key>lastKnownFileType</key>
			<string>sourcecode.swift</string>
			<key>path</key>
			<string>NNDetailViewController.swift</string>
			<key>sourceTree</key>
			<string>&lt;group&gt;</string>
		</dict>
		<key>71D78BD299704186F8CBCDF2</key>
		<dict>
			<key>children</key>
			<array>
				<string>186E3284299E9EF97E3EDCA9</string>
			</array>
			<key>isa</key>
			<string>PBXGroup</string>
			<key>name</key>
			<string>Presenter</string>
			<key>path</key>
			<string>Presenter</string>
			<key>sourceTree</key>
			<string>&lt;group&gt;</string>
		</dict>
		<key>740D8F8DC3568E9A10EF7C87</key>
		<dict>
			<key>children</key>
			<array>
				<string>B8E3DC5D9D20CE9B58CCB7B2</string>
				<string>EFBBDD88A54F3F76C6C37C15</string>
				<string>62974AF452D8CC2FE712F17B</string>
				<string>2DE92520FC38D311480913E6</string>
			</array>
			<key>isa</key>
			<string>PBXGroup</string>
			<key>name</key>
			<string>View</string>
			<key>path</key>
			<string>View</string>
			<key>sourceTree</key>
			<string>&lt;group&gt;</string>
		</dict>
		<key>74DFEBE386BD080CEB409C7D</key>
		<dict>
			<key>includeInIndex</key>
			<string>1</string>
			<key>isa</key>
			<string>PBXFileReference</string>
			<key>lastKnownFileType</key>
			<string>sourcecode.swift</string>
			<key>path</key>
			<string>NNSplitInteractor.swift</string>
			<key>sourceTree</key>
			<string>&lt;group&gt;</string>
		</dict>
		<key>76CC1E8576FD8C99FCA5DB6C</key>
		<dict>
			<key>includeInIndex</key>
			<string>1</string>
			<key>isa</key>
			<string>PBXFileReference</string>
			<key>lastKnownFileType</key>
			<string>sourcecode.swift</string>
			<key>path</key>
			<string>NNIPadLauncherModule.swift</string>
			<key>sourceTree</key>
			<string>&lt;group&gt;</string>
		</dict>
		<key>7DFFD5562CD8808E275852C9</key>
		<dict>
			<key>children</key>
			<array>
				<string>718992F0CE09C2515173F480</string>
				<string>8DECDB8BA0FBF013FA765FBE</string>
			</array>
			<key>isa</key>
			<string>PBXGroup</string>
			<key>name</key>
			<string>View</string>
			<key>path</key>
			<string>View</string>
			<key>sourceTree</key>
			<string>&lt;group&gt;</string>
		</dict>
		<key>8620ADE361DF4999D92FA5C3</key>
		<dict>
			<key>includeInIndex</key>
			<string>1</string>
			<key>isa</key>
			<string>PBXFileReference</string>
			<key>lastKnownFileType</key>
			<string>file.xib</string>
			<key>path</key>
			<string>NNEmptyDetailViewController.xib</string>
			<key>sourceTree</key>
			<string>&lt;group&gt;</string>
		</dict>
		<key>86BD1E50AEE2DAE9C7674260</key>
		<dict>
			<key>fileRef</key>
			<string>FFB5467BF87EBC9693720B30</string>
			<key>isa</key>
			<string>PBXBuildFile</string>
		</dict>
		<key>8A4DEE348A3E73F9E8C6B209</key>
		<dict>
			<key>children</key>
			<array>
				<string>322650F25CA0CA3B021B88F6</string>
			</array>
			<key>isa</key>
			<string>PBXGroup</string>
			<key>name</key>
			<string>Manager</string>
			<key>path</key>
			<string>Manager</string>
			<key>sourceTree</key>
			<string>&lt;group&gt;</string>
		</dict>
		<key>8DECDB8BA0FBF013FA765FBE</key>
		<dict>
			<key>includeInIndex</key>
			<string>1</string>
			<key>isa</key>
			<string>PBXFileReference</string>
			<key>lastKnownFileType</key>
			<string>file.xib</string>
			<key>path</key>
			<string>NNDetailViewController.xib</string>
			<key>sourceTree</key>
			<string>&lt;group&gt;</string>
		</dict>
		<key>8E8540C3F5D54BED44DB06D4</key>
		<dict>
			<key>fileRef</key>
			<string>155D226AF4E4C5131F8A59BA</string>
			<key>isa</key>
			<string>PBXBuildFile</string>
		</dict>
		<key>9A6EF6978737111BC8F4D3C4</key>
		<dict>
			<key>children</key>
			<array>
				<string>A5C73A6396E29D0C337B4961</string>
			</array>
			<key>isa</key>
			<string>PBXGroup</string>
			<key>name</key>
			<string>Application Logic</string>
			<key>path</key>
			<string>Application Logic</string>
			<key>sourceTree</key>
			<string>&lt;group&gt;</string>
		</dict>
		<key>9F8DC065878182DB65D15F9D</key>
		<dict>
			<key>includeInIndex</key>
			<string>1</string>
			<key>isa</key>
			<string>PBXFileReference</string>
			<key>lastKnownFileType</key>
			<string>sourcecode.swift</string>
			<key>path</key>
			<string>NNSplitViewController.swift</string>
			<key>sourceTree</key>
			<string>&lt;group&gt;</string>
		</dict>
		<key>A1518FEC028C632598FE9C58</key>
		<dict>
			<key>children</key>
			<array>
				<string>B94507DD290950C4C7A85F88</string>
				<string>A3ABE2CEDC320E9D29C544EC</string>
				<string>047D66AF7EA6A6CDC9F81352</string>
				<string>8A4DEE348A3E73F9E8C6B209</string>
			</array>
			<key>isa</key>
			<string>PBXGroup</string>
			<key>name</key>
			<string>Application Logic</string>
			<key>path</key>
			<string>Application Logic</string>
			<key>sourceTree</key>
			<string>&lt;group&gt;</string>
		</dict>
		<key>A1B0B0481E19E0125D5E50B6</key>
		<dict>
			<key>includeInIndex</key>
			<string>1</string>
			<key>isa</key>
			<string>PBXFileReference</string>
			<key>lastKnownFileType</key>
			<string>sourcecode.swift</string>
			<key>path</key>
			<string>NNListProtocols.swift</string>
			<key>sourceTree</key>
			<string>&lt;group&gt;</string>
		</dict>
		<key>A3ABE2CEDC320E9D29C544EC</key>
		<dict>
			<key>children</key>
			<array>
				<string>155D226AF4E4C5131F8A59BA</string>
			</array>
			<key>isa</key>
			<string>PBXGroup</string>
			<key>name</key>
			<string>Model</string>
			<key>path</key>
			<string>Model</string>
			<key>sourceTree</key>
			<string>&lt;group&gt;</string>
		</dict>
		<key>A3B4DF769E999C09047ECB96</key>
		<dict>
			<key>fileRef</key>
			<string>2B95F38E0128C05AD65F42B5</string>
			<key>isa</key>
			<string>PBXBuildFile</string>
		</dict>
		<key>A4D689689A3E476C6825BA56</key>
		<dict>
			<key>fileRef</key>
			<string>8620ADE361DF4999D92FA5C3</string>
			<key>isa</key>
			<string>PBXBuildFile</string>
		</dict>
		<key>A5C73A6396E29D0C337B4961</key>
		<dict>
			<key>children</key>
			<array>
				<string>3C9E6CAEE6312C6110CAE51B</string>
			</array>
			<key>isa</key>
			<string>PBXGroup</string>
			<key>name</key>
			<string>Module</string>
			<key>path</key>
			<string>Module</string>
			<key>sourceTree</key>
			<string>&lt;group&gt;</string>
		</dict>
		<key>A5ED6762F99E65C655D787FA</key>
		<dict>
			<key>includeInIndex</key>
			<string>1</string>
			<key>isa</key>
			<string>PBXFileReference</string>
			<key>lastKnownFileType</key>
			<string>sourcecode.swift</string>
			<key>path</key>
			<string>NNListModule.swift</string>
			<key>sourceTree</key>
			<string>&lt;group&gt;</string>
		</dict>
		<key>A6C3843013B3C30D8AF6B751</key>
		<dict>
			<key>fileRef</key>
			<string>6171C5D693875AC77C18D294</string>
			<key>isa</key>
			<string>PBXBuildFile</string>
		</dict>
		<key>A7AB3F98148636B3448D08F6</key>
		<dict>
			<key>fileRef</key>
			<string>B03C7FB589C61DE82072F287</string>
			<key>isa</key>
			<string>PBXBuildFile</string>
		</dict>
		<key>A94BD20BC871903595C559F4</key>
		<dict>
			<key>children</key>
			<array>
				<string>DA7907F32D34CC9ABF79A91A</string>
			</array>
			<key>isa</key>
			<string>PBXGroup</string>
			<key>name</key>
			<string>Interactor</string>
			<key>path</key>
			<string>Interactor</string>
			<key>sourceTree</key>
			<string>&lt;group&gt;</string>
		</dict>
		<key>AB7789E0F0ABEEE2EA47FBB0</key>
		<dict>
			<key>fileRef</key>
			<string>9F8DC065878182DB65D15F9D</string>
			<key>isa</key>
			<string>PBXBuildFile</string>
		</dict>
		<key>ABCA0A1D3FE3B3B9B14FA4B3</key>
		<dict>
			<key>fileRef</key>
			<string>2DE92520FC38D311480913E6</string>
			<key>isa</key>
			<string>PBXBuildFile</string>
		</dict>
		<key>ACD2B8BAE8204E577E64AD69</key>
		<dict>
			<key>children</key>
			<array>
				<string>B03C7FB589C61DE82072F287</string>
				<string>64190C7A721CD4C08AA0FD45</string>
				<string>189068FB269E0E5C21E10A19</string>
			</array>
			<key>isa</key>
			<string>PBXGroup</string>
			<key>path</key>
			<string>Split</string>
			<key>sourceTree</key>
			<string>&lt;group&gt;</string>
		</dict>
		<key>ACD673E2E6F8FB726215F85A</key>
		<dict>
			<key>fileRef</key>
			<string>DA7907F32D34CC9ABF79A91A</string>
			<key>isa</key>
			<string>PBXBuildFile</string>
		</dict>
		<key>B03C7FB589C61DE82072F287</key>
		<dict>
			<key>includeInIndex</key>
			<string>1</string>
			<key>isa</key>
			<string>PBXFileReference</string>
			<key>lastKnownFileType</key>
			<string>sourcecode.swift</string>
			<key>path</key>
			<string>NNSplitProtocols.swift</string>
			<key>sourceTree</key>
			<string>&lt;group&gt;</string>
		</dict>
		<key>B138087B191A7F16375B7712</key>
		<dict>
			<key>children</key>
			<array>
				<string>B9C854C6B50D0CE12BB3A06D</string>
				<string>1E5320D0A71F22E55436AEAB</string>
				<string>5E25A83670E89706883F7AFA</string>
				<string>D4402D7C191237BEF0D9DCDD</string>
			</array>
			<key>isa</key>
			<string>PBXGroup</string>
			<key>name</key>
			<string>Application Logic</string>
			<key>path</key>
			<string>Application Logic</string>
			<key>sourceTree</key>
			<string>&lt;group&gt;</string>
		</dict>
		<key>B3D6C1DF7C2BE3B4DDF63238</key>
		<dict>
			<key>children</key>
			<array>
				<string>417635F7E3942CCFBE537BC1</string>
				<string>C13EF8902EECA38C38514ACB</string>
				<string>461CBE590F8E2D70D94C0BDE</string>
			</array>
			<key>isa</key>
			<string>PBXGroup</string>
			<key>path</key>
			<string>EmptyDetail</string>
			<key>sourceTree</key>
			<string>&lt;group&gt;</string>
		</dict>
		<key>B45B042E693B2113C507FB4F</key>
		<dict>
			<key>fileRef</key>
			<string>4C29AFC7FA1128E46CFF8A14</string>
			<key>isa</key>
			<string>PBXBuildFile</string>
		</dict>
		<key>B8E3DC5D9D20CE9B58CCB7B2</key>
		<dict>
			<key>includeInIndex</key>
			<string>1</string>
			<key>isa</key>
			<string>PBXFileReference</string>
			<key>lastKnownFileType</key>
			<string>sourcecode.swift</string>
			<key>path</key>
			<string>NNListViewController.swift</string>
			<key>sourceTree</key>
			<string>&lt;group&gt;</string>
		</dict>
		<key>B94507DD290950C4C7A85F88</key>
		<dict>
			<key>children</key>
			<array>
				<string>2A9C373F436923AE63C4F8AF</string>
			</array>
			<key>isa</key>
			<string>PBXGroup</string>
			<key>name</key>
			<string>Module</string>
			<key>path</key>
			<string>Module</string>
			<key>sourceTree</key>
			<string>&lt;group&gt;</string>
		</dict>
		<key>B9C854C6B50D0CE12BB3A06D</key>
		<dict>
			<key>children</key>
			<array>
				<string>2DCB8DE3FE4017685BAC042A</string>
			</array>
			<key>isa</key>
			<string>PBXGroup</string>
			<key>name</key>
			<string>Module</string>
			<key>path</key>
			<string>Module</string>
			<key>sourceTree</key>
			<string>&lt;group&gt;</string>
		</dict>
		<key>BA31FBF7A3F3463CE5428B73</key>
		<dict>
			<key>includeInIndex</key>
			<string>1</string>
			<key>isa</key>
			<string>PBXFileReference</string>
			<key>lastKnownFileType</key>
			<string>sourcecode.swift</string>
			<key>path</key>
			<string>NNListCell.swift</string>
			<key>sourceTree</key>
			<string>&lt;group&gt;</string>
		</dict>
		<key>BD71612E1E03EDA7E9601E22</key>
		<dict>
			<key>children</key>
			<array>
				<string>FFB5467BF87EBC9693720B30</string>
			</array>
			<key>isa</key>
			<string>PBXGroup</string>
			<key>name</key>
			<string>Presenter</string>
			<key>path</key>
			<string>Presenter</string>
			<key>sourceTree</key>
			<string>&lt;group&gt;</string>
		</dict>
		<key>BDA76A62058F885A8CB5C3F3</key>
		<dict>
			<key>fileRef</key>
			<string>0AED45D3BAED6A347DCB4B95</string>
			<key>isa</key>
			<string>PBXBuildFile</string>
		</dict>
		<key>BE5BE6F716B650E7B5CF2FD1</key>
		<dict>
			<key>fileRef</key>
			<string>B8E3DC5D9D20CE9B58CCB7B2</string>
			<key>isa</key>
			<string>PBXBuildFile</string>
		</dict>
		<key>C13EF8902EECA38C38514ACB</key>
		<dict>
			<key>children</key>
			<array>
				<string>A94BD20BC871903595C559F4</string>
				<string>C4545AB3E2BF831E3A320A1B</string>
			</array>
			<key>isa</key>
			<string>PBXGroup</string>
			<key>name</key>
			<string>Application Logic</string>
			<key>path</key>
			<string>Application Logic</string>
			<key>sourceTree</key>
			<string>&lt;group&gt;</string>
		</dict>
		<key>C4545AB3E2BF831E3A320A1B</key>
		<dict>
			<key>children</key>
			<array>
				<string>690691ADCF918ACAF30BE92E</string>
			</array>
			<key>isa</key>
			<string>PBXGroup</string>
			<key>name</key>
			<string>Module</string>
			<key>path</key>
			<string>Module</string>
			<key>sourceTree</key>
			<string>&lt;group&gt;</string>
		</dict>
		<key>C7E89972EC4F164DC3C5AA27</key>
		<dict>
			<key>fileRef</key>
			<string>2A9C373F436923AE63C4F8AF</string>
			<key>isa</key>
			<string>PBXBuildFile</string>
		</dict>
		<key>CAEE33EF486A3EC864A9E360</key>
		<dict>
			<key>children</key>
			<array>
				<string>DD773233678FF45D2763D2B2</string>
			</array>
			<key>isa</key>
			<string>PBXGroup</string>
			<key>path</key>
			<string>VIPER</string>
			<key>sourceTree</key>
			<string>&lt;group&gt;</string>
		</dict>
		<key>CFBB877D6AA4A4B0A2FD0523</key>
		<dict>
			<key>children</key>
			<array>
				<string>1F59BE7AA62C82714F51CBBC</string>
			</array>
			<key>isa</key>
			<string>PBXGroup</string>
			<key>name</key>
			<string>Model</string>
			<key>path</key>
			<string>Model</string>
			<key>sourceTree</key>
			<string>&lt;group&gt;</string>
		</dict>
		<key>D3434190D3A135F1E79F8F97</key>
		<dict>
			<key>children</key>
			<array>
				<string>CAEE33EF486A3EC864A9E360</string>
				<string>ACD2B8BAE8204E577E64AD69</string>
				<string>D65B484DC3396D96664CA98F</string>
				<string>0CEA961FF51C8613BB1B349B</string>
				<string>B3D6C1DF7C2BE3B4DDF63238</string>
				<string>5C5A9FF66B704EEED6683D8F</string>
				<string>4B9424387C68CD3800622D99</string>
			</array>
			<key>isa</key>
			<string>PBXGroup</string>
			<key>path</key>
			<string>Modules</string>
			<key>sourceTree</key>
			<string>&lt;group&gt;</string>
		</dict>
		<key>D4402D7C191237BEF0D9DCDD</key>
		<dict>
			<key>children</key>
			<array>
				<string>4C29AFC7FA1128E46CFF8A14</string>
			</array>
			<key>isa</key>
			<string>PBXGroup</string>
			<key>name</key>
			<string>Manager</string>
			<key>path</key>
			<string>Manager</string>
			<key>sourceTree</key>
			<string>&lt;group&gt;</string>
		</dict>
		<key>D65B484DC3396D96664CA98F</key>
		<dict>
			<key>children</key>
			<array>
				<string>A1B0B0481E19E0125D5E50B6</string>
				<string>B138087B191A7F16375B7712</string>
				<string>E040A628A9CFAEC81B714DDE</string>
			</array>
			<key>isa</key>
			<string>PBXGroup</string>
			<key>path</key>
			<string>List</string>
			<key>sourceTree</key>
			<string>&lt;group&gt;</string>
		</dict>
		<key>D8AE2FA0DC17375A3A891478</key>
		<dict>
			<key>fileRef</key>
			<string>F9651C85E27036808075E353</string>
			<key>isa</key>
			<string>PBXBuildFile</string>
		</dict>
		<key>D90126AB8EAD3D187C0EDB76</key>
		<dict>
			<key>fileRef</key>
			<string>38D4827214392E5F0D1B45E5</string>
			<key>isa</key>
			<string>PBXBuildFile</string>
		</dict>
		<key>DA44BBBEE708D772F93F4270</key>
		<dict>
			<key>includeInIndex</key>
			<string>1</string>
			<key>isa</key>
			<string>PBXFileReference</string>
			<key>lastKnownFileType</key>
			<string>sourcecode.swift</string>
			<key>path</key>
			<string>NNDetailInteractor.swift</string>
			<key>sourceTree</key>
			<string>&lt;group&gt;</string>
		</dict>
		<key>DA7907F32D34CC9ABF79A91A</key>
		<dict>
			<key>includeInIndex</key>
			<string>1</string>
			<key>isa</key>
			<string>PBXFileReference</string>
			<key>lastKnownFileType</key>
			<string>sourcecode.swift</string>
			<key>path</key>
			<string>NNEmptyDetailInteractor.swift</string>
			<key>sourceTree</key>
			<string>&lt;group&gt;</string>
		</dict>
		<key>DCA063D898A2F12482F4B398</key>
		<dict>
			<key>fileRef</key>
			<string>322650F25CA0CA3B021B88F6</string>
			<key>isa</key>
			<string>PBXBuildFile</string>
		</dict>
		<key>DD773233678FF45D2763D2B2</key>
		<dict>
			<key>includeInIndex</key>
			<string>1</string>
			<key>isa</key>
			<string>PBXFileReference</string>
			<key>lastKnownFileType</key>
			<string>sourcecode.swift</string>
			<key>path</key>
			<string>NNVIPERProtocols.swift</string>
			<key>sourceTree</key>
			<string>&lt;group&gt;</string>
		</dict>
		<key>E00140BAFC9481900BE9E7A4</key>
		<dict>
			<key>children</key>
			<array>
				<string>F12611C6B5A0A371EEF35EF3</string>
				<string>7DFFD5562CD8808E275852C9</string>
			</array>
			<key>isa</key>
			<string>PBXGroup</string>
			<key>name</key>
			<string>User Interface</string>
			<key>path</key>
			<string>User Interface</string>
			<key>sourceTree</key>
			<string>&lt;group&gt;</string>
		</dict>
		<key>E040A628A9CFAEC81B714DDE</key>
		<dict>
			<key>children</key>
			<array>
				<string>ED457C7B417A82E43C010BB3</string>
				<string>740D8F8DC3568E9A10EF7C87</string>
			</array>
			<key>isa</key>
			<string>PBXGroup</string>
			<key>name</key>
			<string>User Interface</string>
			<key>path</key>
			<string>User Interface</string>
			<key>sourceTree</key>
			<string>&lt;group&gt;</string>
		</dict>
		<key>EC290ACE142849E90DCAA640</key>
		<dict>
			<key>children</key>
			<array>
				<string>76CC1E8576FD8C99FCA5DB6C</string>
			</array>
			<key>isa</key>
			<string>PBXGroup</string>
			<key>name</key>
			<string>Module</string>
			<key>path</key>
			<string>Module</string>
			<key>sourceTree</key>
			<string>&lt;group&gt;</string>
		</dict>
		<key>ED457C7B417A82E43C010BB3</key>
		<dict>
			<key>children</key>
			<array>
				<string>0AED45D3BAED6A347DCB4B95</string>
			</array>
			<key>isa</key>
			<string>PBXGroup</string>
			<key>name</key>
			<string>Presenter</string>
			<key>path</key>
			<string>Presenter</string>
			<key>sourceTree</key>
			<string>&lt;group&gt;</string>
		</dict>
		<key>EF6DACC0258FA849E5BEBEF9</key>
		<dict>
			<key>includeInIndex</key>
			<string>1</string>
			<key>isa</key>
			<string>PBXFileReference</string>
			<key>lastKnownFileType</key>
			<string>file.xib</string>
			<key>path</key>
			<string>NNListViewController.xib</string>
			<key>sourceTree</key>
			<string>&lt;group&gt;</string>
		</dict>
		<key>EFBBDD88A54F3F76C6C37C15</key>
		<dict>
			<key>includeInIndex</key>
			<string>1</string>
			<key>isa</key>
			<string>PBXFileReference</string>
			<key>lastKnownFileType</key>
			<string>file.xib</string>
			<key>path</key>
			<string>NNListViewController.xib</string>
			<key>sourceTree</key>
			<string>&lt;group&gt;</string>
		</dict>
		<key>F12611C6B5A0A371EEF35EF3</key>
		<dict>
			<key>children</key>
			<array>
				<string>355E71F56C18AFC6C14FD230</string>
			</array>
			<key>isa</key>
			<string>PBXGroup</string>
			<key>name</key>
			<string>Presenter</string>
			<key>path</key>
			<string>Presenter</string>
			<key>sourceTree</key>
			<string>&lt;group&gt;</string>
		</dict>
		<key>F20C15D00E9FD6957E937E19</key>
		<dict>
			<key>fileRef</key>
			<string>62974AF452D8CC2FE712F17B</string>
			<key>isa</key>
			<string>PBXBuildFile</string>
		</dict>
		<key>F95987434B9FE197CF2A744D</key>
		<dict>
			<key>includeInIndex</key>
			<string>1</string>
			<key>isa</key>
			<string>PBXFileReference</string>
			<key>lastKnownFileType</key>
			<string>sourcecode.swift</string>
			<key>path</key>
			<string>NNIPhoneLauncherIPhoneLauncherTemplate.swift</string>
			<key>sourceTree</key>
			<string>&lt;group&gt;</string>
		</dict>
		<key>F9651C85E27036808075E353</key>
		<dict>
			<key>includeInIndex</key>
			<string>1</string>
			<key>isa</key>
			<string>PBXFileReference</string>
			<key>lastKnownFileType</key>
			<string>sourcecode.swift</string>
			<key>path</key>
			<string>NNIPadLauncherProtocols.swift</string>
			<key>sourceTree</key>
			<string>&lt;group&gt;</string>
		</dict>
		<key>F986453F0909B7A4C8FA0004</key>
		<dict>
			<key>children</key>
			<array>
				<string>9F8DC065878182DB65D15F9D</string>
			</array>
			<key>isa</key>
			<string>PBXGroup</string>
			<key>name</key>
			<string>View</string>
			<key>path</key>
			<string>View</string>
			<key>sourceTree</key>
			<string>&lt;group&gt;</string>
		</dict>
		<key>FFB5467BF87EBC9693720B30</key>
		<dict>
			<key>includeInIndex</key>
			<string>1</string>
			<key>isa</key>
			<string>PBXFileReference</string>
			<key>lastKnownFileType</key>
			<string>sourcecode.swift</string>
			<key>path</key>
			<string>NNSplitPresenter.swift</string>
			<key>sourceTree</key>
			<string>&lt;group&gt;</string>
		</dict>
	</dict>
	<key>rootObject</key>
	<string>1DF2384C1CB24DB700FFEFA5</string>
</dict>
</plist>
